
Microsoft Visual Studio Solution File, Format Version 10.00
# Visual Studio 2008
Project("{E24C65DC-7377-472B-9ABA-BC803B73C61A}") = "Argix08.Imaging.Web", "Argix08.User\Argix08.Imaging.Web", "{ED535B91-EAAB-4C26-B32F-BEC9BFF0EECA}"
	ProjectSection(WebsiteProperties) = preProject
		SccProjectName = ""$/Argix08/Argix08.User/Argix08.Imaging.Web", UKCBAAAA"
		SccAuxPath = ""
		SccLocalPath = "."
		SccProvider = "MSSCCI:Microsoft Visual SourceSafe"
		TargetFramework = "3.5"
		Debug.AspNetCompiler.VirtualPath = "/Imaging"
		Debug.AspNetCompiler.PhysicalPath = "Argix08.User\Argix08.Imaging.Web\"
		Debug.AspNetCompiler.TargetPath = "..\..\..\inetpub\wwwroot\Argix08\Imaging\"
		Debug.AspNetCompiler.Updateable = "true"
		Debug.AspNetCompiler.ForceOverwrite = "true"
		Debug.AspNetCompiler.FixedNames = "false"
		Debug.AspNetCompiler.Debug = "True"
		Release.AspNetCompiler.VirtualPath = "/Imaging"
		Release.AspNetCompiler.PhysicalPath = "Argix08.User\Argix08.Imaging.Web\"
		Release.AspNetCompiler.TargetPath = "..\..\..\inetpub\wwwroot\Argix08\Imaging\"
		Release.AspNetCompiler.Updateable = "true"
		Release.AspNetCompiler.ForceOverwrite = "true"
		Release.AspNetCompiler.FixedNames = "false"
		Release.AspNetCompiler.Debug = "False"
		VWDPort = "23819"
		StartServerOnDebug = "false"
	EndProjectSection
EndProject
Project("{E24C65DC-7377-472B-9ABA-BC803B73C61A}") = "Argix08.GlobalServices", "Argix08.Services\Argix08.GlobalServices", "{3FF6250E-23F2-4D0E-8EB4-347EE75560DE}"
	ProjectSection(WebsiteProperties) = preProject
		SccProjectName = ""$/Argix08/Argix08.Services/Argix08.GlobalServices", KUCBAAAA"
		SccAuxPath = ""
		SccLocalPath = "."
		SccProvider = "MSSCCI:Microsoft Visual SourceSafe"
		TargetFramework = "3.5"
		Debug.AspNetCompiler.VirtualPath = "/Argix08.GlobalServices"
		Debug.AspNetCompiler.PhysicalPath = "Argix08.Services\Argix08.GlobalServices\"
		Debug.AspNetCompiler.TargetPath = "PrecompiledWeb\Argix08.GlobalServices\"
		Debug.AspNetCompiler.Updateable = "true"
		Debug.AspNetCompiler.ForceOverwrite = "true"
		Debug.AspNetCompiler.FixedNames = "false"
		Debug.AspNetCompiler.Debug = "True"
		Release.AspNetCompiler.VirtualPath = "/Argix08.GlobalServices"
		Release.AspNetCompiler.PhysicalPath = "Argix08.Services\Argix08.GlobalServices\"
		Release.AspNetCompiler.TargetPath = "PrecompiledWeb\Argix08.GlobalServices\"
		Release.AspNetCompiler.Updateable = "true"
		Release.AspNetCompiler.ForceOverwrite = "true"
		Release.AspNetCompiler.FixedNames = "false"
		Release.AspNetCompiler.Debug = "False"
		VWDPort = "62775"
		StartServerOnDebug = "false"
	EndProjectSection
EndProject
Project("{E24C65DC-7377-472B-9ABA-BC803B73C61A}") = "Tsort08.Barcodes.Web", "Argix08.Tsort\Tsort08.Utilities\Tsort08.Barcodes.Web", "{0FB532C4-5F6C-4FF5-8BB2-F5852ADF213C}"
	ProjectSection(WebsiteProperties) = preProject
		SccProjectName = ""$/Argix08/Argix08.Tsort/Tsort08.Utilities/Tsort08.Barcodes.Web", WIGBAAAA"
		SccAuxPath = ""
		SccLocalPath = "."
		SccProvider = "MSSCCI:Microsoft Visual SourceSafe"
		TargetFramework = "3.5"
		Debug.AspNetCompiler.VirtualPath = "/Tsort08.Barcodes.Web"
		Debug.AspNetCompiler.PhysicalPath = "Argix08.Tsort\Tsort08.Utilities\Tsort08.Barcodes.Web\"
		Debug.AspNetCompiler.TargetPath = "PrecompiledWeb\Tsort08.Barcodes.Web\"
		Debug.AspNetCompiler.Updateable = "true"
		Debug.AspNetCompiler.ForceOverwrite = "true"
		Debug.AspNetCompiler.FixedNames = "false"
		Debug.AspNetCompiler.Debug = "True"
		Release.AspNetCompiler.VirtualPath = "/Tsort08.Barcodes.Web"
		Release.AspNetCompiler.PhysicalPath = "Argix08.Tsort\Tsort08.Utilities\Tsort08.Barcodes.Web\"
		Release.AspNetCompiler.TargetPath = "PrecompiledWeb\Tsort08.Barcodes.Web\"
		Release.AspNetCompiler.Updateable = "true"
		Release.AspNetCompiler.ForceOverwrite = "true"
		Release.AspNetCompiler.FixedNames = "false"
		Release.AspNetCompiler.Debug = "False"
		VWDPort = "51192"
		StartServerOnDebug = "false"
	EndProjectSection
EndProject
Project("{E24C65DC-7377-472B-9ABA-BC803B73C61A}") = "Tsort08.TLViewer.Web", "Argix08.Tsort\Tsort08.User\Tsort08.TLViewer.Web", "{656C36A2-34CA-4C30-8D8A-62530EAEA613}"
	ProjectSection(WebsiteProperties) = preProject
		SccProjectName = ""$/Argix08/Argix08.Tsort/Tsort08.User/Tsort08.TLViewer.Web", SSVAAAAA"
		SccAuxPath = ""
		SccLocalPath = "."
		SccProvider = "MSSCCI:Microsoft Visual SourceSafe"
		TargetFramework = "3.5"
		Debug.AspNetCompiler.VirtualPath = "/Tsort08.TLViewer.Web"
		Debug.AspNetCompiler.PhysicalPath = "Argix08.Tsort\Tsort08.User\Tsort08.TLViewer.Web\"
		Debug.AspNetCompiler.TargetPath = "PrecompiledWeb\Tsort08.TLViewer.Web\"
		Debug.AspNetCompiler.Updateable = "true"
		Debug.AspNetCompiler.ForceOverwrite = "true"
		Debug.AspNetCompiler.FixedNames = "false"
		Debug.AspNetCompiler.Debug = "True"
		Release.AspNetCompiler.VirtualPath = "/Tsort08.TLViewer.Web"
		Release.AspNetCompiler.PhysicalPath = "Argix08.Tsort\Tsort08.User\Tsort08.TLViewer.Web\"
		Release.AspNetCompiler.TargetPath = "PrecompiledWeb\Tsort08.TLViewer.Web\"
		Release.AspNetCompiler.Updateable = "true"
		Release.AspNetCompiler.ForceOverwrite = "true"
		Release.AspNetCompiler.FixedNames = "false"
		Release.AspNetCompiler.Debug = "False"
		VWDPort = "51193"
		StartServerOnDebug = "false"
	EndProjectSection
EndProject
Project("{FAE04EC0-301F-11D3-BF4B-00C04F79EFBC}") = "Tsort08.IndirectFreightAssign.Win", "Argix08.Tsort\Tsort08.User\Tsort08.IndirectFreightAssign.Win\Tsort08.IndirectFreightAssign.Win.csproj", "{015B936C-014B-4CE1-8801-D739DBB2BD2E}"
EndProject
Project("{FAE04EC0-301F-11D3-BF4B-00C04F79EFBC}") = "Tsort08.IndirectSort.Win", "Argix08.Tsort\Tsort08.User\Tsort08.IndirectSort.Win\Tsort08.IndirectSort.Win.csproj", "{5E73CA24-4A01-4428-A75C-82EC8EF8AFB1}"
EndProject
Project("{FAE04EC0-301F-11D3-BF4B-00C04F79EFBC}") = "Tsort08.InStoreLabels.Win", "Argix08.Tsort\Tsort08.Utilities\Tsort08.InStoreLabels\Tsort08.InStoreLabels.Win.csproj", "{51DBB241-1D68-44B9-B534-AC6C68664DC1}"
EndProject
Project("{FAE04EC0-301F-11D3-BF4B-00C04F79EFBC}") = "Tsort08.FreightAssign.Win", "Argix08.Tsort\Tsort08.User\Tsort08.FreightAssign.Win\Tsort08.FreightAssign.Win.csproj", "{A700A248-777D-4A94-B1C8-30B5A9F28D4B}"
EndProject
Project("{FAE04EC0-301F-11D3-BF4B-00C04F79EFBC}") = "Tsort08.TLViewer.Win", "Argix08.Tsort\Tsort08.User\Tsort08.TLViewer.Win\Tsort08.TLViewer.Win.csproj", "{CB557B55-5CC4-42E6-BF90-BDCA311E9641}"
EndProject
Project("{FAE04EC0-301F-11D3-BF4B-00C04F79EFBC}") = "Tsort08.ZoneClosing.Win", "Argix08.Tsort\Tsort08.User\Tsort08.ZoneClosing.Win\Tsort08.ZoneClosing.Win.csproj", "{F02FC661-2705-400F-A488-049F23F31436}"
EndProject
Project("{FAE04EC0-301F-11D3-BF4B-00C04F79EFBC}") = "Tsort08.Devices.Lib", "Argix08.Tsort\Tsort08.Services\Tsort08.Devices.Lib\Tsort08.Devices.Lib.csproj", "{A1CB331C-E3D3-4659-B2DA-C81BE5BC2193}"
EndProject
Project("{FAE04EC0-301F-11D3-BF4B-00C04F79EFBC}") = "Tsort08.Labels.Lib", "Argix08.Tsort\Tsort08.Services\Tsort08.Labels.Lib\Tsort08.Labels.Lib.csproj", "{250ADF76-FD46-4900-BFDD-A4D066327C2D}"
EndProject
Project("{FAE04EC0-301F-11D3-BF4B-00C04F79EFBC}") = "Tsort08.PandA.Lib", "Argix08.Tsort\Tsort08.Services\Tsort08.PandA.Lib\Tsort08.PandA.Lib.csproj", "{22B6E054-56A2-4A14-87B9-BE694A86972D}"
EndProject
Project("{FAE04EC0-301F-11D3-BF4B-00C04F79EFBC}") = "Tsort08.StatisticalSampling.Win", "Argix08.Tsort\Tsort08.User\Tsort08.StatisticalSampling.Win\Tsort08.StatisticalSampling.Win.csproj", "{A8F43A0A-E4C7-46BF-B054-7D748FFF4EC2}"
EndProject
Project("{E24C65DC-7377-472B-9ABA-BC803B73C61A}") = "Tsort08.LoadTenders.Web", "Argix08.Tsort\Tsort08.User\Tsort08.LoadTenders.Web", "{EB6F0FF4-C392-498F-84FD-56EDFB0F78C3}"
	ProjectSection(WebsiteProperties) = preProject
		SccProjectName = ""$/Argix08/Argix08.Tsort/Tsort08.User/Tsort08.LoadTenders.Web", WBIBAAAA"
		SccAuxPath = ""
		SccLocalPath = "."
		SccProvider = "MSSCCI:Microsoft Visual SourceSafe"
		TargetFramework = "3.5"
		Debug.AspNetCompiler.VirtualPath = "/Tsort08.LoadTenders.Web"
		Debug.AspNetCompiler.PhysicalPath = "Argix08.Tsort\Tsort08.User\Tsort08.LoadTenders.Web\"
		Debug.AspNetCompiler.TargetPath = "PrecompiledWeb\Tsort08.LoadTenders.Web\"
		Debug.AspNetCompiler.Updateable = "true"
		Debug.AspNetCompiler.ForceOverwrite = "true"
		Debug.AspNetCompiler.FixedNames = "false"
		Debug.AspNetCompiler.Debug = "True"
		Release.AspNetCompiler.VirtualPath = "/Tsort08.LoadTenders.Web"
		Release.AspNetCompiler.PhysicalPath = "Argix08.Tsort\Tsort08.User\Tsort08.LoadTenders.Web\"
		Release.AspNetCompiler.TargetPath = "PrecompiledWeb\Tsort08.LoadTenders.Web\"
		Release.AspNetCompiler.Updateable = "true"
		Release.AspNetCompiler.ForceOverwrite = "true"
		Release.AspNetCompiler.FixedNames = "false"
		Release.AspNetCompiler.Debug = "False"
		VWDPort = "23824"
	EndProjectSection
EndProject
Global
	GlobalSection(SourceCodeControl) = preSolution
		SccNumberOfProjects = 15
		SccWebProject0 = true
		SccProjectUniqueName0 = Argix08.User\\Argix08.Imaging.Web
		SccProjectName0 = \u0022$/Argix08/Argix08.User/Argix08.Imaging.Web\u0022,\u0020UKCBAAAA
		SccLocalPath0 = C:\\Data\\Projects\\Argix08\\Argix08.User\\Argix08.Imaging.Web
		SccProvider0 = MSSCCI:Microsoft\u0020Visual\u0020SourceSafe
		SccProjectEnlistmentChoice0 = 2
		SccWebProject1 = true
		SccProjectUniqueName1 = Argix08.Services\\Argix08.GlobalServices
		SccProjectName1 = \u0022$/Argix08/Argix08.Services/Argix08.GlobalServices\u0022,\u0020KUCBAAAA
		SccLocalPath1 = C:\\Data\\Projects\\Argix08\\Argix08.Services\\Argix08.GlobalServices
		SccProvider1 = MSSCCI:Microsoft\u0020Visual\u0020SourceSafe
		SccProjectEnlistmentChoice1 = 2
		SccWebProject2 = true
		SccProjectUniqueName2 = Argix08.Tsort\\Tsort08.User\\Tsort08.TLViewer.Web
		SccProjectName2 = \u0022$/Argix08/Argix08.Tsort/Tsort08.User/Tsort08.TLViewer.Web\u0022,\u0020SSVAAAAA
		SccLocalPath2 = C:\\Data\\Projects\\Argix08\\Argix08.Tsort\\Tsort08.User\\Tsort08.TLViewer.Web
		SccProvider2 = MSSCCI:Microsoft\u0020Visual\u0020SourceSafe
		SccProjectEnlistmentChoice2 = 2
		SccProjectUniqueName3 = Argix08.Tsort\\Tsort08.User\\Tsort08.IndirectFreightAssign.Win\\Tsort08.IndirectFreightAssign.Win.csproj
		SccProjectName3 = \u0022$/Argix08/Argix08.Tsort/Tsort08.User/Tsort08.IndirectFreightAssign.Win\u0022,\u0020JLGBAAAA
		SccLocalPath3 = Argix08.Tsort\\Tsort08.User\\Tsort08.IndirectFreightAssign.Win
		SccProvider3 = MSSCCI:Microsoft\u0020Visual\u0020SourceSafe
		SccProjectUniqueName4 = Argix08.Tsort\\Tsort08.User\\Tsort08.IndirectSort.Win\\Tsort08.IndirectSort.Win.csproj
		SccProjectName4 = \u0022$/Argix08/Argix08.Tsort/Tsort08.User/Tsort08.IndirectSort.Win\u0022,\u0020MUHBAAAA
		SccLocalPath4 = Argix08.Tsort\\Tsort08.User\\Tsort08.IndirectSort.Win
		SccProvider4 = MSSCCI:Microsoft\u0020Visual\u0020SourceSafe
		SccProjectUniqueName5 = Argix08.Tsort\\Tsort08.Utilities\\Tsort08.InStoreLabels\\Tsort08.InStoreLabels.Win.csproj
		SccProjectName5 = \u0022$/Argix08/Argix08.Tsort/Tsort08.User/Tsort08.InStoreLabels.Win\u0022,\u0020FOGBAAAA
		SccLocalPath5 = Argix08.Tsort\\Tsort08.Utilities\\Tsort08.InStoreLabels
		SccProvider5 = MSSCCI:Microsoft\u0020Visual\u0020SourceSafe
		SccProjectUniqueName6 = Argix08.Tsort\\Tsort08.User\\Tsort08.FreightAssign.Win\\Tsort08.FreightAssign.Win.csproj
		SccProjectName6 = \u0022$/Argix08/Argix08.Tsort/Tsort08.User/Tsort08.FreightAssign.Win\u0022,\u0020EGVAAAAA
		SccLocalPath6 = Argix08.Tsort\\Tsort08.User\\Tsort08.FreightAssign.Win
		SccProvider6 = MSSCCI:Microsoft\u0020Visual\u0020SourceSafe
		SccProjectUniqueName7 = Argix08.Tsort\\Tsort08.User\\Tsort08.TLViewer.Win\\Tsort08.TLViewer.Win.csproj
		SccProjectName7 = \u0022$/Argix08/Argix08.Tsort/Tsort08.User/Tsort08.TLViewer.Win\u0022,\u0020IRVAAAAA
		SccLocalPath7 = Argix08.Tsort\\Tsort08.User\\Tsort08.TLViewer.Win
		SccProvider7 = MSSCCI:Microsoft\u0020Visual\u0020SourceSafe
		SccProjectUniqueName8 = Argix08.Tsort\\Tsort08.User\\Tsort08.ZoneClosing.Win\\Tsort08.ZoneClosing.Win.csproj
		SccProjectName8 = \u0022$/Argix08/Argix08.Tsort/Tsort08.User/Tsort08.ZoneClosing.Win\u0022,\u0020OIVAAAAA
		SccLocalPath8 = Argix08.Tsort\\Tsort08.User\\Tsort08.ZoneClosing.Win
		SccProvider8 = MSSCCI:Microsoft\u0020Visual\u0020SourceSafe
		SccProjectUniqueName9 = Argix08.Tsort\\Tsort08.Services\\Tsort08.Devices.Lib\\Tsort08.Devices.Lib.csproj
		SccProjectName9 = \u0022$/Argix08/Argix08.Tsort/Tsort08.Services/Tsort08.Devices.Lib\u0022,\u0020KGWAAAAA
		SccLocalPath9 = Argix08.Tsort\\Tsort08.Services\\Tsort08.Devices.Lib
		SccProvider9 = MSSCCI:Microsoft\u0020Visual\u0020SourceSafe
		SccProjectUniqueName10 = Argix08.Tsort\\Tsort08.Services\\Tsort08.Labels.Lib\\Tsort08.Labels.Lib.csproj
		SccProjectName10 = \u0022$/Argix08/Argix08.Tsort/Tsort08.Services/Tsort08.Labels.Lib\u0022,\u0020NGWAAAAA
		SccLocalPath10 = Argix08.Tsort\\Tsort08.Services\\Tsort08.Labels.Lib
		SccProvider10 = MSSCCI:Microsoft\u0020Visual\u0020SourceSafe
		SccProjectUniqueName11 = Argix08.Tsort\\Tsort08.Services\\Tsort08.PandA.Lib\\Tsort08.PandA.Lib.csproj
		SccProjectName11 = \u0022$/Argix08/Argix08.Tsort/Tsort08.Services/Tsort08.PandA.Lib\u0022,\u0020QGWAAAAA
		SccLocalPath11 = Argix08.Tsort\\Tsort08.Services\\Tsort08.PandA.Lib
		SccProvider11 = MSSCCI:Microsoft\u0020Visual\u0020SourceSafe
		SccProjectUniqueName12 = Argix08.Tsort\\Tsort08.User\\Tsort08.StatisticalSampling.Win\\Tsort08.StatisticalSampling.Win.csproj
		SccProjectName12 = \u0022$/Argix08/Argix08.Tsort/Tsort08.User/Tsort08.StatisticalSampling.Win\u0022,\u0020QPGBAAAA
		SccLocalPath12 = Argix08.Tsort\\Tsort08.User\\Tsort08.StatisticalSampling.Win
		SccProvider12 = MSSCCI:Microsoft\u0020Visual\u0020SourceSafe
		SccWebProject13 = true
		SccProjectUniqueName13 = Argix08.Tsort\\Tsort08.User\\Tsort08.LoadTenders.Web
		SccProjectName13 = \u0022$/Argix08/Argix08.Tsort/Tsort08.User/Tsort08.LoadTenders.Web\u0022,\u0020WBIBAAAA
		SccLocalPath13 = C:\\Data\\Projects\\Argix08\\Argix08.Tsort\\Tsort08.User\\Tsort08.LoadTenders.Web
		SccProvider13 = MSSCCI:Microsoft\u0020Visual\u0020SourceSafe
		SccProjectEnlistmentChoice13 = 2
		SccWebProject14 = true
		SccProjectUniqueName14 = Argix08.Tsort\\Tsort08.Utilities\\Tsort08.Barcodes.Web
		SccProjectName14 = \u0022$/Argix08/Argix08.Tsort/Tsort08.Utilities/Tsort08.Barcodes.Web\u0022,\u0020WIGBAAAA
		SccLocalPath14 = C:\\Data\\Projects\\Argix08\\Argix08.Tsort\\Tsort08.Utilities\\Tsort08.Barcodes.Web
		SccProvider14 = MSSCCI:Microsoft\u0020Visual\u0020SourceSafe
		SccProjectEnlistmentChoice14 = 2
	EndGlobalSection
	GlobalSection(SolutionConfigurationPlatforms) = preSolution
		Debug|.NET = Debug|.NET
		Debug|Any CPU = Debug|Any CPU
		Debug|Mixed Platforms = Debug|Mixed Platforms
		Release|.NET = Release|.NET
		Release|Any CPU = Release|Any CPU
		Release|Mixed Platforms = Release|Mixed Platforms
	EndGlobalSection
	GlobalSection(ProjectConfigurationPlatforms) = postSolution
		{ED535B91-EAAB-4C26-B32F-BEC9BFF0EECA}.Debug|.NET.ActiveCfg = Debug|.NET
		{ED535B91-EAAB-4C26-B32F-BEC9BFF0EECA}.Debug|.NET.Build.0 = Debug|.NET
		{ED535B91-EAAB-4C26-B32F-BEC9BFF0EECA}.Debug|Any CPU.ActiveCfg = Debug|.NET
		{ED535B91-EAAB-4C26-B32F-BEC9BFF0EECA}.Debug|Mixed Platforms.ActiveCfg = Debug|.NET
		{ED535B91-EAAB-4C26-B32F-BEC9BFF0EECA}.Debug|Mixed Platforms.Build.0 = Debug|.NET
		{ED535B91-EAAB-4C26-B32F-BEC9BFF0EECA}.Release|.NET.ActiveCfg = Debug|.NET
		{ED535B91-EAAB-4C26-B32F-BEC9BFF0EECA}.Release|.NET.Build.0 = Debug|.NET
		{ED535B91-EAAB-4C26-B32F-BEC9BFF0EECA}.Release|Any CPU.ActiveCfg = Debug|.NET
		{ED535B91-EAAB-4C26-B32F-BEC9BFF0EECA}.Release|Mixed Platforms.ActiveCfg = Debug|.NET
		{3FF6250E-23F2-4D0E-8EB4-347EE75560DE}.Debug|.NET.ActiveCfg = Debug|.NET
		{3FF6250E-23F2-4D0E-8EB4-347EE75560DE}.Debug|.NET.Build.0 = Debug|.NET
		{3FF6250E-23F2-4D0E-8EB4-347EE75560DE}.Debug|Any CPU.ActiveCfg = Debug|.NET
		{3FF6250E-23F2-4D0E-8EB4-347EE75560DE}.Debug|Mixed Platforms.ActiveCfg = Debug|.NET
		{3FF6250E-23F2-4D0E-8EB4-347EE75560DE}.Debug|Mixed Platforms.Build.0 = Debug|.NET
		{3FF6250E-23F2-4D0E-8EB4-347EE75560DE}.Release|.NET.ActiveCfg = Debug|.NET
		{3FF6250E-23F2-4D0E-8EB4-347EE75560DE}.Release|.NET.Build.0 = Debug|.NET
		{3FF6250E-23F2-4D0E-8EB4-347EE75560DE}.Release|Any CPU.ActiveCfg = Debug|.NET
		{3FF6250E-23F2-4D0E-8EB4-347EE75560DE}.Release|Mixed Platforms.ActiveCfg = Debug|.NET
		{0FB532C4-5F6C-4FF5-8BB2-F5852ADF213C}.Debug|.NET.ActiveCfg = Debug|Any CPU
		{0FB532C4-5F6C-4FF5-8BB2-F5852ADF213C}.Debug|Any CPU.ActiveCfg = Debug|Any CPU
		{0FB532C4-5F6C-4FF5-8BB2-F5852ADF213C}.Debug|Any CPU.Build.0 = Debug|Any CPU
		{0FB532C4-5F6C-4FF5-8BB2-F5852ADF213C}.Debug|Mixed Platforms.ActiveCfg = Debug|Any CPU
		{0FB532C4-5F6C-4FF5-8BB2-F5852ADF213C}.Debug|Mixed Platforms.Build.0 = Debug|Any CPU
		{0FB532C4-5F6C-4FF5-8BB2-F5852ADF213C}.Release|.NET.ActiveCfg = Debug|Any CPU
		{0FB532C4-5F6C-4FF5-8BB2-F5852ADF213C}.Release|Any CPU.ActiveCfg = Debug|Any CPU
		{0FB532C4-5F6C-4FF5-8BB2-F5852ADF213C}.Release|Any CPU.Build.0 = Debug|Any CPU
		{0FB532C4-5F6C-4FF5-8BB2-F5852ADF213C}.Release|Mixed Platforms.ActiveCfg = Debug|Any CPU
		{656C36A2-34CA-4C30-8D8A-62530EAEA613}.Debug|.NET.ActiveCfg = Debug|Any CPU
		{656C36A2-34CA-4C30-8D8A-62530EAEA613}.Debug|Any CPU.ActiveCfg = Debug|Any CPU
		{656C36A2-34CA-4C30-8D8A-62530EAEA613}.Debug|Any CPU.Build.0 = Debug|Any CPU
		{656C36A2-34CA-4C30-8D8A-62530EAEA613}.Debug|Mixed Platforms.ActiveCfg = Debug|Any CPU
		{656C36A2-34CA-4C30-8D8A-62530EAEA613}.Debug|Mixed Platforms.Build.0 = Debug|Any CPU
		{656C36A2-34CA-4C30-8D8A-62530EAEA613}.Release|.NET.ActiveCfg = Debug|Any CPU
		{656C36A2-34CA-4C30-8D8A-62530EAEA613}.Release|Any CPU.ActiveCfg = Debug|Any CPU
		{656C36A2-34CA-4C30-8D8A-62530EAEA613}.Release|Any CPU.Build.0 = Debug|Any CPU
		{656C36A2-34CA-4C30-8D8A-62530EAEA613}.Release|Mixed Platforms.ActiveCfg = Debug|Any CPU
		{015B936C-014B-4CE1-8801-D739DBB2BD2E}.Debug|.NET.ActiveCfg = Debug|Any CPU
		{015B936C-014B-4CE1-8801-D739DBB2BD2E}.Debug|Any CPU.ActiveCfg = Debug|Any CPU
		{015B936C-014B-4CE1-8801-D739DBB2BD2E}.Debug|Any CPU.Build.0 = Debug|Any CPU
		{015B936C-014B-4CE1-8801-D739DBB2BD2E}.Debug|Mixed Platforms.ActiveCfg = Debug|Any CPU
		{015B936C-014B-4CE1-8801-D739DBB2BD2E}.Debug|Mixed Platforms.Build.0 = Debug|Any CPU
		{015B936C-014B-4CE1-8801-D739DBB2BD2E}.Release|.NET.ActiveCfg = Release|Any CPU
		{015B936C-014B-4CE1-8801-D739DBB2BD2E}.Release|Any CPU.ActiveCfg = Release|Any CPU
		{015B936C-014B-4CE1-8801-D739DBB2BD2E}.Release|Any CPU.Build.0 = Release|Any CPU
		{015B936C-014B-4CE1-8801-D739DBB2BD2E}.Release|Mixed Platforms.ActiveCfg = Release|Any CPU
		{5E73CA24-4A01-4428-A75C-82EC8EF8AFB1}.Debug|.NET.ActiveCfg = Debug|Any CPU
		{5E73CA24-4A01-4428-A75C-82EC8EF8AFB1}.Debug|Any CPU.ActiveCfg = Debug|Any CPU
		{5E73CA24-4A01-4428-A75C-82EC8EF8AFB1}.Debug|Any CPU.Build.0 = Debug|Any CPU
		{5E73CA24-4A01-4428-A75C-82EC8EF8AFB1}.Debug|Mixed Platforms.ActiveCfg = Debug|Any CPU
		{5E73CA24-4A01-4428-A75C-82EC8EF8AFB1}.Debug|Mixed Platforms.Build.0 = Debug|Any CPU
		{5E73CA24-4A01-4428-A75C-82EC8EF8AFB1}.Release|.NET.ActiveCfg = Release|Any CPU
		{5E73CA24-4A01-4428-A75C-82EC8EF8AFB1}.Release|Any CPU.ActiveCfg = Release|Any CPU
		{5E73CA24-4A01-4428-A75C-82EC8EF8AFB1}.Release|Any CPU.Build.0 = Release|Any CPU
		{5E73CA24-4A01-4428-A75C-82EC8EF8AFB1}.Release|Mixed Platforms.ActiveCfg = Release|Any CPU
		{51DBB241-1D68-44B9-B534-AC6C68664DC1}.Debug|.NET.ActiveCfg = Debug|Any CPU
		{51DBB241-1D68-44B9-B534-AC6C68664DC1}.Debug|Any CPU.ActiveCfg = Debug|Any CPU
		{51DBB241-1D68-44B9-B534-AC6C68664DC1}.Debug|Any CPU.Build.0 = Debug|Any CPU
		{51DBB241-1D68-44B9-B534-AC6C68664DC1}.Debug|Mixed Platforms.ActiveCfg = Debug|Any CPU
		{51DBB241-1D68-44B9-B534-AC6C68664DC1}.Debug|Mixed Platforms.Build.0 = Debug|Any CPU
		{51DBB241-1D68-44B9-B534-AC6C68664DC1}.Release|.NET.ActiveCfg = Release|Any CPU
		{51DBB241-1D68-44B9-B534-AC6C68664DC1}.Release|Any CPU.ActiveCfg = Release|Any CPU
		{51DBB241-1D68-44B9-B534-AC6C68664DC1}.Release|Any CPU.Build.0 = Release|Any CPU
		{51DBB241-1D68-44B9-B534-AC6C68664DC1}.Release|Mixed Platforms.ActiveCfg = Release|Any CPU
		{A700A248-777D-4A94-B1C8-30B5A9F28D4B}.Debug|.NET.ActiveCfg = Debug|Any CPU
		{A700A248-777D-4A94-B1C8-30B5A9F28D4B}.Debug|Any CPU.ActiveCfg = Debug|Any CPU
		{A700A248-777D-4A94-B1C8-30B5A9F28D4B}.Debug|Any CPU.Build.0 = Debug|Any CPU
		{A700A248-777D-4A94-B1C8-30B5A9F28D4B}.Debug|Mixed Platforms.ActiveCfg = Debug|Any CPU
		{A700A248-777D-4A94-B1C8-30B5A9F28D4B}.Debug|Mixed Platforms.Build.0 = Debug|Any CPU
		{A700A248-777D-4A94-B1C8-30B5A9F28D4B}.Release|.NET.ActiveCfg = Release|Any CPU
		{A700A248-777D-4A94-B1C8-30B5A9F28D4B}.Release|Any CPU.ActiveCfg = Release|Any CPU
		{A700A248-777D-4A94-B1C8-30B5A9F28D4B}.Release|Any CPU.Build.0 = Release|Any CPU
		{A700A248-777D-4A94-B1C8-30B5A9F28D4B}.Release|Mixed Platforms.ActiveCfg = Release|Any CPU
		{CB557B55-5CC4-42E6-BF90-BDCA311E9641}.Debug|.NET.ActiveCfg = Debug|Any CPU
		{CB557B55-5CC4-42E6-BF90-BDCA311E9641}.Debug|Any CPU.ActiveCfg = Debug|Any CPU
		{CB557B55-5CC4-42E6-BF90-BDCA311E9641}.Debug|Any CPU.Build.0 = Debug|Any CPU
		{CB557B55-5CC4-42E6-BF90-BDCA311E9641}.Debug|Mixed Platforms.ActiveCfg = Debug|Any CPU
		{CB557B55-5CC4-42E6-BF90-BDCA311E9641}.Debug|Mixed Platforms.Build.0 = Debug|Any CPU
		{CB557B55-5CC4-42E6-BF90-BDCA311E9641}.Release|.NET.ActiveCfg = Release|Any CPU
		{CB557B55-5CC4-42E6-BF90-BDCA311E9641}.Release|Any CPU.ActiveCfg = Release|Any CPU
		{CB557B55-5CC4-42E6-BF90-BDCA311E9641}.Release|Any CPU.Build.0 = Release|Any CPU
		{CB557B55-5CC4-42E6-BF90-BDCA311E9641}.Release|Mixed Platforms.ActiveCfg = Release|Any CPU
		{CB557B55-5CC4-42E6-BF90-BDCA311E9641}.Release|Mixed Platforms.Build.0 = Release|Any CPU
		{F02FC661-2705-400F-A488-049F23F31436}.Debug|.NET.ActiveCfg = Debug|Any CPU
		{F02FC661-2705-400F-A488-049F23F31436}.Debug|Any CPU.ActiveCfg = Debug|Any CPU
		{F02FC661-2705-400F-A488-049F23F31436}.Debug|Any CPU.Build.0 = Debug|Any CPU
		{F02FC661-2705-400F-A488-049F23F31436}.Debug|Mixed Platforms.ActiveCfg = Debug|Any CPU
		{F02FC661-2705-400F-A488-049F23F31436}.Debug|Mixed Platforms.Build.0 = Debug|Any CPU
		{F02FC661-2705-400F-A488-049F23F31436}.Release|.NET.ActiveCfg = Release|Any CPU
		{F02FC661-2705-400F-A488-049F23F31436}.Release|Any CPU.ActiveCfg = Release|Any CPU
		{F02FC661-2705-400F-A488-049F23F31436}.Release|Any CPU.Build.0 = Release|Any CPU
		{F02FC661-2705-400F-A488-049F23F31436}.Release|Mixed Platforms.ActiveCfg = Release|Any CPU
		{F02FC661-2705-400F-A488-049F23F31436}.Release|Mixed Platforms.Build.0 = Release|Any CPU
		{A1CB331C-E3D3-4659-B2DA-C81BE5BC2193}.Debug|.NET.ActiveCfg = Debug|Any CPU
		{A1CB331C-E3D3-4659-B2DA-C81BE5BC2193}.Debug|Any CPU.ActiveCfg = Debug|Any CPU
		{A1CB331C-E3D3-4659-B2DA-C81BE5BC2193}.Debug|Any CPU.Build.0 = Debug|Any CPU
		{A1CB331C-E3D3-4659-B2DA-C81BE5BC2193}.Debug|Mixed Platforms.ActiveCfg = Debug|Any CPU
		{A1CB331C-E3D3-4659-B2DA-C81BE5BC2193}.Debug|Mixed Platforms.Build.0 = Debug|Any CPU
		{A1CB331C-E3D3-4659-B2DA-C81BE5BC2193}.Release|.NET.ActiveCfg = Release|Any CPU
		{A1CB331C-E3D3-4659-B2DA-C81BE5BC2193}.Release|Any CPU.ActiveCfg = Release|Any CPU
		{A1CB331C-E3D3-4659-B2DA-C81BE5BC2193}.Release|Any CPU.Build.0 = Release|Any CPU
		{A1CB331C-E3D3-4659-B2DA-C81BE5BC2193}.Release|Mixed Platforms.ActiveCfg = Release|Any CPU
		{250ADF76-FD46-4900-BFDD-A4D066327C2D}.Debug|.NET.ActiveCfg = Debug|Any CPU
		{250ADF76-FD46-4900-BFDD-A4D066327C2D}.Debug|Any CPU.ActiveCfg = Debug|Any CPU
		{250ADF76-FD46-4900-BFDD-A4D066327C2D}.Debug|Any CPU.Build.0 = Debug|Any CPU
		{250ADF76-FD46-4900-BFDD-A4D066327C2D}.Debug|Mixed Platforms.ActiveCfg = Debug|Any CPU
		{250ADF76-FD46-4900-BFDD-A4D066327C2D}.Debug|Mixed Platforms.Build.0 = Debug|Any CPU
		{250ADF76-FD46-4900-BFDD-A4D066327C2D}.Release|.NET.ActiveCfg = Release|Any CPU
		{250ADF76-FD46-4900-BFDD-A4D066327C2D}.Release|Any CPU.ActiveCfg = Release|Any CPU
		{250ADF76-FD46-4900-BFDD-A4D066327C2D}.Release|Any CPU.Build.0 = Release|Any CPU
		{250ADF76-FD46-4900-BFDD-A4D066327C2D}.Release|Mixed Platforms.ActiveCfg = Release|Any CPU
		{22B6E054-56A2-4A14-87B9-BE694A86972D}.Debug|.NET.ActiveCfg = Debug|Any CPU
		{22B6E054-56A2-4A14-87B9-BE694A86972D}.Debug|Any CPU.ActiveCfg = Debug|Any CPU
		{22B6E054-56A2-4A14-87B9-BE694A86972D}.Debug|Any CPU.Build.0 = Debug|Any CPU
		{22B6E054-56A2-4A14-87B9-BE694A86972D}.Debug|Mixed Platforms.ActiveCfg = Debug|Any CPU
		{22B6E054-56A2-4A14-87B9-BE694A86972D}.Debug|Mixed Platforms.Build.0 = Debug|Any CPU
		{22B6E054-56A2-4A14-87B9-BE694A86972D}.Release|.NET.ActiveCfg = Release|Any CPU
		{22B6E054-56A2-4A14-87B9-BE694A86972D}.Release|Any CPU.ActiveCfg = Release|Any CPU
		{22B6E054-56A2-4A14-87B9-BE694A86972D}.Release|Any CPU.Build.0 = Release|Any CPU
		{22B6E054-56A2-4A14-87B9-BE694A86972D}.Release|Mixed Platforms.ActiveCfg = Release|Any CPU
		{A8F43A0A-E4C7-46BF-B054-7D748FFF4EC2}.Debug|.NET.ActiveCfg = Debug|Any CPU
		{A8F43A0A-E4C7-46BF-B054-7D748FFF4EC2}.Debug|Any CPU.ActiveCfg = Debug|Any CPU
		{A8F43A0A-E4C7-46BF-B054-7D748FFF4EC2}.Debug|Any CPU.Build.0 = Debug|Any CPU
		{A8F43A0A-E4C7-46BF-B054-7D748FFF4EC2}.Debug|Mixed Platforms.ActiveCfg = Debug|Any CPU
		{A8F43A0A-E4C7-46BF-B054-7D748FFF4EC2}.Debug|Mixed Platforms.Build.0 = Debug|Any CPU
		{A8F43A0A-E4C7-46BF-B054-7D748FFF4EC2}.Release|.NET.ActiveCfg = Release|Any CPU
		{A8F43A0A-E4C7-46BF-B054-7D748FFF4EC2}.Release|Any CPU.ActiveCfg = Release|Any CPU
		{A8F43A0A-E4C7-46BF-B054-7D748FFF4EC2}.Release|Any CPU.Build.0 = Release|Any CPU
		{A8F43A0A-E4C7-46BF-B054-7D748FFF4EC2}.Release|Mixed Platforms.ActiveCfg = Release|Any CPU
		{EB6F0FF4-C392-498F-84FD-56EDFB0F78C3}.Debug|.NET.ActiveCfg = Debug|Any CPU
		{EB6F0FF4-C392-498F-84FD-56EDFB0F78C3}.Debug|Any CPU.ActiveCfg = Debug|Any CPU
		{EB6F0FF4-C392-498F-84FD-56EDFB0F78C3}.Debug|Any CPU.Build.0 = Debug|Any CPU
		{EB6F0FF4-C392-498F-84FD-56EDFB0F78C3}.Debug|Mixed Platforms.ActiveCfg = Debug|Any CPU
		{EB6F0FF4-C392-498F-84FD-56EDFB0F78C3}.Debug|Mixed Platforms.Build.0 = Debug|Any CPU
		{EB6F0FF4-C392-498F-84FD-56EDFB0F78C3}.Release|.NET.ActiveCfg = Debug|Any CPU
		{EB6F0FF4-C392-498F-84FD-56EDFB0F78C3}.Release|Any CPU.ActiveCfg = Debug|Any CPU
		{EB6F0FF4-C392-498F-84FD-56EDFB0F78C3}.Release|Any CPU.Build.0 = Debug|Any CPU
		{EB6F0FF4-C392-498F-84FD-56EDFB0F78C3}.Release|Mixed Platforms.ActiveCfg = Debug|Any CPU
		{EB6F0FF4-C392-498F-84FD-56EDFB0F78C3}.Release|Mixed Platforms.Build.0 = Debug|Any CPU
	EndGlobalSection
	GlobalSection(SolutionProperties) = preSolution
		HideSolutionNode = FALSE
	EndGlobalSection
EndGlobal
