
Microsoft Visual Studio Solution File, Format Version 10.00
# Visual Studio 2008
Project("{E24C65DC-7377-472B-9ABA-BC803B73C61A}") = "Argix08.AppCenter.Web", "Argix08.MIS\Argix08.AppCenter.Web", "{84449158-AB89-4599-91A8-552E16EE752B}"
	ProjectSection(WebsiteProperties) = preProject
		SccProjectName = ""$/Argix08/Argix08.MIS/Argix08.AppCenter.Web", ZXHBAAAA"
		SccAuxPath = ""
		SccLocalPath = "."
		SccProvider = "MSSCCI:Microsoft Visual SourceSafe"
		TargetFramework = "3.5"
		Debug.AspNetCompiler.VirtualPath = "/Argix08.AppCenter.Web"
		Debug.AspNetCompiler.PhysicalPath = "Argix08.MIS\Argix08.AppCenter.Web\"
		Debug.AspNetCompiler.TargetPath = "PrecompiledWeb\Argix08.AppCenter.Web\"
		Debug.AspNetCompiler.Updateable = "true"
		Debug.AspNetCompiler.ForceOverwrite = "true"
		Debug.AspNetCompiler.FixedNames = "false"
		Debug.AspNetCompiler.Debug = "True"
		Release.AspNetCompiler.VirtualPath = "/Argix08.AppCenter.Web"
		Release.AspNetCompiler.PhysicalPath = "Argix08.MIS\Argix08.AppCenter.Web\"
		Release.AspNetCompiler.TargetPath = "PrecompiledWeb\Argix08.AppCenter.Web\"
		Release.AspNetCompiler.Updateable = "true"
		Release.AspNetCompiler.ForceOverwrite = "true"
		Release.AspNetCompiler.FixedNames = "false"
		Release.AspNetCompiler.Debug = "False"
		VWDPort = "62090"
	EndProjectSection
EndProject
Project("{E24C65DC-7377-472B-9ABA-BC803B73C61A}") = "Argix08.Dashboard.Web", "Argix08.MIS\Argix08.Dashboard.Web", "{EABA03EF-2AD0-4551-932F-EDCAF6073A65}"
	ProjectSection(WebsiteProperties) = preProject
		SccProjectName = ""$/Argix08/Argix08.MIS/Argix08.Dashboard.Web", WWHBAAAA"
		SccAuxPath = ""
		SccLocalPath = "."
		SccProvider = "MSSCCI:Microsoft Visual SourceSafe"
		TargetFramework = "3.5"
		Debug.AspNetCompiler.VirtualPath = "/Argix08.Dashboard.Web"
		Debug.AspNetCompiler.PhysicalPath = "Argix08.MIS\Argix08.Dashboard.Web\"
		Debug.AspNetCompiler.TargetPath = "PrecompiledWeb\Argix08.Dashboard.Web\"
		Debug.AspNetCompiler.Updateable = "true"
		Debug.AspNetCompiler.ForceOverwrite = "true"
		Debug.AspNetCompiler.FixedNames = "false"
		Debug.AspNetCompiler.Debug = "True"
		Release.AspNetCompiler.VirtualPath = "/Argix08.Dashboard.Web"
		Release.AspNetCompiler.PhysicalPath = "Argix08.MIS\Argix08.Dashboard.Web\"
		Release.AspNetCompiler.TargetPath = "PrecompiledWeb\Argix08.Dashboard.Web\"
		Release.AspNetCompiler.Updateable = "true"
		Release.AspNetCompiler.ForceOverwrite = "true"
		Release.AspNetCompiler.FixedNames = "false"
		Release.AspNetCompiler.Debug = "False"
		VWDPort = "55078"
		DefaultWebSiteLanguage = "Visual C#"
	EndProjectSection
EndProject
Project("{FAE04EC0-301F-11D3-BF4B-00C04F79EFBC}") = "Argix08.CubeAnalyst.Win", "Argix08.MIS\Argix08.CubeAnalyst.Win\Argix08.CubeAnalyst.Win.csproj", "{5C22AC77-F360-4AEB-9423-EB0EADADE2F7}"
EndProject
Project("{FAE04EC0-301F-11D3-BF4B-00C04F79EFBC}") = "Argix08.LabelStudio.Win", "Argix08.MIS\Argix08.LabelStudio.Win\Argix08.LabelStudio.Win.csproj", "{13ED0892-F91F-4046-8812-23B5D26989CA}"
EndProject
Global
	GlobalSection(SourceCodeControl) = preSolution
		SccNumberOfProjects = 4
		SccWebProject0 = true
		SccProjectUniqueName0 = Argix08.MIS\\Argix08.AppCenter.Web
		SccProjectName0 = \u0022$/Argix08/Argix08.MIS/Argix08.AppCenter.Web\u0022,\u0020ZXHBAAAA
		SccLocalPath0 = C:\\Data\\Projects\\Argix08\\Argix08.MIS\\Argix08.AppCenter.Web
		SccProvider0 = MSSCCI:Microsoft\u0020Visual\u0020SourceSafe
		SccProjectEnlistmentChoice0 = 2
		SccWebProject1 = true
		SccProjectUniqueName1 = Argix08.MIS\\Argix08.Dashboard.Web
		SccProjectName1 = \u0022$/Argix08/Argix08.MIS/Argix08.Dashboard.Web\u0022,\u0020WWHBAAAA
		SccLocalPath1 = C:\\Data\\Projects\\Argix08\\Argix08.MIS\\Argix08.Dashboard.Web
		SccProvider1 = MSSCCI:Microsoft\u0020Visual\u0020SourceSafe
		SccProjectEnlistmentChoice1 = 2
		SccProjectUniqueName2 = Argix08.MIS\\Argix08.CubeAnalyst.Win\\Argix08.CubeAnalyst.Win.csproj
		SccProjectName2 = \u0022$/Argix08/Argix08.MIS/Argix08.CubeAnalyst.Win\u0022,\u0020OTFBAAAA
		SccLocalPath2 = Argix08.MIS\\Argix08.CubeAnalyst.Win
		SccProvider2 = MSSCCI:Microsoft\u0020Visual\u0020SourceSafe
		SccProjectUniqueName3 = Argix08.MIS\\Argix08.LabelStudio.Win\\Argix08.LabelStudio.Win.csproj
		SccProjectName3 = \u0022$/Argix08/Argix08.MIS/Argix08.LabelStudio.Win\u0022,\u0020TUFBAAAA
		SccLocalPath3 = Argix08.MIS\\Argix08.LabelStudio.Win
		SccProvider3 = MSSCCI:Microsoft\u0020Visual\u0020SourceSafe
	EndGlobalSection
	GlobalSection(SolutionConfigurationPlatforms) = preSolution
		Debug|.NET = Debug|.NET
		Debug|Any CPU = Debug|Any CPU
		Debug|Mixed Platforms = Debug|Mixed Platforms
		DebugLocal|.NET = DebugLocal|.NET
		DebugLocal|Any CPU = DebugLocal|Any CPU
		DebugLocal|Mixed Platforms = DebugLocal|Mixed Platforms
		Production|.NET = Production|.NET
		Production|Any CPU = Production|Any CPU
		Production|Mixed Platforms = Production|Mixed Platforms
		Release|.NET = Release|.NET
		Release|Any CPU = Release|Any CPU
		Release|Mixed Platforms = Release|Mixed Platforms
	EndGlobalSection
	GlobalSection(ProjectConfigurationPlatforms) = postSolution
		{84449158-AB89-4599-91A8-552E16EE752B}.Debug|.NET.ActiveCfg = Debug|Any CPU
		{84449158-AB89-4599-91A8-552E16EE752B}.Debug|Any CPU.ActiveCfg = Debug|Any CPU
		{84449158-AB89-4599-91A8-552E16EE752B}.Debug|Any CPU.Build.0 = Debug|Any CPU
		{84449158-AB89-4599-91A8-552E16EE752B}.Debug|Mixed Platforms.ActiveCfg = Debug|Any CPU
		{84449158-AB89-4599-91A8-552E16EE752B}.Debug|Mixed Platforms.Build.0 = Debug|Any CPU
		{84449158-AB89-4599-91A8-552E16EE752B}.DebugLocal|.NET.ActiveCfg = Debug|Any CPU
		{84449158-AB89-4599-91A8-552E16EE752B}.DebugLocal|Any CPU.ActiveCfg = Debug|Any CPU
		{84449158-AB89-4599-91A8-552E16EE752B}.DebugLocal|Any CPU.Build.0 = Debug|Any CPU
		{84449158-AB89-4599-91A8-552E16EE752B}.DebugLocal|Mixed Platforms.ActiveCfg = Debug|Any CPU
		{84449158-AB89-4599-91A8-552E16EE752B}.DebugLocal|Mixed Platforms.Build.0 = Debug|Any CPU
		{84449158-AB89-4599-91A8-552E16EE752B}.Production|.NET.ActiveCfg = Debug|Any CPU
		{84449158-AB89-4599-91A8-552E16EE752B}.Production|Any CPU.ActiveCfg = Debug|Any CPU
		{84449158-AB89-4599-91A8-552E16EE752B}.Production|Any CPU.Build.0 = Debug|Any CPU
		{84449158-AB89-4599-91A8-552E16EE752B}.Production|Mixed Platforms.ActiveCfg = Debug|Any CPU
		{84449158-AB89-4599-91A8-552E16EE752B}.Production|Mixed Platforms.Build.0 = Debug|Any CPU
		{84449158-AB89-4599-91A8-552E16EE752B}.Release|.NET.ActiveCfg = Debug|Any CPU
		{84449158-AB89-4599-91A8-552E16EE752B}.Release|Any CPU.ActiveCfg = Debug|Any CPU
		{84449158-AB89-4599-91A8-552E16EE752B}.Release|Any CPU.Build.0 = Debug|Any CPU
		{84449158-AB89-4599-91A8-552E16EE752B}.Release|Mixed Platforms.ActiveCfg = Debug|Any CPU
		{84449158-AB89-4599-91A8-552E16EE752B}.Release|Mixed Platforms.Build.0 = Debug|Any CPU
		{EABA03EF-2AD0-4551-932F-EDCAF6073A65}.Debug|.NET.ActiveCfg = Debug|Any CPU
		{EABA03EF-2AD0-4551-932F-EDCAF6073A65}.Debug|Any CPU.ActiveCfg = Debug|Any CPU
		{EABA03EF-2AD0-4551-932F-EDCAF6073A65}.Debug|Any CPU.Build.0 = Debug|Any CPU
		{EABA03EF-2AD0-4551-932F-EDCAF6073A65}.Debug|Mixed Platforms.ActiveCfg = Debug|Any CPU
		{EABA03EF-2AD0-4551-932F-EDCAF6073A65}.Debug|Mixed Platforms.Build.0 = Debug|Any CPU
		{EABA03EF-2AD0-4551-932F-EDCAF6073A65}.DebugLocal|.NET.ActiveCfg = Debug|Any CPU
		{EABA03EF-2AD0-4551-932F-EDCAF6073A65}.DebugLocal|Any CPU.ActiveCfg = Debug|Any CPU
		{EABA03EF-2AD0-4551-932F-EDCAF6073A65}.DebugLocal|Any CPU.Build.0 = Debug|Any CPU
		{EABA03EF-2AD0-4551-932F-EDCAF6073A65}.DebugLocal|Mixed Platforms.ActiveCfg = Debug|Any CPU
		{EABA03EF-2AD0-4551-932F-EDCAF6073A65}.DebugLocal|Mixed Platforms.Build.0 = Debug|Any CPU
		{EABA03EF-2AD0-4551-932F-EDCAF6073A65}.Production|.NET.ActiveCfg = Debug|Any CPU
		{EABA03EF-2AD0-4551-932F-EDCAF6073A65}.Production|Any CPU.ActiveCfg = Debug|Any CPU
		{EABA03EF-2AD0-4551-932F-EDCAF6073A65}.Production|Any CPU.Build.0 = Debug|Any CPU
		{EABA03EF-2AD0-4551-932F-EDCAF6073A65}.Production|Mixed Platforms.ActiveCfg = Debug|Any CPU
		{EABA03EF-2AD0-4551-932F-EDCAF6073A65}.Production|Mixed Platforms.Build.0 = Debug|Any CPU
		{EABA03EF-2AD0-4551-932F-EDCAF6073A65}.Release|.NET.ActiveCfg = Debug|Any CPU
		{EABA03EF-2AD0-4551-932F-EDCAF6073A65}.Release|Any CPU.ActiveCfg = Debug|Any CPU
		{EABA03EF-2AD0-4551-932F-EDCAF6073A65}.Release|Any CPU.Build.0 = Debug|Any CPU
		{EABA03EF-2AD0-4551-932F-EDCAF6073A65}.Release|Mixed Platforms.ActiveCfg = Debug|Any CPU
		{EABA03EF-2AD0-4551-932F-EDCAF6073A65}.Release|Mixed Platforms.Build.0 = Debug|Any CPU
		{5C22AC77-F360-4AEB-9423-EB0EADADE2F7}.Debug|.NET.ActiveCfg = Debug|Any CPU
		{5C22AC77-F360-4AEB-9423-EB0EADADE2F7}.Debug|Any CPU.ActiveCfg = Debug|Any CPU
		{5C22AC77-F360-4AEB-9423-EB0EADADE2F7}.Debug|Any CPU.Build.0 = Debug|Any CPU
		{5C22AC77-F360-4AEB-9423-EB0EADADE2F7}.Debug|Mixed Platforms.ActiveCfg = Debug|Any CPU
		{5C22AC77-F360-4AEB-9423-EB0EADADE2F7}.Debug|Mixed Platforms.Build.0 = Debug|Any CPU
		{5C22AC77-F360-4AEB-9423-EB0EADADE2F7}.DebugLocal|.NET.ActiveCfg = Debug|Any CPU
		{5C22AC77-F360-4AEB-9423-EB0EADADE2F7}.DebugLocal|Any CPU.ActiveCfg = Debug|Any CPU
		{5C22AC77-F360-4AEB-9423-EB0EADADE2F7}.DebugLocal|Any CPU.Build.0 = Debug|Any CPU
		{5C22AC77-F360-4AEB-9423-EB0EADADE2F7}.DebugLocal|Mixed Platforms.ActiveCfg = Debug|Any CPU
		{5C22AC77-F360-4AEB-9423-EB0EADADE2F7}.DebugLocal|Mixed Platforms.Build.0 = Debug|Any CPU
		{5C22AC77-F360-4AEB-9423-EB0EADADE2F7}.Production|.NET.ActiveCfg = Release|Any CPU
		{5C22AC77-F360-4AEB-9423-EB0EADADE2F7}.Production|Any CPU.ActiveCfg = Release|Any CPU
		{5C22AC77-F360-4AEB-9423-EB0EADADE2F7}.Production|Any CPU.Build.0 = Release|Any CPU
		{5C22AC77-F360-4AEB-9423-EB0EADADE2F7}.Production|Mixed Platforms.ActiveCfg = Release|Any CPU
		{5C22AC77-F360-4AEB-9423-EB0EADADE2F7}.Production|Mixed Platforms.Build.0 = Release|Any CPU
		{5C22AC77-F360-4AEB-9423-EB0EADADE2F7}.Release|.NET.ActiveCfg = Release|Any CPU
		{5C22AC77-F360-4AEB-9423-EB0EADADE2F7}.Release|Any CPU.ActiveCfg = Release|Any CPU
		{5C22AC77-F360-4AEB-9423-EB0EADADE2F7}.Release|Any CPU.Build.0 = Release|Any CPU
		{5C22AC77-F360-4AEB-9423-EB0EADADE2F7}.Release|Mixed Platforms.ActiveCfg = Release|Any CPU
		{5C22AC77-F360-4AEB-9423-EB0EADADE2F7}.Release|Mixed Platforms.Build.0 = Release|Any CPU
		{13ED0892-F91F-4046-8812-23B5D26989CA}.Debug|.NET.ActiveCfg = Debug|Any CPU
		{13ED0892-F91F-4046-8812-23B5D26989CA}.Debug|Any CPU.ActiveCfg = Debug|Any CPU
		{13ED0892-F91F-4046-8812-23B5D26989CA}.Debug|Any CPU.Build.0 = Debug|Any CPU
		{13ED0892-F91F-4046-8812-23B5D26989CA}.Debug|Mixed Platforms.ActiveCfg = Debug|Any CPU
		{13ED0892-F91F-4046-8812-23B5D26989CA}.Debug|Mixed Platforms.Build.0 = Debug|Any CPU
		{13ED0892-F91F-4046-8812-23B5D26989CA}.DebugLocal|.NET.ActiveCfg = Debug|Any CPU
		{13ED0892-F91F-4046-8812-23B5D26989CA}.DebugLocal|Any CPU.ActiveCfg = Debug|Any CPU
		{13ED0892-F91F-4046-8812-23B5D26989CA}.DebugLocal|Any CPU.Build.0 = Debug|Any CPU
		{13ED0892-F91F-4046-8812-23B5D26989CA}.DebugLocal|Mixed Platforms.ActiveCfg = Debug|Any CPU
		{13ED0892-F91F-4046-8812-23B5D26989CA}.DebugLocal|Mixed Platforms.Build.0 = Debug|Any CPU
		{13ED0892-F91F-4046-8812-23B5D26989CA}.Production|.NET.ActiveCfg = Release|Any CPU
		{13ED0892-F91F-4046-8812-23B5D26989CA}.Production|Any CPU.ActiveCfg = Release|Any CPU
		{13ED0892-F91F-4046-8812-23B5D26989CA}.Production|Any CPU.Build.0 = Release|Any CPU
		{13ED0892-F91F-4046-8812-23B5D26989CA}.Production|Mixed Platforms.ActiveCfg = Release|Any CPU
		{13ED0892-F91F-4046-8812-23B5D26989CA}.Production|Mixed Platforms.Build.0 = Release|Any CPU
		{13ED0892-F91F-4046-8812-23B5D26989CA}.Release|.NET.ActiveCfg = Release|Any CPU
		{13ED0892-F91F-4046-8812-23B5D26989CA}.Release|Any CPU.ActiveCfg = Release|Any CPU
		{13ED0892-F91F-4046-8812-23B5D26989CA}.Release|Any CPU.Build.0 = Release|Any CPU
		{13ED0892-F91F-4046-8812-23B5D26989CA}.Release|Mixed Platforms.ActiveCfg = Release|Any CPU
		{13ED0892-F91F-4046-8812-23B5D26989CA}.Release|Mixed Platforms.Build.0 = Release|Any CPU
	EndGlobalSection
	GlobalSection(SolutionProperties) = preSolution
		HideSolutionNode = FALSE
	EndGlobalSection
EndGlobal
