
Microsoft Visual Studio Solution File, Format Version 10.00
# Visual Studio 2008
Project("{E24C65DC-7377-472B-9ABA-BC803B73C61A}") = "Tracking", "ArgixDirect08\Tracking", "{40BAB6DD-89D7-42E9-B7F7-1B169937D46E}"
	ProjectSection(WebsiteProperties) = preProject
		SccProjectName = ""$/Argix08/ArgixDirect08/Tracking", QDXAAAAA"
		SccAuxPath = ""
		SccLocalPath = "."
		SccProvider = "MSSCCI:Microsoft Visual SourceSafe"
		TargetFramework = "3.5"
		Debug.AspNetCompiler.VirtualPath = "/Tracking"
		Debug.AspNetCompiler.PhysicalPath = "ArgixDirect08\Tracking\"
		Debug.AspNetCompiler.TargetPath = "..\..\..\inetpub\wwwroot\Tracking\"
		Debug.AspNetCompiler.Updateable = "true"
		Debug.AspNetCompiler.ForceOverwrite = "true"
		Debug.AspNetCompiler.FixedNames = "false"
		Debug.AspNetCompiler.Debug = "True"
		Release.AspNetCompiler.VirtualPath = "/Tracking"
		Release.AspNetCompiler.PhysicalPath = "ArgixDirect08\Tracking\"
		Release.AspNetCompiler.TargetPath = "..\..\..\inetpub\wwwroot\Tracking\"
		Release.AspNetCompiler.Updateable = "true"
		Release.AspNetCompiler.ForceOverwrite = "true"
		Release.AspNetCompiler.FixedNames = "false"
		Release.AspNetCompiler.Debug = "False"
		VWDPort = "60558"
		VWDDynamicPort = "true"
		StartServerOnDebug = "true"
	EndProjectSection
EndProject
Project("{E24C65DC-7377-472B-9ABA-BC803B73C61A}") = "Downloads", "ArgixDirect08\Downloads", "{E5CF3A42-272A-4022-AFF9-B322C7E5C8B1}"
	ProjectSection(WebsiteProperties) = preProject
		SccProjectName = ""$/Argix08/ArgixDirect08/Downloads", EOXAAAAA"
		SccAuxPath = ""
		SccLocalPath = ".."
		SccProvider = "MSSCCI:Microsoft Visual SourceSafe"
		TargetFramework = "3.5"
		Debug.AspNetCompiler.VirtualPath = "/Downloads"
		Debug.AspNetCompiler.PhysicalPath = "ArgixDirect08\Downloads\"
		Debug.AspNetCompiler.TargetPath = "PrecompiledWeb\Downloads\"
		Debug.AspNetCompiler.Updateable = "true"
		Debug.AspNetCompiler.ForceOverwrite = "true"
		Debug.AspNetCompiler.FixedNames = "false"
		Debug.AspNetCompiler.Debug = "True"
		Release.AspNetCompiler.VirtualPath = "/Downloads"
		Release.AspNetCompiler.PhysicalPath = "ArgixDirect08\Downloads\"
		Release.AspNetCompiler.TargetPath = "PrecompiledWeb\Downloads\"
		Release.AspNetCompiler.Updateable = "true"
		Release.AspNetCompiler.ForceOverwrite = "true"
		Release.AspNetCompiler.FixedNames = "false"
		Release.AspNetCompiler.Debug = "False"
		VWDPort = "60747"
		StartServerOnDebug = "false"
	EndProjectSection
EndProject
Project("{FAE04EC0-301F-11D3-BF4B-00C04F79EFBC}") = "Argix08.WebSvc.Win", "Argix08.User\Argix08.WebSvc.Win\Argix08.WebSvc.Win.csproj", "{31392C07-C505-45CE-9A9E-A93C8BFB6F94}"
EndProject
Project("{E24C65DC-7377-472B-9ABA-BC803B73C61A}") = "Argix08.WebSvc.Web", "Argix08.User\Argix08.WebSvc.Web", "{DC7B97AE-F679-4BD9-88B9-506E0E9CC871}"
	ProjectSection(WebsiteProperties) = preProject
		SccProjectName = ""$/Argix08/Argix08.User/Argix08.WebSvc.Web", MQDBAAAA"
		SccAuxPath = ""
		SccLocalPath = "."
		SccProvider = "MSSCCI:Microsoft Visual SourceSafe"
		TargetFramework = "3.5"
		Debug.AspNetCompiler.VirtualPath = "/Argix08.WebSvc.Web"
		Debug.AspNetCompiler.PhysicalPath = "Argix08.User\Argix08.WebSvc.Web\"
		Debug.AspNetCompiler.TargetPath = "PrecompiledWeb\Argix08.WebSvc.Web\"
		Debug.AspNetCompiler.Updateable = "true"
		Debug.AspNetCompiler.ForceOverwrite = "true"
		Debug.AspNetCompiler.FixedNames = "false"
		Debug.AspNetCompiler.Debug = "True"
		Release.AspNetCompiler.VirtualPath = "/Argix08.WebSvc.Web"
		Release.AspNetCompiler.PhysicalPath = "Argix08.User\Argix08.WebSvc.Web\"
		Release.AspNetCompiler.TargetPath = "PrecompiledWeb\Argix08.WebSvc.Web\"
		Release.AspNetCompiler.Updateable = "true"
		Release.AspNetCompiler.ForceOverwrite = "true"
		Release.AspNetCompiler.FixedNames = "false"
		Release.AspNetCompiler.Debug = "False"
		VWDPort = "56928"
		StartServerOnDebug = "false"
	EndProjectSection
EndProject
Project("{E24C65DC-7377-472B-9ABA-BC803B73C61A}") = "FastTracking", "ArgixDirect08\FastTracking", "{9894ADFC-8B42-4270-A0BC-647057F191D5}"
	ProjectSection(WebsiteProperties) = preProject
		SccProjectName = ""$/Argix08/ArgixDirect08", ODXAAAAA"
		SccAuxPath = ""
		SccLocalPath = ".."
		SccProvider = "MSSCCI:Microsoft Visual SourceSafe"
		TargetFramework = "3.5"
		Debug.AspNetCompiler.VirtualPath = "/FastTracking"
		Debug.AspNetCompiler.PhysicalPath = "ArgixDirect08\FastTracking\"
		Debug.AspNetCompiler.TargetPath = "PrecompiledWeb\FastTracking\"
		Debug.AspNetCompiler.Updateable = "true"
		Debug.AspNetCompiler.ForceOverwrite = "true"
		Debug.AspNetCompiler.FixedNames = "false"
		Debug.AspNetCompiler.Debug = "True"
		Release.AspNetCompiler.VirtualPath = "/FastTracking"
		Release.AspNetCompiler.PhysicalPath = "ArgixDirect08\FastTracking\"
		Release.AspNetCompiler.TargetPath = "PrecompiledWeb\FastTracking\"
		Release.AspNetCompiler.Updateable = "true"
		Release.AspNetCompiler.ForceOverwrite = "true"
		Release.AspNetCompiler.FixedNames = "false"
		Release.AspNetCompiler.Debug = "False"
		VWDPort = "52648"
		StartServerOnDebug = "false"
	EndProjectSection
	ProjectSection(ProjectDependencies) = postProject
		{F47830C0-0570-4160-8C19-AFE3AA70C445} = {F47830C0-0570-4160-8C19-AFE3AA70C445}
	EndProjectSection
EndProject
Project("{E24C65DC-7377-472B-9ABA-BC803B73C61A}") = "TrackingReports", "ArgixDirect08\TrackingReports", "{412FA3D5-F60D-4288-B416-5C687F66F4CB}"
	ProjectSection(WebsiteProperties) = preProject
		SccProjectName = ""$/Argix08/ArgixDirect08", ODXAAAAA"
		SccAuxPath = ""
		SccLocalPath = ".."
		SccProvider = "MSSCCI:Microsoft Visual SourceSafe"
		TargetFramework = "3.5"
		Debug.AspNetCompiler.VirtualPath = "/TrackingReports"
		Debug.AspNetCompiler.PhysicalPath = "ArgixDirect08\TrackingReports\"
		Debug.AspNetCompiler.TargetPath = "..\..\..\inetpub\wwwroot\Argix08\TrackingReports\"
		Debug.AspNetCompiler.Updateable = "true"
		Debug.AspNetCompiler.ForceOverwrite = "true"
		Debug.AspNetCompiler.FixedNames = "false"
		Debug.AspNetCompiler.Debug = "True"
		Release.AspNetCompiler.VirtualPath = "/TrackingReports"
		Release.AspNetCompiler.PhysicalPath = "ArgixDirect08\TrackingReports\"
		Release.AspNetCompiler.TargetPath = "..\..\..\inetpub\wwwroot\Argix08\TrackingReports\"
		Release.AspNetCompiler.Updateable = "true"
		Release.AspNetCompiler.ForceOverwrite = "true"
		Release.AspNetCompiler.FixedNames = "false"
		Release.AspNetCompiler.Debug = "False"
		VWDPort = "46426"
		VWDDynamicPort = "true"
	EndProjectSection
EndProject
Project("{E24C65DC-7377-472B-9ABA-BC803B73C61A}") = "IssueMgt", "ArgixDirect08\IssueMgt", "{F63941AF-8B33-48AA-8F74-C34C903A0B53}"
	ProjectSection(WebsiteProperties) = preProject
		SccProjectName = ""$/Argix08/ArgixDirect08", ODXAAAAA"
		SccAuxPath = ""
		SccLocalPath = ".."
		SccProvider = "MSSCCI:Microsoft Visual SourceSafe"
		TargetFramework = "3.5"
		Debug.AspNetCompiler.VirtualPath = "/IssueMgt"
		Debug.AspNetCompiler.PhysicalPath = "ArgixDirect08\IssueMgt\"
		Debug.AspNetCompiler.TargetPath = "PrecompiledWeb\IssueMgt\"
		Debug.AspNetCompiler.Updateable = "true"
		Debug.AspNetCompiler.ForceOverwrite = "true"
		Debug.AspNetCompiler.FixedNames = "false"
		Debug.AspNetCompiler.Debug = "True"
		Release.AspNetCompiler.VirtualPath = "/IssueMgt"
		Release.AspNetCompiler.PhysicalPath = "ArgixDirect08\IssueMgt\"
		Release.AspNetCompiler.TargetPath = "PrecompiledWeb\IssueMgt\"
		Release.AspNetCompiler.Updateable = "true"
		Release.AspNetCompiler.ForceOverwrite = "true"
		Release.AspNetCompiler.FixedNames = "false"
		Release.AspNetCompiler.Debug = "False"
		VWDPort = "60712"
		StartServerOnDebug = "false"
	EndProjectSection
EndProject
Project("{E24C65DC-7377-472B-9ABA-BC803B73C61A}") = "Argix08.KronosService", "Argix08.Services\Argix08.KronosService", "{5B519DF1-693B-4192-A553-04F99330813E}"
	ProjectSection(WebsiteProperties) = preProject
		SccProjectName = ""$/Argix08", NJUAAAAA"
		SccAuxPath = ""
		SccLocalPath = "..\.."
		SccProvider = "MSSCCI:Microsoft Visual SourceSafe"
		TargetFramework = "3.5"
		Debug.AspNetCompiler.VirtualPath = "/Argix08.KronosService"
		Debug.AspNetCompiler.PhysicalPath = "Argix08.Services\Argix08.KronosService\"
		Debug.AspNetCompiler.TargetPath = "PrecompiledWeb\Argix08.KronosService\"
		Debug.AspNetCompiler.Updateable = "true"
		Debug.AspNetCompiler.ForceOverwrite = "true"
		Debug.AspNetCompiler.FixedNames = "false"
		Debug.AspNetCompiler.Debug = "True"
		Release.AspNetCompiler.VirtualPath = "/Argix08.KronosService"
		Release.AspNetCompiler.PhysicalPath = "Argix08.Services\Argix08.KronosService\"
		Release.AspNetCompiler.TargetPath = "PrecompiledWeb\Argix08.KronosService\"
		Release.AspNetCompiler.Updateable = "true"
		Release.AspNetCompiler.ForceOverwrite = "true"
		Release.AspNetCompiler.FixedNames = "false"
		Release.AspNetCompiler.Debug = "False"
		VWDPort = "59181"
		StartServerOnDebug = "false"
	EndProjectSection
EndProject
Project("{E24C65DC-7377-472B-9ABA-BC803B73C61A}") = "IDViewer", "ArgixDirect08\IDViewer", "{5124D24C-2811-45CF-81A4-E68DB53D6063}"
	ProjectSection(WebsiteProperties) = preProject
		SccProjectName = ""$/Argix08/ArgixDirect08/IDViewer", SFIBAAAA"
		SccAuxPath = ""
		SccLocalPath = "."
		SccProvider = "MSSCCI:Microsoft Visual SourceSafe"
		TargetFramework = "3.5"
		Debug.AspNetCompiler.VirtualPath = "/IDViewer"
		Debug.AspNetCompiler.PhysicalPath = "ArgixDirect08\IDViewer\"
		Debug.AspNetCompiler.TargetPath = "PrecompiledWeb\IDViewer\"
		Debug.AspNetCompiler.Updateable = "true"
		Debug.AspNetCompiler.ForceOverwrite = "true"
		Debug.AspNetCompiler.FixedNames = "false"
		Debug.AspNetCompiler.Debug = "True"
		Release.AspNetCompiler.VirtualPath = "/IDViewer"
		Release.AspNetCompiler.PhysicalPath = "ArgixDirect08\IDViewer\"
		Release.AspNetCompiler.TargetPath = "PrecompiledWeb\IDViewer\"
		Release.AspNetCompiler.Updateable = "true"
		Release.AspNetCompiler.ForceOverwrite = "true"
		Release.AspNetCompiler.FixedNames = "false"
		Release.AspNetCompiler.Debug = "False"
		VWDPort = "40787"
		StartServerOnDebug = "false"
	EndProjectSection
EndProject
Project("{E24C65DC-7377-472B-9ABA-BC803B73C61A}") = "Argix08.TrackingServices", "Argix08.Services\Argix08.TrackingServices", "{F47830C0-0570-4160-8C19-AFE3AA70C445}"
	ProjectSection(WebsiteProperties) = preProject
		SccProjectName = ""$/Argix08/Argix08.Services/Argix08.TrackingServices", RHIBAAAA"
		SccAuxPath = ""
		SccLocalPath = "."
		SccProvider = "MSSCCI:Microsoft Visual SourceSafe"
		TargetFramework = "3.5"
		Debug.AspNetCompiler.VirtualPath = "/Argix08.TrackingServices"
		Debug.AspNetCompiler.PhysicalPath = "Argix08.Services\Argix08.TrackingServices\"
		Debug.AspNetCompiler.TargetPath = "PrecompiledWeb\Argix08.TrackingServices\"
		Debug.AspNetCompiler.Updateable = "true"
		Debug.AspNetCompiler.ForceOverwrite = "true"
		Debug.AspNetCompiler.FixedNames = "false"
		Debug.AspNetCompiler.Debug = "True"
		Release.AspNetCompiler.VirtualPath = "/Argix08.TrackingServices"
		Release.AspNetCompiler.PhysicalPath = "Argix08.Services\Argix08.TrackingServices\"
		Release.AspNetCompiler.TargetPath = "PrecompiledWeb\Argix08.TrackingServices\"
		Release.AspNetCompiler.Updateable = "true"
		Release.AspNetCompiler.ForceOverwrite = "true"
		Release.AspNetCompiler.FixedNames = "false"
		Release.AspNetCompiler.Debug = "False"
		VWDPort = "40833"
		DefaultWebSiteLanguage = "Visual C#"
	EndProjectSection
EndProject
Project("{E24C65DC-7377-472B-9ABA-BC803B73C61A}") = "Argix08.CustomerServices", "Argix08.Services\Argix08.CustomerServices", "{15333A65-891D-40E7-B7F9-EA37F601BCE7}"
	ProjectSection(WebsiteProperties) = preProject
		SccProjectName = ""$/Argix08", NJUAAAAA"
		SccAuxPath = ""
		SccLocalPath = "..\.."
		SccProvider = "MSSCCI:Microsoft Visual SourceSafe"
		TargetFramework = "3.5"
		Debug.AspNetCompiler.VirtualPath = "/Argix08.CustomerServices"
		Debug.AspNetCompiler.PhysicalPath = "Argix08.Services\Argix08.CustomerServices\"
		Debug.AspNetCompiler.TargetPath = "PrecompiledWeb\Argix08.CustomerServices\"
		Debug.AspNetCompiler.Updateable = "true"
		Debug.AspNetCompiler.ForceOverwrite = "true"
		Debug.AspNetCompiler.FixedNames = "false"
		Debug.AspNetCompiler.Debug = "True"
		Release.AspNetCompiler.VirtualPath = "/Argix08.CustomerServices"
		Release.AspNetCompiler.PhysicalPath = "Argix08.Services\Argix08.CustomerServices\"
		Release.AspNetCompiler.TargetPath = "PrecompiledWeb\Argix08.CustomerServices\"
		Release.AspNetCompiler.Updateable = "true"
		Release.AspNetCompiler.ForceOverwrite = "true"
		Release.AspNetCompiler.FixedNames = "false"
		Release.AspNetCompiler.Debug = "False"
		VWDPort = "50054"
		StartServerOnDebug = "false"
	EndProjectSection
EndProject
Project("{2150E333-8FDC-42A3-9474-1A3956D46DE8}") = "Solution Items", "Solution Items", "{3080679A-13A6-45EC-A6FD-A6D197C393F6}"
	ProjectSection(SolutionItems) = preProject
		ArgixDirect08\Docs\Carton Tracking Models.vsd = ArgixDirect08\Docs\Carton Tracking Models.vsd
		..\..\Documents\Carton Tracking.doc = ..\..\Documents\Carton Tracking.doc
		ArgixDirect08\Docs\DDU Tracking Models.vsd = ArgixDirect08\Docs\DDU Tracking Models.vsd
		ArgixDirect08\Docs\Internet Models.vsd = ArgixDirect08\Docs\Internet Models.vsd
	EndProjectSection
EndProject
Project("{E24C65DC-7377-472B-9ABA-BC803B73C61A}") = "Membership", "ArgixDirect08\Membership", "{AEA2D622-CE12-423C-9737-D7E7C976CE99}"
	ProjectSection(WebsiteProperties) = preProject
		TargetFramework = "3.5"
		Debug.AspNetCompiler.VirtualPath = "/Membership"
		Debug.AspNetCompiler.PhysicalPath = "ArgixDirect08\Membership\"
		Debug.AspNetCompiler.TargetPath = "PrecompiledWeb\Membership\"
		Debug.AspNetCompiler.Updateable = "true"
		Debug.AspNetCompiler.ForceOverwrite = "true"
		Debug.AspNetCompiler.FixedNames = "false"
		Debug.AspNetCompiler.Debug = "True"
		Release.AspNetCompiler.VirtualPath = "/Membership"
		Release.AspNetCompiler.PhysicalPath = "ArgixDirect08\Membership\"
		Release.AspNetCompiler.TargetPath = "PrecompiledWeb\Membership\"
		Release.AspNetCompiler.Updateable = "true"
		Release.AspNetCompiler.ForceOverwrite = "true"
		Release.AspNetCompiler.FixedNames = "false"
		Release.AspNetCompiler.Debug = "False"
		VWDPort = "4037"
		StartServerOnDebug = "false"
	EndProjectSection
EndProject
Project("{E24C65DC-7377-472B-9ABA-BC803B73C61A}") = "WindowsAuthWithSqlRoles", "..\Samples\WindowsAuthWithSqlRoles", "{482D2306-E7A4-443B-89C1-FCED1F5D0288}"
	ProjectSection(WebsiteProperties) = preProject
		TargetFramework = "3.5"
		Debug.AspNetCompiler.VirtualPath = "/WindowsAuthWithSqlRoles"
		Debug.AspNetCompiler.PhysicalPath = "..\Samples\WindowsAuthWithSqlRoles\"
		Debug.AspNetCompiler.TargetPath = "PrecompiledWeb\WindowsAuthWithSqlRoles\"
		Debug.AspNetCompiler.Updateable = "true"
		Debug.AspNetCompiler.ForceOverwrite = "true"
		Debug.AspNetCompiler.FixedNames = "false"
		Debug.AspNetCompiler.Debug = "True"
		Release.AspNetCompiler.VirtualPath = "/WindowsAuthWithSqlRoles"
		Release.AspNetCompiler.PhysicalPath = "..\Samples\WindowsAuthWithSqlRoles\"
		Release.AspNetCompiler.TargetPath = "PrecompiledWeb\WindowsAuthWithSqlRoles\"
		Release.AspNetCompiler.Updateable = "true"
		Release.AspNetCompiler.ForceOverwrite = "true"
		Release.AspNetCompiler.FixedNames = "false"
		Release.AspNetCompiler.Debug = "False"
		VWDPort = "51296"
		StartServerOnDebug = "false"
	EndProjectSection
EndProject
Project("{E24C65DC-7377-472B-9ABA-BC803B73C61A}") = "Argix08.FreightServices", "Argix08.Services\Argix08.FreightServices", "{D6830827-C982-4B30-8D5C-0BA10FF83B31}"
	ProjectSection(WebsiteProperties) = preProject
		SccProjectName = ""$/Argix08/Argix08.Services/Argix08.FreightServices", DSIBAAAA"
		SccAuxPath = ""
		SccLocalPath = "."
		SccProvider = "MSSCCI:Microsoft Visual SourceSafe"
		TargetFramework = "3.5"
		Debug.AspNetCompiler.VirtualPath = "/Argix08.FreightServices"
		Debug.AspNetCompiler.PhysicalPath = "Argix08.Services\Argix08.FreightServices\"
		Debug.AspNetCompiler.TargetPath = "PrecompiledWeb\Argix08.FreightServices\"
		Debug.AspNetCompiler.Updateable = "true"
		Debug.AspNetCompiler.ForceOverwrite = "true"
		Debug.AspNetCompiler.FixedNames = "false"
		Debug.AspNetCompiler.Debug = "True"
		Release.AspNetCompiler.VirtualPath = "/Argix08.FreightServices"
		Release.AspNetCompiler.PhysicalPath = "Argix08.Services\Argix08.FreightServices\"
		Release.AspNetCompiler.TargetPath = "PrecompiledWeb\Argix08.FreightServices\"
		Release.AspNetCompiler.Updateable = "true"
		Release.AspNetCompiler.ForceOverwrite = "true"
		Release.AspNetCompiler.FixedNames = "false"
		Release.AspNetCompiler.Debug = "False"
		VWDPort = "45413"
		DefaultWebSiteLanguage = "Visual C#"
		StartServerOnDebug = "false"
	EndProjectSection
EndProject
Project("{E24C65DC-7377-472B-9ABA-BC803B73C61A}") = "Freight", "ArgixDirect08\Freight", "{D29044DD-E583-4206-8706-4731777325DE}"
	ProjectSection(WebsiteProperties) = preProject
		SccProjectName = ""$/Argix08/ArgixDirect08/Freight", HQIBAAAA"
		SccAuxPath = ""
		SccLocalPath = "."
		SccProvider = "MSSCCI:Microsoft Visual SourceSafe"
		TargetFramework = "3.5"
		Debug.AspNetCompiler.VirtualPath = "/Freight"
		Debug.AspNetCompiler.PhysicalPath = "ArgixDirect08\Freight\"
		Debug.AspNetCompiler.TargetPath = "PrecompiledWeb\Freight\"
		Debug.AspNetCompiler.Updateable = "true"
		Debug.AspNetCompiler.ForceOverwrite = "true"
		Debug.AspNetCompiler.FixedNames = "false"
		Debug.AspNetCompiler.Debug = "True"
		Release.AspNetCompiler.VirtualPath = "/Freight"
		Release.AspNetCompiler.PhysicalPath = "ArgixDirect08\Freight\"
		Release.AspNetCompiler.TargetPath = "PrecompiledWeb\Freight\"
		Release.AspNetCompiler.Updateable = "true"
		Release.AspNetCompiler.ForceOverwrite = "true"
		Release.AspNetCompiler.FixedNames = "false"
		Release.AspNetCompiler.Debug = "False"
		VWDPort = "5029"
		StartServerOnDebug = "false"
	EndProjectSection
EndProject
Project("{E24C65DC-7377-472B-9ABA-BC803B73C61A}") = "BNTracking", "ArgixDirect08\BNTracking", "{02541A00-00C8-4F4B-B45B-55875A385057}"
	ProjectSection(WebsiteProperties) = preProject
		SccProjectName = ""$/Argix08/ArgixDirect08", ODXAAAAA"
		SccAuxPath = ""
		SccLocalPath = ".."
		SccProvider = "MSSCCI:Microsoft Visual SourceSafe"
		TargetFramework = "2.0"
		Debug.AspNetCompiler.VirtualPath = "/BNTracking"
		Debug.AspNetCompiler.PhysicalPath = "ArgixDirect08\BNTracking\"
		Debug.AspNetCompiler.TargetPath = "PrecompiledWeb\BNTracking\"
		Debug.AspNetCompiler.Updateable = "true"
		Debug.AspNetCompiler.ForceOverwrite = "true"
		Debug.AspNetCompiler.FixedNames = "false"
		Debug.AspNetCompiler.Debug = "True"
		Release.AspNetCompiler.VirtualPath = "/BNTracking"
		Release.AspNetCompiler.PhysicalPath = "ArgixDirect08\BNTracking\"
		Release.AspNetCompiler.TargetPath = "PrecompiledWeb\BNTracking\"
		Release.AspNetCompiler.Updateable = "true"
		Release.AspNetCompiler.ForceOverwrite = "true"
		Release.AspNetCompiler.FixedNames = "false"
		Release.AspNetCompiler.Debug = "False"
		VWDPort = "60745"
		StartServerOnDebug = "false"
	EndProjectSection
EndProject
Project("{E24C65DC-7377-472B-9ABA-BC803B73C61A}") = "DDUTracking", "ArgixDirect08\DDUTracking", "{621B3316-FE72-4020-B8C4-45E1E4611E7D}"
	ProjectSection(WebsiteProperties) = preProject
		SccProjectName = ""$/Argix08/ArgixDirect08", ODXAAAAA"
		SccAuxPath = ""
		SccLocalPath = ".."
		SccProvider = "MSSCCI:Microsoft Visual SourceSafe"
		TargetFramework = "2.0"
		Debug.AspNetCompiler.VirtualPath = "/DDUTracking"
		Debug.AspNetCompiler.PhysicalPath = "ArgixDirect08\DDUTracking\"
		Debug.AspNetCompiler.TargetPath = "PrecompiledWeb\DDUTracking\"
		Debug.AspNetCompiler.Updateable = "true"
		Debug.AspNetCompiler.ForceOverwrite = "true"
		Debug.AspNetCompiler.FixedNames = "false"
		Debug.AspNetCompiler.Debug = "True"
		Release.AspNetCompiler.VirtualPath = "/DDUTracking"
		Release.AspNetCompiler.PhysicalPath = "ArgixDirect08\DDUTracking\"
		Release.AspNetCompiler.TargetPath = "PrecompiledWeb\DDUTracking\"
		Release.AspNetCompiler.Updateable = "true"
		Release.AspNetCompiler.ForceOverwrite = "true"
		Release.AspNetCompiler.FixedNames = "false"
		Release.AspNetCompiler.Debug = "False"
		VWDPort = "60746"
		StartServerOnDebug = "false"
	EndProjectSection
EndProject
Global
	GlobalSection(SourceCodeControl) = preSolution
		SccNumberOfProjects = 15
		SccWebProject0 = true
		SccProjectUniqueName0 = ArgixDirect08\\Tracking
		SccProjectName0 = \u0022$/Argix08/ArgixDirect08/Tracking\u0022,\u0020QDXAAAAA
		SccLocalPath0 = C:\\Data\\Projects\\Argix08\\ArgixDirect08\\Tracking
		SccProvider0 = MSSCCI:Microsoft\u0020Visual\u0020SourceSafe
		SccProjectEnlistmentChoice0 = 2
		SccWebProject1 = true
		SccProjectUniqueName1 = ArgixDirect08\\Downloads
		SccProjectName1 = \u0022$/Argix08/ArgixDirect08/Downloads\u0022,\u0020EOXAAAAA
		SccLocalPath1 = ArgixDirect08
		SccProvider1 = MSSCCI:Microsoft\u0020Visual\u0020SourceSafe
		SccProjectFilePathRelativizedFromConnection1 = Downloads\\
		SccProjectEnlistmentChoice1 = 2
		SccProjectUniqueName2 = Argix08.User\\Argix08.WebSvc.Win\\Argix08.WebSvc.Win.csproj
		SccProjectName2 = \u0022$/Argix08/Argix08.User/Argix08.WebSvc.Win\u0022,\u0020QPDBAAAA
		SccLocalPath2 = Argix08.User\\Argix08.WebSvc.Win
		SccProvider2 = MSSCCI:Microsoft\u0020Visual\u0020SourceSafe
		SccWebProject3 = true
		SccProjectUniqueName3 = Argix08.User\\Argix08.WebSvc.Web
		SccProjectName3 = \u0022$/Argix08/Argix08.User/Argix08.WebSvc.Web\u0022,\u0020MQDBAAAA
		SccLocalPath3 = C:\\Data\\Projects\\Argix08\\Argix08.User\\Argix08.WebSvc.Web
		SccProvider3 = MSSCCI:Microsoft\u0020Visual\u0020SourceSafe
		SccProjectEnlistmentChoice3 = 2
		SccWebProject4 = true
		SccProjectUniqueName4 = ArgixDirect08\\FastTracking
		SccProjectName4 = \u0022$/Argix08/ArgixDirect08\u0022,\u0020ODXAAAAA
		SccLocalPath4 = ArgixDirect08
		SccProvider4 = MSSCCI:Microsoft\u0020Visual\u0020SourceSafe
		SccProjectFilePathRelativizedFromConnection4 = FastTracking\\
		SccProjectEnlistmentChoice4 = 2
		SccWebProject5 = true
		SccProjectUniqueName5 = ArgixDirect08\\TrackingReports
		SccProjectName5 = \u0022$/Argix08/ArgixDirect08\u0022,\u0020ODXAAAAA
		SccLocalPath5 = ArgixDirect08
		SccProvider5 = MSSCCI:Microsoft\u0020Visual\u0020SourceSafe
		SccProjectFilePathRelativizedFromConnection5 = TrackingReports\\
		SccProjectEnlistmentChoice5 = 2
		SccWebProject6 = true
		SccProjectUniqueName6 = ArgixDirect08\\IssueMgt
		SccProjectName6 = \u0022$/Argix08/ArgixDirect08\u0022,\u0020ODXAAAAA
		SccLocalPath6 = ArgixDirect08
		SccProvider6 = MSSCCI:Microsoft\u0020Visual\u0020SourceSafe
		SccProjectFilePathRelativizedFromConnection6 = IssueMgt\\
		SccProjectEnlistmentChoice6 = 2
		SccWebProject7 = true
		SccProjectUniqueName7 = Argix08.Services\\Argix08.KronosService
		SccProjectName7 = \u0022$/Argix08\u0022,\u0020NJUAAAAA
		SccLocalPath7 = .
		SccProvider7 = MSSCCI:Microsoft\u0020Visual\u0020SourceSafe
		SccProjectFilePathRelativizedFromConnection7 = Argix08.Services\\Argix08.KronosService\\
		SccProjectEnlistmentChoice7 = 2
		SccWebProject8 = true
		SccProjectUniqueName8 = ArgixDirect08\\IDViewer
		SccProjectName8 = \u0022$/Argix08/ArgixDirect08/IDViewer\u0022,\u0020SFIBAAAA
		SccLocalPath8 = C:\\Data\\Projects\\Argix08\\ArgixDirect08\\IDViewer
		SccProvider8 = MSSCCI:Microsoft\u0020Visual\u0020SourceSafe
		SccProjectEnlistmentChoice8 = 2
		SccWebProject9 = true
		SccProjectUniqueName9 = Argix08.Services\\Argix08.CustomerServices
		SccProjectName9 = \u0022$/Argix08\u0022,\u0020NJUAAAAA
		SccLocalPath9 = .
		SccProvider9 = MSSCCI:Microsoft\u0020Visual\u0020SourceSafe
		SccProjectFilePathRelativizedFromConnection9 = Argix08.Services\\Argix08.CustomerServices\\
		SccProjectEnlistmentChoice9 = 2
		SccWebProject10 = true
		SccProjectUniqueName10 = ArgixDirect08\\Freight
		SccProjectName10 = \u0022$/Argix08/ArgixDirect08/Freight\u0022,\u0020HQIBAAAA
		SccLocalPath10 = C:\\Data\\Projects\\Argix08\\ArgixDirect08\\Freight
		SccProvider10 = MSSCCI:Microsoft\u0020Visual\u0020SourceSafe
		SccProjectEnlistmentChoice10 = 2
		SccWebProject11 = true
		SccProjectUniqueName11 = Argix08.Services\\Argix08.FreightServices
		SccProjectName11 = \u0022$/Argix08/Argix08.Services/Argix08.FreightServices\u0022,\u0020DSIBAAAA
		SccLocalPath11 = C:\\Data\\Projects\\Argix08\\Argix08.Services\\Argix08.FreightServices
		SccProvider11 = MSSCCI:Microsoft\u0020Visual\u0020SourceSafe
		SccProjectEnlistmentChoice11 = 2
		SccWebProject12 = true
		SccProjectUniqueName12 = Argix08.Services\\Argix08.TrackingServices
		SccProjectName12 = \u0022$/Argix08/Argix08.Services/Argix08.TrackingServices\u0022,\u0020RHIBAAAA
		SccLocalPath12 = C:\\Data\\Projects\\Argix08\\Argix08.Services\\Argix08.TrackingServices
		SccProvider12 = MSSCCI:Microsoft\u0020Visual\u0020SourceSafe
		SccProjectEnlistmentChoice12 = 2
		SccWebProject13 = true
		SccProjectUniqueName13 = ArgixDirect08\\BNTracking
		SccProjectName13 = \u0022$/Argix08/ArgixDirect08\u0022,\u0020ODXAAAAA
		SccLocalPath13 = ArgixDirect08
		SccProvider13 = MSSCCI:Microsoft\u0020Visual\u0020SourceSafe
		SccProjectFilePathRelativizedFromConnection13 = BNTracking\\
		SccProjectEnlistmentChoice13 = 2
		SccWebProject14 = true
		SccProjectUniqueName14 = ArgixDirect08\\DDUTracking
		SccProjectName14 = \u0022$/Argix08/ArgixDirect08\u0022,\u0020ODXAAAAA
		SccLocalPath14 = ArgixDirect08
		SccProvider14 = MSSCCI:Microsoft\u0020Visual\u0020SourceSafe
		SccProjectFilePathRelativizedFromConnection14 = DDUTracking\\
		SccProjectEnlistmentChoice14 = 2
	EndGlobalSection
	GlobalSection(SolutionConfigurationPlatforms) = preSolution
		Debug|.NET = Debug|.NET
		Debug|Any CPU = Debug|Any CPU
		Debug|Mixed Platforms = Debug|Mixed Platforms
		Release|.NET = Release|.NET
		Release|Any CPU = Release|Any CPU
		Release|Mixed Platforms = Release|Mixed Platforms
	EndGlobalSection
	GlobalSection(ProjectConfigurationPlatforms) = postSolution
		{40BAB6DD-89D7-42E9-B7F7-1B169937D46E}.Debug|.NET.ActiveCfg = Debug|.NET
		{40BAB6DD-89D7-42E9-B7F7-1B169937D46E}.Debug|.NET.Build.0 = Debug|.NET
		{40BAB6DD-89D7-42E9-B7F7-1B169937D46E}.Debug|Any CPU.ActiveCfg = Debug|.NET
		{40BAB6DD-89D7-42E9-B7F7-1B169937D46E}.Debug|Mixed Platforms.ActiveCfg = Debug|Any CPU
		{40BAB6DD-89D7-42E9-B7F7-1B169937D46E}.Debug|Mixed Platforms.Build.0 = Debug|Any CPU
		{40BAB6DD-89D7-42E9-B7F7-1B169937D46E}.Release|.NET.ActiveCfg = Debug|.NET
		{40BAB6DD-89D7-42E9-B7F7-1B169937D46E}.Release|.NET.Build.0 = Debug|.NET
		{40BAB6DD-89D7-42E9-B7F7-1B169937D46E}.Release|Any CPU.ActiveCfg = Debug|.NET
		{40BAB6DD-89D7-42E9-B7F7-1B169937D46E}.Release|Mixed Platforms.ActiveCfg = Debug|.NET
		{40BAB6DD-89D7-42E9-B7F7-1B169937D46E}.Release|Mixed Platforms.Build.0 = Debug|.NET
		{E5CF3A42-272A-4022-AFF9-B322C7E5C8B1}.Debug|.NET.ActiveCfg = Debug|.NET
		{E5CF3A42-272A-4022-AFF9-B322C7E5C8B1}.Debug|Any CPU.ActiveCfg = Debug|.NET
		{E5CF3A42-272A-4022-AFF9-B322C7E5C8B1}.Debug|Mixed Platforms.ActiveCfg = Debug|Any CPU
		{E5CF3A42-272A-4022-AFF9-B322C7E5C8B1}.Debug|Mixed Platforms.Build.0 = Debug|Any CPU
		{E5CF3A42-272A-4022-AFF9-B322C7E5C8B1}.Release|.NET.ActiveCfg = Debug|.NET
		{E5CF3A42-272A-4022-AFF9-B322C7E5C8B1}.Release|.NET.Build.0 = Debug|.NET
		{E5CF3A42-272A-4022-AFF9-B322C7E5C8B1}.Release|Any CPU.ActiveCfg = Debug|.NET
		{E5CF3A42-272A-4022-AFF9-B322C7E5C8B1}.Release|Mixed Platforms.ActiveCfg = Debug|.NET
		{E5CF3A42-272A-4022-AFF9-B322C7E5C8B1}.Release|Mixed Platforms.Build.0 = Debug|.NET
		{31392C07-C505-45CE-9A9E-A93C8BFB6F94}.Debug|.NET.ActiveCfg = Debug|Any CPU
		{31392C07-C505-45CE-9A9E-A93C8BFB6F94}.Debug|Any CPU.ActiveCfg = Debug|Any CPU
		{31392C07-C505-45CE-9A9E-A93C8BFB6F94}.Debug|Any CPU.Build.0 = Debug|Any CPU
		{31392C07-C505-45CE-9A9E-A93C8BFB6F94}.Debug|Mixed Platforms.ActiveCfg = Debug|Any CPU
		{31392C07-C505-45CE-9A9E-A93C8BFB6F94}.Debug|Mixed Platforms.Build.0 = Debug|Any CPU
		{31392C07-C505-45CE-9A9E-A93C8BFB6F94}.Release|.NET.ActiveCfg = Release|Any CPU
		{31392C07-C505-45CE-9A9E-A93C8BFB6F94}.Release|Any CPU.ActiveCfg = Release|Any CPU
		{31392C07-C505-45CE-9A9E-A93C8BFB6F94}.Release|Any CPU.Build.0 = Release|Any CPU
		{31392C07-C505-45CE-9A9E-A93C8BFB6F94}.Release|Mixed Platforms.ActiveCfg = Release|Any CPU
		{31392C07-C505-45CE-9A9E-A93C8BFB6F94}.Release|Mixed Platforms.Build.0 = Release|Any CPU
		{DC7B97AE-F679-4BD9-88B9-506E0E9CC871}.Debug|.NET.ActiveCfg = Debug|.NET
		{DC7B97AE-F679-4BD9-88B9-506E0E9CC871}.Debug|.NET.Build.0 = Debug|.NET
		{DC7B97AE-F679-4BD9-88B9-506E0E9CC871}.Debug|Any CPU.ActiveCfg = Debug|.NET
		{DC7B97AE-F679-4BD9-88B9-506E0E9CC871}.Debug|Mixed Platforms.ActiveCfg = Debug|.NET
		{DC7B97AE-F679-4BD9-88B9-506E0E9CC871}.Debug|Mixed Platforms.Build.0 = Debug|.NET
		{DC7B97AE-F679-4BD9-88B9-506E0E9CC871}.Release|.NET.ActiveCfg = Debug|.NET
		{DC7B97AE-F679-4BD9-88B9-506E0E9CC871}.Release|.NET.Build.0 = Debug|.NET
		{DC7B97AE-F679-4BD9-88B9-506E0E9CC871}.Release|Any CPU.ActiveCfg = Debug|.NET
		{DC7B97AE-F679-4BD9-88B9-506E0E9CC871}.Release|Mixed Platforms.ActiveCfg = Debug|.NET
		{DC7B97AE-F679-4BD9-88B9-506E0E9CC871}.Release|Mixed Platforms.Build.0 = Debug|.NET
		{9894ADFC-8B42-4270-A0BC-647057F191D5}.Debug|.NET.ActiveCfg = Debug|Any CPU
		{9894ADFC-8B42-4270-A0BC-647057F191D5}.Debug|Any CPU.ActiveCfg = Debug|Any CPU
		{9894ADFC-8B42-4270-A0BC-647057F191D5}.Debug|Any CPU.Build.0 = Debug|Any CPU
		{9894ADFC-8B42-4270-A0BC-647057F191D5}.Debug|Mixed Platforms.ActiveCfg = Debug|Any CPU
		{9894ADFC-8B42-4270-A0BC-647057F191D5}.Debug|Mixed Platforms.Build.0 = Debug|Any CPU
		{9894ADFC-8B42-4270-A0BC-647057F191D5}.Release|.NET.ActiveCfg = Debug|Any CPU
		{9894ADFC-8B42-4270-A0BC-647057F191D5}.Release|Any CPU.ActiveCfg = Debug|Any CPU
		{9894ADFC-8B42-4270-A0BC-647057F191D5}.Release|Any CPU.Build.0 = Debug|Any CPU
		{9894ADFC-8B42-4270-A0BC-647057F191D5}.Release|Mixed Platforms.ActiveCfg = Debug|Any CPU
		{9894ADFC-8B42-4270-A0BC-647057F191D5}.Release|Mixed Platforms.Build.0 = Debug|Any CPU
		{412FA3D5-F60D-4288-B416-5C687F66F4CB}.Debug|.NET.ActiveCfg = Debug|Any CPU
		{412FA3D5-F60D-4288-B416-5C687F66F4CB}.Debug|Any CPU.ActiveCfg = Debug|Any CPU
		{412FA3D5-F60D-4288-B416-5C687F66F4CB}.Debug|Any CPU.Build.0 = Debug|Any CPU
		{412FA3D5-F60D-4288-B416-5C687F66F4CB}.Debug|Mixed Platforms.ActiveCfg = Debug|Any CPU
		{412FA3D5-F60D-4288-B416-5C687F66F4CB}.Debug|Mixed Platforms.Build.0 = Debug|Any CPU
		{412FA3D5-F60D-4288-B416-5C687F66F4CB}.Release|.NET.ActiveCfg = Debug|Any CPU
		{412FA3D5-F60D-4288-B416-5C687F66F4CB}.Release|Any CPU.ActiveCfg = Debug|Any CPU
		{412FA3D5-F60D-4288-B416-5C687F66F4CB}.Release|Any CPU.Build.0 = Debug|Any CPU
		{412FA3D5-F60D-4288-B416-5C687F66F4CB}.Release|Mixed Platforms.ActiveCfg = Debug|Any CPU
		{412FA3D5-F60D-4288-B416-5C687F66F4CB}.Release|Mixed Platforms.Build.0 = Debug|Any CPU
		{F63941AF-8B33-48AA-8F74-C34C903A0B53}.Debug|.NET.ActiveCfg = Debug|Any CPU
		{F63941AF-8B33-48AA-8F74-C34C903A0B53}.Debug|Any CPU.ActiveCfg = Debug|Any CPU
		{F63941AF-8B33-48AA-8F74-C34C903A0B53}.Debug|Any CPU.Build.0 = Debug|Any CPU
		{F63941AF-8B33-48AA-8F74-C34C903A0B53}.Debug|Mixed Platforms.ActiveCfg = Debug|Any CPU
		{F63941AF-8B33-48AA-8F74-C34C903A0B53}.Debug|Mixed Platforms.Build.0 = Debug|Any CPU
		{F63941AF-8B33-48AA-8F74-C34C903A0B53}.Release|.NET.ActiveCfg = Debug|Any CPU
		{F63941AF-8B33-48AA-8F74-C34C903A0B53}.Release|Any CPU.ActiveCfg = Debug|Any CPU
		{F63941AF-8B33-48AA-8F74-C34C903A0B53}.Release|Any CPU.Build.0 = Debug|Any CPU
		{F63941AF-8B33-48AA-8F74-C34C903A0B53}.Release|Mixed Platforms.ActiveCfg = Debug|Any CPU
		{F63941AF-8B33-48AA-8F74-C34C903A0B53}.Release|Mixed Platforms.Build.0 = Debug|Any CPU
		{5B519DF1-693B-4192-A553-04F99330813E}.Debug|.NET.ActiveCfg = Debug|Any CPU
		{5B519DF1-693B-4192-A553-04F99330813E}.Debug|Any CPU.ActiveCfg = Debug|Any CPU
		{5B519DF1-693B-4192-A553-04F99330813E}.Debug|Any CPU.Build.0 = Debug|Any CPU
		{5B519DF1-693B-4192-A553-04F99330813E}.Debug|Mixed Platforms.ActiveCfg = Debug|Any CPU
		{5B519DF1-693B-4192-A553-04F99330813E}.Debug|Mixed Platforms.Build.0 = Debug|Any CPU
		{5B519DF1-693B-4192-A553-04F99330813E}.Release|.NET.ActiveCfg = Debug|Any CPU
		{5B519DF1-693B-4192-A553-04F99330813E}.Release|Any CPU.ActiveCfg = Debug|Any CPU
		{5B519DF1-693B-4192-A553-04F99330813E}.Release|Any CPU.Build.0 = Debug|Any CPU
		{5B519DF1-693B-4192-A553-04F99330813E}.Release|Mixed Platforms.ActiveCfg = Debug|Any CPU
		{5B519DF1-693B-4192-A553-04F99330813E}.Release|Mixed Platforms.Build.0 = Debug|Any CPU
		{5124D24C-2811-45CF-81A4-E68DB53D6063}.Debug|.NET.ActiveCfg = Debug|Any CPU
		{5124D24C-2811-45CF-81A4-E68DB53D6063}.Debug|Any CPU.ActiveCfg = Debug|Any CPU
		{5124D24C-2811-45CF-81A4-E68DB53D6063}.Debug|Any CPU.Build.0 = Debug|Any CPU
		{5124D24C-2811-45CF-81A4-E68DB53D6063}.Debug|Mixed Platforms.ActiveCfg = Debug|Any CPU
		{5124D24C-2811-45CF-81A4-E68DB53D6063}.Debug|Mixed Platforms.Build.0 = Debug|Any CPU
		{5124D24C-2811-45CF-81A4-E68DB53D6063}.Release|.NET.ActiveCfg = Debug|Any CPU
		{5124D24C-2811-45CF-81A4-E68DB53D6063}.Release|Any CPU.ActiveCfg = Debug|Any CPU
		{5124D24C-2811-45CF-81A4-E68DB53D6063}.Release|Any CPU.Build.0 = Debug|Any CPU
		{5124D24C-2811-45CF-81A4-E68DB53D6063}.Release|Mixed Platforms.ActiveCfg = Debug|Any CPU
		{5124D24C-2811-45CF-81A4-E68DB53D6063}.Release|Mixed Platforms.Build.0 = Debug|Any CPU
		{F47830C0-0570-4160-8C19-AFE3AA70C445}.Debug|.NET.ActiveCfg = Debug|Any CPU
		{F47830C0-0570-4160-8C19-AFE3AA70C445}.Debug|Any CPU.ActiveCfg = Debug|Any CPU
		{F47830C0-0570-4160-8C19-AFE3AA70C445}.Debug|Any CPU.Build.0 = Debug|Any CPU
		{F47830C0-0570-4160-8C19-AFE3AA70C445}.Debug|Mixed Platforms.ActiveCfg = Debug|Any CPU
		{F47830C0-0570-4160-8C19-AFE3AA70C445}.Debug|Mixed Platforms.Build.0 = Debug|Any CPU
		{F47830C0-0570-4160-8C19-AFE3AA70C445}.Release|.NET.ActiveCfg = Debug|Any CPU
		{F47830C0-0570-4160-8C19-AFE3AA70C445}.Release|Any CPU.ActiveCfg = Debug|Any CPU
		{F47830C0-0570-4160-8C19-AFE3AA70C445}.Release|Any CPU.Build.0 = Debug|Any CPU
		{F47830C0-0570-4160-8C19-AFE3AA70C445}.Release|Mixed Platforms.ActiveCfg = Debug|Any CPU
		{F47830C0-0570-4160-8C19-AFE3AA70C445}.Release|Mixed Platforms.Build.0 = Debug|Any CPU
		{15333A65-891D-40E7-B7F9-EA37F601BCE7}.Debug|.NET.ActiveCfg = Debug|Any CPU
		{15333A65-891D-40E7-B7F9-EA37F601BCE7}.Debug|Any CPU.ActiveCfg = Debug|Any CPU
		{15333A65-891D-40E7-B7F9-EA37F601BCE7}.Debug|Any CPU.Build.0 = Debug|Any CPU
		{15333A65-891D-40E7-B7F9-EA37F601BCE7}.Debug|Mixed Platforms.ActiveCfg = Debug|Any CPU
		{15333A65-891D-40E7-B7F9-EA37F601BCE7}.Debug|Mixed Platforms.Build.0 = Debug|Any CPU
		{15333A65-891D-40E7-B7F9-EA37F601BCE7}.Release|.NET.ActiveCfg = Debug|Any CPU
		{15333A65-891D-40E7-B7F9-EA37F601BCE7}.Release|Any CPU.ActiveCfg = Debug|Any CPU
		{15333A65-891D-40E7-B7F9-EA37F601BCE7}.Release|Any CPU.Build.0 = Debug|Any CPU
		{15333A65-891D-40E7-B7F9-EA37F601BCE7}.Release|Mixed Platforms.ActiveCfg = Debug|Any CPU
		{15333A65-891D-40E7-B7F9-EA37F601BCE7}.Release|Mixed Platforms.Build.0 = Debug|Any CPU
		{AEA2D622-CE12-423C-9737-D7E7C976CE99}.Debug|.NET.ActiveCfg = Debug|Any CPU
		{AEA2D622-CE12-423C-9737-D7E7C976CE99}.Debug|Any CPU.ActiveCfg = Debug|Any CPU
		{AEA2D622-CE12-423C-9737-D7E7C976CE99}.Debug|Any CPU.Build.0 = Debug|Any CPU
		{AEA2D622-CE12-423C-9737-D7E7C976CE99}.Debug|Mixed Platforms.ActiveCfg = Debug|Any CPU
		{AEA2D622-CE12-423C-9737-D7E7C976CE99}.Debug|Mixed Platforms.Build.0 = Debug|Any CPU
		{AEA2D622-CE12-423C-9737-D7E7C976CE99}.Release|.NET.ActiveCfg = Debug|Any CPU
		{AEA2D622-CE12-423C-9737-D7E7C976CE99}.Release|Any CPU.ActiveCfg = Debug|Any CPU
		{AEA2D622-CE12-423C-9737-D7E7C976CE99}.Release|Any CPU.Build.0 = Debug|Any CPU
		{AEA2D622-CE12-423C-9737-D7E7C976CE99}.Release|Mixed Platforms.ActiveCfg = Debug|Any CPU
		{AEA2D622-CE12-423C-9737-D7E7C976CE99}.Release|Mixed Platforms.Build.0 = Debug|Any CPU
		{482D2306-E7A4-443B-89C1-FCED1F5D0288}.Debug|.NET.ActiveCfg = Debug|Any CPU
		{482D2306-E7A4-443B-89C1-FCED1F5D0288}.Debug|Any CPU.ActiveCfg = Debug|Any CPU
		{482D2306-E7A4-443B-89C1-FCED1F5D0288}.Debug|Any CPU.Build.0 = Debug|Any CPU
		{482D2306-E7A4-443B-89C1-FCED1F5D0288}.Debug|Mixed Platforms.ActiveCfg = Debug|Any CPU
		{482D2306-E7A4-443B-89C1-FCED1F5D0288}.Debug|Mixed Platforms.Build.0 = Debug|Any CPU
		{482D2306-E7A4-443B-89C1-FCED1F5D0288}.Release|.NET.ActiveCfg = Debug|Any CPU
		{482D2306-E7A4-443B-89C1-FCED1F5D0288}.Release|Any CPU.ActiveCfg = Debug|Any CPU
		{482D2306-E7A4-443B-89C1-FCED1F5D0288}.Release|Any CPU.Build.0 = Debug|Any CPU
		{482D2306-E7A4-443B-89C1-FCED1F5D0288}.Release|Mixed Platforms.ActiveCfg = Debug|Any CPU
		{482D2306-E7A4-443B-89C1-FCED1F5D0288}.Release|Mixed Platforms.Build.0 = Debug|Any CPU
		{D6830827-C982-4B30-8D5C-0BA10FF83B31}.Debug|.NET.ActiveCfg = Debug|Any CPU
		{D6830827-C982-4B30-8D5C-0BA10FF83B31}.Debug|Any CPU.ActiveCfg = Debug|Any CPU
		{D6830827-C982-4B30-8D5C-0BA10FF83B31}.Debug|Any CPU.Build.0 = Debug|Any CPU
		{D6830827-C982-4B30-8D5C-0BA10FF83B31}.Debug|Mixed Platforms.ActiveCfg = Debug|Any CPU
		{D6830827-C982-4B30-8D5C-0BA10FF83B31}.Debug|Mixed Platforms.Build.0 = Debug|Any CPU
		{D6830827-C982-4B30-8D5C-0BA10FF83B31}.Release|.NET.ActiveCfg = Debug|Any CPU
		{D6830827-C982-4B30-8D5C-0BA10FF83B31}.Release|Any CPU.ActiveCfg = Debug|Any CPU
		{D6830827-C982-4B30-8D5C-0BA10FF83B31}.Release|Any CPU.Build.0 = Debug|Any CPU
		{D6830827-C982-4B30-8D5C-0BA10FF83B31}.Release|Mixed Platforms.ActiveCfg = Debug|Any CPU
		{D6830827-C982-4B30-8D5C-0BA10FF83B31}.Release|Mixed Platforms.Build.0 = Debug|Any CPU
		{D29044DD-E583-4206-8706-4731777325DE}.Debug|.NET.ActiveCfg = Debug|Any CPU
		{D29044DD-E583-4206-8706-4731777325DE}.Debug|Any CPU.ActiveCfg = Debug|Any CPU
		{D29044DD-E583-4206-8706-4731777325DE}.Debug|Any CPU.Build.0 = Debug|Any CPU
		{D29044DD-E583-4206-8706-4731777325DE}.Debug|Mixed Platforms.ActiveCfg = Debug|Any CPU
		{D29044DD-E583-4206-8706-4731777325DE}.Debug|Mixed Platforms.Build.0 = Debug|Any CPU
		{D29044DD-E583-4206-8706-4731777325DE}.Release|.NET.ActiveCfg = Debug|Any CPU
		{D29044DD-E583-4206-8706-4731777325DE}.Release|Any CPU.ActiveCfg = Debug|Any CPU
		{D29044DD-E583-4206-8706-4731777325DE}.Release|Any CPU.Build.0 = Debug|Any CPU
		{D29044DD-E583-4206-8706-4731777325DE}.Release|Mixed Platforms.ActiveCfg = Debug|Any CPU
		{D29044DD-E583-4206-8706-4731777325DE}.Release|Mixed Platforms.Build.0 = Debug|Any CPU
		{02541A00-00C8-4F4B-B45B-55875A385057}.Debug|.NET.ActiveCfg = Debug|Any CPU
		{02541A00-00C8-4F4B-B45B-55875A385057}.Debug|Any CPU.ActiveCfg = Debug|Any CPU
		{02541A00-00C8-4F4B-B45B-55875A385057}.Debug|Any CPU.Build.0 = Debug|Any CPU
		{02541A00-00C8-4F4B-B45B-55875A385057}.Debug|Mixed Platforms.ActiveCfg = Debug|Any CPU
		{02541A00-00C8-4F4B-B45B-55875A385057}.Debug|Mixed Platforms.Build.0 = Debug|Any CPU
		{02541A00-00C8-4F4B-B45B-55875A385057}.Release|.NET.ActiveCfg = Debug|Any CPU
		{02541A00-00C8-4F4B-B45B-55875A385057}.Release|Any CPU.ActiveCfg = Debug|Any CPU
		{02541A00-00C8-4F4B-B45B-55875A385057}.Release|Any CPU.Build.0 = Debug|Any CPU
		{02541A00-00C8-4F4B-B45B-55875A385057}.Release|Mixed Platforms.ActiveCfg = Debug|Any CPU
		{02541A00-00C8-4F4B-B45B-55875A385057}.Release|Mixed Platforms.Build.0 = Debug|Any CPU
		{621B3316-FE72-4020-B8C4-45E1E4611E7D}.Debug|.NET.ActiveCfg = Debug|Any CPU
		{621B3316-FE72-4020-B8C4-45E1E4611E7D}.Debug|Any CPU.ActiveCfg = Debug|Any CPU
		{621B3316-FE72-4020-B8C4-45E1E4611E7D}.Debug|Any CPU.Build.0 = Debug|Any CPU
		{621B3316-FE72-4020-B8C4-45E1E4611E7D}.Debug|Mixed Platforms.ActiveCfg = Debug|Any CPU
		{621B3316-FE72-4020-B8C4-45E1E4611E7D}.Debug|Mixed Platforms.Build.0 = Debug|Any CPU
		{621B3316-FE72-4020-B8C4-45E1E4611E7D}.Release|.NET.ActiveCfg = Debug|Any CPU
		{621B3316-FE72-4020-B8C4-45E1E4611E7D}.Release|Any CPU.ActiveCfg = Debug|Any CPU
		{621B3316-FE72-4020-B8C4-45E1E4611E7D}.Release|Any CPU.Build.0 = Debug|Any CPU
		{621B3316-FE72-4020-B8C4-45E1E4611E7D}.Release|Mixed Platforms.ActiveCfg = Debug|Any CPU
		{621B3316-FE72-4020-B8C4-45E1E4611E7D}.Release|Mixed Platforms.Build.0 = Debug|Any CPU
	EndGlobalSection
	GlobalSection(SolutionProperties) = preSolution
		HideSolutionNode = FALSE
	EndGlobalSection
EndGlobal
