
Microsoft Visual Studio Solution File, Format Version 10.00
# Visual Studio 2008
Project("{FAE04EC0-301F-11D3-BF4B-00C04F79EFBC}") = "Argix08.MobileDevices.Win", "Argix08.User\Argix08.MobileDevices.Win\Argix08.MobileDevices.Win.csproj", "{4B73A446-C4C3-4AA9-B157-D7D0D56B4B56}"
	ProjectSection(ProjectDependencies) = postProject
		{1A5DF681-8D04-4DE7-B291-99072E40EBB9} = {1A5DF681-8D04-4DE7-B291-99072E40EBB9}
	EndProjectSection
EndProject
Project("{E24C65DC-7377-472B-9ABA-BC803B73C61A}") = "Argix08.GlobalServices", "Argix08.Services\Argix08.GlobalServices", "{1A5DF681-8D04-4DE7-B291-99072E40EBB9}"
	ProjectSection(WebsiteProperties) = preProject
		SccProjectName = ""$/Argix08/Argix08.Services/Argix08.GlobalServices", KUCBAAAA"
		SccAuxPath = ""
		SccLocalPath = "."
		SccProvider = "MSSCCI:Microsoft Visual SourceSafe"
		TargetFramework = "3.5"
		Debug.AspNetCompiler.VirtualPath = "/Argix08.GlobalServices"
		Debug.AspNetCompiler.PhysicalPath = "Argix08.Services\Argix08.GlobalServices\"
		Debug.AspNetCompiler.TargetPath = "PrecompiledWeb\Argix08.GlobalServices\"
		Debug.AspNetCompiler.Updateable = "true"
		Debug.AspNetCompiler.ForceOverwrite = "true"
		Debug.AspNetCompiler.FixedNames = "false"
		Debug.AspNetCompiler.Debug = "True"
		Release.AspNetCompiler.VirtualPath = "/Argix08.GlobalServices"
		Release.AspNetCompiler.PhysicalPath = "Argix08.Services\Argix08.GlobalServices\"
		Release.AspNetCompiler.TargetPath = "PrecompiledWeb\Argix08.GlobalServices\"
		Release.AspNetCompiler.Updateable = "true"
		Release.AspNetCompiler.ForceOverwrite = "true"
		Release.AspNetCompiler.FixedNames = "false"
		Release.AspNetCompiler.Debug = "False"
		VWDPort = "62775"
	EndProjectSection
EndProject
Project("{FAE04EC0-301F-11D3-BF4B-00C04F79EFBC}") = "Argix08.DeliveryPoints.Win", "Argix08.User\Argix08.DeliveryPoints.Win\Argix08.DeliveryPoints.Win.csproj", "{7681E067-C70A-4B56-9C9D-ABB66F3793FE}"
	ProjectSection(ProjectDependencies) = postProject
		{AC45E922-84EF-44A6-BCAD-30309EB184F1} = {AC45E922-84EF-44A6-BCAD-30309EB184F1}
		{1A5DF681-8D04-4DE7-B291-99072E40EBB9} = {1A5DF681-8D04-4DE7-B291-99072E40EBB9}
	EndProjectSection
EndProject
Project("{FAE04EC0-301F-11D3-BF4B-00C04F79EFBC}") = "Argix08.Dispatch.Win", "Argix08.User\Argix08.Dispatch.Win\Argix08.Dispatch.Win.csproj", "{13ED0892-F91F-4046-8812-23B5D26989CA}"
EndProject
Project("{F14B399A-7131-4C87-9E4B-1186C45EF12D}") = "Argix08.Terminals.Rpts", "Argxi08.Reports\Argix08.Terminals.Rpts\Argix08.Terminals.Rpts.rptproj", "{9B4FA1AB-E47D-4841-B2A6-5D2B13FF7D74}"
EndProject
Project("{FAE04EC0-301F-11D3-BF4B-00C04F79EFBC}") = "Argix08.RSReports.Win", "Argix08.User\Argix08.RSReports.Win\Argix08.RSReports.Win.csproj", "{195F075D-D381-4ABC-A8F2-4C10BFB3FA30}"
	ProjectSection(ProjectDependencies) = postProject
		{1A5DF681-8D04-4DE7-B291-99072E40EBB9} = {1A5DF681-8D04-4DE7-B291-99072E40EBB9}
	EndProjectSection
EndProject
Project("{E24C65DC-7377-472B-9ABA-BC803B73C61A}") = "Argix08.RoadshowServices", "Argix08.Services\Argix08.RoadshowServices", "{AC45E922-84EF-44A6-BCAD-30309EB184F1}"
	ProjectSection(WebsiteProperties) = preProject
		SccProjectName = ""$/Argix08/Argix08.Services/Argix08.RoadshowServices", BCJBAAAA"
		SccAuxPath = ""
		SccLocalPath = "."
		SccProvider = "MSSCCI:Microsoft Visual SourceSafe"
		TargetFramework = "3.5"
		Debug.AspNetCompiler.VirtualPath = "/Argix08.RoadshowServices"
		Debug.AspNetCompiler.PhysicalPath = "Argix08.Services\Argix08.RoadshowServices\"
		Debug.AspNetCompiler.TargetPath = "PrecompiledWeb\Argix08.RoadshowServices\"
		Debug.AspNetCompiler.Updateable = "true"
		Debug.AspNetCompiler.ForceOverwrite = "true"
		Debug.AspNetCompiler.FixedNames = "false"
		Debug.AspNetCompiler.Debug = "True"
		Release.AspNetCompiler.VirtualPath = "/Argix08.RoadshowServices"
		Release.AspNetCompiler.PhysicalPath = "Argix08.Services\Argix08.RoadshowServices\"
		Release.AspNetCompiler.TargetPath = "PrecompiledWeb\Argix08.RoadshowServices\"
		Release.AspNetCompiler.Updateable = "true"
		Release.AspNetCompiler.ForceOverwrite = "true"
		Release.AspNetCompiler.FixedNames = "false"
		Release.AspNetCompiler.Debug = "False"
		VWDPort = "1821"
		DefaultWebSiteLanguage = "Visual C#"
	EndProjectSection
EndProject
Global
	GlobalSection(SourceCodeControl) = preSolution
		SccNumberOfProjects = 7
		SccProjectUniqueName0 = Argix08.User\\Argix08.MobileDevices.Win\\Argix08.MobileDevices.Win.csproj
		SccProjectName0 = \u0022$/Argix08/Argix08.User/Argix08.MobileDevices.Win\u0022,\u0020XFDBAAAA
		SccLocalPath0 = Argix08.User\\Argix08.MobileDevices.Win
		SccProvider0 = MSSCCI:Microsoft\u0020Visual\u0020SourceSafe
		SccProjectUniqueName1 = Argix08.User\\Argix08.DeliveryPoints.Win\\Argix08.DeliveryPoints.Win.csproj
		SccProjectName1 = \u0022$/Argix08/Argix08.User/Argix08.DeliveryPoints.Win\u0022,\u0020ACEBAAAA
		SccLocalPath1 = Argix08.User\\Argix08.DeliveryPoints.Win
		SccProvider1 = MSSCCI:Microsoft\u0020Visual\u0020SourceSafe
		SccProjectUniqueName2 = Argix08.User\\Argix08.Dispatch.Win\\Argix08.Dispatch.Win.csproj
		SccProjectName2 = \u0022$/Argix08/Argix08.User/Argix08.Dispatch.Win\u0022,\u0020YEGBAAAA
		SccLocalPath2 = Argix08.User\\Argix08.Dispatch.Win
		SccProvider2 = MSSCCI:Microsoft\u0020Visual\u0020SourceSafe
		SccProjectUniqueName3 = Argix08.User\\Argix08.RSReports.Win\\Argix08.RSReports.Win.csproj
		SccProjectName3 = \u0022$/Argix08/Argix08.User/Argix08.RSReports.Win\u0022,\u0020ISGBAAAA
		SccLocalPath3 = Argix08.User\\Argix08.RSReports.Win
		SccProvider3 = MSSCCI:Microsoft\u0020Visual\u0020SourceSafe
		SccWebProject4 = true
		SccProjectUniqueName4 = Argix08.Services\\Argix08.GlobalServices
		SccProjectName4 = \u0022$/Argix08/Argix08.Services/Argix08.GlobalServices\u0022,\u0020KUCBAAAA
		SccLocalPath4 = C:\\Data\\Projects\\Argix08\\Argix08.Services\\Argix08.GlobalServices
		SccProvider4 = MSSCCI:Microsoft\u0020Visual\u0020SourceSafe
		SccProjectEnlistmentChoice4 = 2
		SccProjectUniqueName5 = Argxi08.Reports\\Argix08.Terminals.Rpts\\Argix08.Terminals.Rpts.rptproj
		SccProjectName5 = \u0022$/Argix08/Argix08.Reports/Argix08.Terminals.Rpts\u0022,\u0020IEGBAAAA
		SccLocalPath5 = Argxi08.Reports\\Argix08.Terminals.Rpts
		SccProvider5 = MSSCCI:Microsoft\u0020Visual\u0020SourceSafe
		SccWebProject6 = true
		SccProjectUniqueName6 = Argix08.Services\\Argix08.RoadshowServices
		SccProjectName6 = \u0022$/Argix08/Argix08.Services/Argix08.RoadshowServices\u0022,\u0020BCJBAAAA
		SccLocalPath6 = C:\\Data\\Projects\\Argix08\\Argix08.Services\\Argix08.RoadshowServices
		SccProvider6 = MSSCCI:Microsoft\u0020Visual\u0020SourceSafe
		SccProjectEnlistmentChoice6 = 2
	EndGlobalSection
	GlobalSection(SolutionConfigurationPlatforms) = preSolution
		Debug|.NET = Debug|.NET
		Debug|Any CPU = Debug|Any CPU
		Debug|Mixed Platforms = Debug|Mixed Platforms
		DebugLocal|.NET = DebugLocal|.NET
		DebugLocal|Any CPU = DebugLocal|Any CPU
		DebugLocal|Mixed Platforms = DebugLocal|Mixed Platforms
		Production|.NET = Production|.NET
		Production|Any CPU = Production|Any CPU
		Production|Mixed Platforms = Production|Mixed Platforms
		Release|.NET = Release|.NET
		Release|Any CPU = Release|Any CPU
		Release|Mixed Platforms = Release|Mixed Platforms
	EndGlobalSection
	GlobalSection(ProjectConfigurationPlatforms) = postSolution
		{4B73A446-C4C3-4AA9-B157-D7D0D56B4B56}.Debug|.NET.ActiveCfg = Debug|Any CPU
		{4B73A446-C4C3-4AA9-B157-D7D0D56B4B56}.Debug|Any CPU.ActiveCfg = Debug|Any CPU
		{4B73A446-C4C3-4AA9-B157-D7D0D56B4B56}.Debug|Any CPU.Build.0 = Debug|Any CPU
		{4B73A446-C4C3-4AA9-B157-D7D0D56B4B56}.Debug|Mixed Platforms.ActiveCfg = Debug|Any CPU
		{4B73A446-C4C3-4AA9-B157-D7D0D56B4B56}.Debug|Mixed Platforms.Build.0 = Debug|Any CPU
		{4B73A446-C4C3-4AA9-B157-D7D0D56B4B56}.DebugLocal|.NET.ActiveCfg = Debug|Any CPU
		{4B73A446-C4C3-4AA9-B157-D7D0D56B4B56}.DebugLocal|Any CPU.ActiveCfg = Debug|Any CPU
		{4B73A446-C4C3-4AA9-B157-D7D0D56B4B56}.DebugLocal|Any CPU.Build.0 = Debug|Any CPU
		{4B73A446-C4C3-4AA9-B157-D7D0D56B4B56}.DebugLocal|Mixed Platforms.ActiveCfg = Debug|Any CPU
		{4B73A446-C4C3-4AA9-B157-D7D0D56B4B56}.DebugLocal|Mixed Platforms.Build.0 = Debug|Any CPU
		{4B73A446-C4C3-4AA9-B157-D7D0D56B4B56}.Production|.NET.ActiveCfg = Release|Any CPU
		{4B73A446-C4C3-4AA9-B157-D7D0D56B4B56}.Production|Any CPU.ActiveCfg = Release|Any CPU
		{4B73A446-C4C3-4AA9-B157-D7D0D56B4B56}.Production|Any CPU.Build.0 = Release|Any CPU
		{4B73A446-C4C3-4AA9-B157-D7D0D56B4B56}.Production|Mixed Platforms.ActiveCfg = Release|Any CPU
		{4B73A446-C4C3-4AA9-B157-D7D0D56B4B56}.Production|Mixed Platforms.Build.0 = Release|Any CPU
		{4B73A446-C4C3-4AA9-B157-D7D0D56B4B56}.Release|.NET.ActiveCfg = Release|Any CPU
		{4B73A446-C4C3-4AA9-B157-D7D0D56B4B56}.Release|Any CPU.ActiveCfg = Release|Any CPU
		{4B73A446-C4C3-4AA9-B157-D7D0D56B4B56}.Release|Any CPU.Build.0 = Release|Any CPU
		{4B73A446-C4C3-4AA9-B157-D7D0D56B4B56}.Release|Mixed Platforms.ActiveCfg = Release|Any CPU
		{4B73A446-C4C3-4AA9-B157-D7D0D56B4B56}.Release|Mixed Platforms.Build.0 = Release|Any CPU
		{1A5DF681-8D04-4DE7-B291-99072E40EBB9}.Debug|.NET.ActiveCfg = Debug|.NET
		{1A5DF681-8D04-4DE7-B291-99072E40EBB9}.Debug|.NET.Build.0 = Debug|.NET
		{1A5DF681-8D04-4DE7-B291-99072E40EBB9}.Debug|Any CPU.ActiveCfg = Debug|.NET
		{1A5DF681-8D04-4DE7-B291-99072E40EBB9}.Debug|Mixed Platforms.ActiveCfg = Debug|.NET
		{1A5DF681-8D04-4DE7-B291-99072E40EBB9}.Debug|Mixed Platforms.Build.0 = Debug|.NET
		{1A5DF681-8D04-4DE7-B291-99072E40EBB9}.DebugLocal|.NET.ActiveCfg = Debug|.NET
		{1A5DF681-8D04-4DE7-B291-99072E40EBB9}.DebugLocal|.NET.Build.0 = Debug|.NET
		{1A5DF681-8D04-4DE7-B291-99072E40EBB9}.DebugLocal|Any CPU.ActiveCfg = Debug|.NET
		{1A5DF681-8D04-4DE7-B291-99072E40EBB9}.DebugLocal|Mixed Platforms.ActiveCfg = Debug|.NET
		{1A5DF681-8D04-4DE7-B291-99072E40EBB9}.DebugLocal|Mixed Platforms.Build.0 = Debug|.NET
		{1A5DF681-8D04-4DE7-B291-99072E40EBB9}.Production|.NET.ActiveCfg = Debug|.NET
		{1A5DF681-8D04-4DE7-B291-99072E40EBB9}.Production|.NET.Build.0 = Debug|.NET
		{1A5DF681-8D04-4DE7-B291-99072E40EBB9}.Production|Any CPU.ActiveCfg = Debug|.NET
		{1A5DF681-8D04-4DE7-B291-99072E40EBB9}.Production|Mixed Platforms.ActiveCfg = Debug|.NET
		{1A5DF681-8D04-4DE7-B291-99072E40EBB9}.Production|Mixed Platforms.Build.0 = Debug|.NET
		{1A5DF681-8D04-4DE7-B291-99072E40EBB9}.Release|.NET.ActiveCfg = Debug|.NET
		{1A5DF681-8D04-4DE7-B291-99072E40EBB9}.Release|.NET.Build.0 = Debug|.NET
		{1A5DF681-8D04-4DE7-B291-99072E40EBB9}.Release|Any CPU.ActiveCfg = Debug|.NET
		{1A5DF681-8D04-4DE7-B291-99072E40EBB9}.Release|Mixed Platforms.ActiveCfg = Debug|.NET
		{1A5DF681-8D04-4DE7-B291-99072E40EBB9}.Release|Mixed Platforms.Build.0 = Debug|.NET
		{7681E067-C70A-4B56-9C9D-ABB66F3793FE}.Debug|.NET.ActiveCfg = Debug|Any CPU
		{7681E067-C70A-4B56-9C9D-ABB66F3793FE}.Debug|Any CPU.ActiveCfg = Debug|Any CPU
		{7681E067-C70A-4B56-9C9D-ABB66F3793FE}.Debug|Any CPU.Build.0 = Debug|Any CPU
		{7681E067-C70A-4B56-9C9D-ABB66F3793FE}.Debug|Mixed Platforms.ActiveCfg = Debug|Any CPU
		{7681E067-C70A-4B56-9C9D-ABB66F3793FE}.Debug|Mixed Platforms.Build.0 = Debug|Any CPU
		{7681E067-C70A-4B56-9C9D-ABB66F3793FE}.DebugLocal|.NET.ActiveCfg = Debug|Any CPU
		{7681E067-C70A-4B56-9C9D-ABB66F3793FE}.DebugLocal|Any CPU.ActiveCfg = Debug|Any CPU
		{7681E067-C70A-4B56-9C9D-ABB66F3793FE}.DebugLocal|Any CPU.Build.0 = Debug|Any CPU
		{7681E067-C70A-4B56-9C9D-ABB66F3793FE}.DebugLocal|Mixed Platforms.ActiveCfg = Debug|Any CPU
		{7681E067-C70A-4B56-9C9D-ABB66F3793FE}.DebugLocal|Mixed Platforms.Build.0 = Debug|Any CPU
		{7681E067-C70A-4B56-9C9D-ABB66F3793FE}.Production|.NET.ActiveCfg = Release|Any CPU
		{7681E067-C70A-4B56-9C9D-ABB66F3793FE}.Production|Any CPU.ActiveCfg = Release|Any CPU
		{7681E067-C70A-4B56-9C9D-ABB66F3793FE}.Production|Any CPU.Build.0 = Release|Any CPU
		{7681E067-C70A-4B56-9C9D-ABB66F3793FE}.Production|Mixed Platforms.ActiveCfg = Release|Any CPU
		{7681E067-C70A-4B56-9C9D-ABB66F3793FE}.Production|Mixed Platforms.Build.0 = Release|Any CPU
		{7681E067-C70A-4B56-9C9D-ABB66F3793FE}.Release|.NET.ActiveCfg = Release|Any CPU
		{7681E067-C70A-4B56-9C9D-ABB66F3793FE}.Release|Any CPU.ActiveCfg = Release|Any CPU
		{7681E067-C70A-4B56-9C9D-ABB66F3793FE}.Release|Any CPU.Build.0 = Release|Any CPU
		{7681E067-C70A-4B56-9C9D-ABB66F3793FE}.Release|Mixed Platforms.ActiveCfg = Release|Any CPU
		{7681E067-C70A-4B56-9C9D-ABB66F3793FE}.Release|Mixed Platforms.Build.0 = Release|Any CPU
		{13ED0892-F91F-4046-8812-23B5D26989CA}.Debug|.NET.ActiveCfg = Debug|Any CPU
		{13ED0892-F91F-4046-8812-23B5D26989CA}.Debug|Any CPU.ActiveCfg = Debug|Any CPU
		{13ED0892-F91F-4046-8812-23B5D26989CA}.Debug|Any CPU.Build.0 = Debug|Any CPU
		{13ED0892-F91F-4046-8812-23B5D26989CA}.Debug|Mixed Platforms.ActiveCfg = Debug|Any CPU
		{13ED0892-F91F-4046-8812-23B5D26989CA}.DebugLocal|.NET.ActiveCfg = Debug|Any CPU
		{13ED0892-F91F-4046-8812-23B5D26989CA}.DebugLocal|Any CPU.ActiveCfg = Debug|Any CPU
		{13ED0892-F91F-4046-8812-23B5D26989CA}.DebugLocal|Any CPU.Build.0 = Debug|Any CPU
		{13ED0892-F91F-4046-8812-23B5D26989CA}.DebugLocal|Mixed Platforms.ActiveCfg = Debug|Any CPU
		{13ED0892-F91F-4046-8812-23B5D26989CA}.DebugLocal|Mixed Platforms.Build.0 = Debug|Any CPU
		{13ED0892-F91F-4046-8812-23B5D26989CA}.Production|.NET.ActiveCfg = Release|Any CPU
		{13ED0892-F91F-4046-8812-23B5D26989CA}.Production|Any CPU.ActiveCfg = Release|Any CPU
		{13ED0892-F91F-4046-8812-23B5D26989CA}.Production|Any CPU.Build.0 = Release|Any CPU
		{13ED0892-F91F-4046-8812-23B5D26989CA}.Production|Mixed Platforms.ActiveCfg = Release|Any CPU
		{13ED0892-F91F-4046-8812-23B5D26989CA}.Production|Mixed Platforms.Build.0 = Release|Any CPU
		{13ED0892-F91F-4046-8812-23B5D26989CA}.Release|.NET.ActiveCfg = Release|Any CPU
		{13ED0892-F91F-4046-8812-23B5D26989CA}.Release|Any CPU.ActiveCfg = Release|Any CPU
		{13ED0892-F91F-4046-8812-23B5D26989CA}.Release|Any CPU.Build.0 = Release|Any CPU
		{13ED0892-F91F-4046-8812-23B5D26989CA}.Release|Mixed Platforms.ActiveCfg = Release|Any CPU
		{9B4FA1AB-E47D-4841-B2A6-5D2B13FF7D74}.Debug|.NET.ActiveCfg = DebugLocal
		{9B4FA1AB-E47D-4841-B2A6-5D2B13FF7D74}.Debug|.NET.Build.0 = DebugLocal
		{9B4FA1AB-E47D-4841-B2A6-5D2B13FF7D74}.Debug|.NET.Deploy.0 = DebugLocal
		{9B4FA1AB-E47D-4841-B2A6-5D2B13FF7D74}.Debug|Any CPU.ActiveCfg = DebugLocal
		{9B4FA1AB-E47D-4841-B2A6-5D2B13FF7D74}.Debug|Any CPU.Build.0 = DebugLocal
		{9B4FA1AB-E47D-4841-B2A6-5D2B13FF7D74}.Debug|Any CPU.Deploy.0 = DebugLocal
		{9B4FA1AB-E47D-4841-B2A6-5D2B13FF7D74}.Debug|Mixed Platforms.ActiveCfg = DebugLocal
		{9B4FA1AB-E47D-4841-B2A6-5D2B13FF7D74}.DebugLocal|.NET.ActiveCfg = DebugLocal
		{9B4FA1AB-E47D-4841-B2A6-5D2B13FF7D74}.DebugLocal|.NET.Build.0 = DebugLocal
		{9B4FA1AB-E47D-4841-B2A6-5D2B13FF7D74}.DebugLocal|.NET.Deploy.0 = DebugLocal
		{9B4FA1AB-E47D-4841-B2A6-5D2B13FF7D74}.DebugLocal|Any CPU.ActiveCfg = DebugLocal
		{9B4FA1AB-E47D-4841-B2A6-5D2B13FF7D74}.DebugLocal|Any CPU.Build.0 = DebugLocal
		{9B4FA1AB-E47D-4841-B2A6-5D2B13FF7D74}.DebugLocal|Any CPU.Deploy.0 = DebugLocal
		{9B4FA1AB-E47D-4841-B2A6-5D2B13FF7D74}.DebugLocal|Mixed Platforms.ActiveCfg = DebugLocal
		{9B4FA1AB-E47D-4841-B2A6-5D2B13FF7D74}.DebugLocal|Mixed Platforms.Build.0 = DebugLocal
		{9B4FA1AB-E47D-4841-B2A6-5D2B13FF7D74}.DebugLocal|Mixed Platforms.Deploy.0 = DebugLocal
		{9B4FA1AB-E47D-4841-B2A6-5D2B13FF7D74}.Production|.NET.ActiveCfg = Production
		{9B4FA1AB-E47D-4841-B2A6-5D2B13FF7D74}.Production|.NET.Build.0 = Production
		{9B4FA1AB-E47D-4841-B2A6-5D2B13FF7D74}.Production|.NET.Deploy.0 = Production
		{9B4FA1AB-E47D-4841-B2A6-5D2B13FF7D74}.Production|Any CPU.ActiveCfg = Production
		{9B4FA1AB-E47D-4841-B2A6-5D2B13FF7D74}.Production|Any CPU.Build.0 = Production
		{9B4FA1AB-E47D-4841-B2A6-5D2B13FF7D74}.Production|Any CPU.Deploy.0 = Production
		{9B4FA1AB-E47D-4841-B2A6-5D2B13FF7D74}.Production|Mixed Platforms.ActiveCfg = Production
		{9B4FA1AB-E47D-4841-B2A6-5D2B13FF7D74}.Production|Mixed Platforms.Build.0 = Production
		{9B4FA1AB-E47D-4841-B2A6-5D2B13FF7D74}.Production|Mixed Platforms.Deploy.0 = Production
		{9B4FA1AB-E47D-4841-B2A6-5D2B13FF7D74}.Release|.NET.ActiveCfg = Production
		{9B4FA1AB-E47D-4841-B2A6-5D2B13FF7D74}.Release|.NET.Build.0 = Production
		{9B4FA1AB-E47D-4841-B2A6-5D2B13FF7D74}.Release|.NET.Deploy.0 = Production
		{9B4FA1AB-E47D-4841-B2A6-5D2B13FF7D74}.Release|Any CPU.ActiveCfg = Production
		{9B4FA1AB-E47D-4841-B2A6-5D2B13FF7D74}.Release|Any CPU.Build.0 = Production
		{9B4FA1AB-E47D-4841-B2A6-5D2B13FF7D74}.Release|Any CPU.Deploy.0 = Production
		{9B4FA1AB-E47D-4841-B2A6-5D2B13FF7D74}.Release|Mixed Platforms.ActiveCfg = Production
		{195F075D-D381-4ABC-A8F2-4C10BFB3FA30}.Debug|.NET.ActiveCfg = Debug|Any CPU
		{195F075D-D381-4ABC-A8F2-4C10BFB3FA30}.Debug|Any CPU.ActiveCfg = Debug|Any CPU
		{195F075D-D381-4ABC-A8F2-4C10BFB3FA30}.Debug|Any CPU.Build.0 = Debug|Any CPU
		{195F075D-D381-4ABC-A8F2-4C10BFB3FA30}.Debug|Mixed Platforms.ActiveCfg = Debug|Any CPU
		{195F075D-D381-4ABC-A8F2-4C10BFB3FA30}.Debug|Mixed Platforms.Build.0 = Debug|Any CPU
		{195F075D-D381-4ABC-A8F2-4C10BFB3FA30}.DebugLocal|.NET.ActiveCfg = Debug|Any CPU
		{195F075D-D381-4ABC-A8F2-4C10BFB3FA30}.DebugLocal|Any CPU.ActiveCfg = Debug|Any CPU
		{195F075D-D381-4ABC-A8F2-4C10BFB3FA30}.DebugLocal|Any CPU.Build.0 = Debug|Any CPU
		{195F075D-D381-4ABC-A8F2-4C10BFB3FA30}.DebugLocal|Mixed Platforms.ActiveCfg = Debug|Any CPU
		{195F075D-D381-4ABC-A8F2-4C10BFB3FA30}.DebugLocal|Mixed Platforms.Build.0 = Debug|Any CPU
		{195F075D-D381-4ABC-A8F2-4C10BFB3FA30}.Production|.NET.ActiveCfg = Release|Any CPU
		{195F075D-D381-4ABC-A8F2-4C10BFB3FA30}.Production|Any CPU.ActiveCfg = Release|Any CPU
		{195F075D-D381-4ABC-A8F2-4C10BFB3FA30}.Production|Any CPU.Build.0 = Release|Any CPU
		{195F075D-D381-4ABC-A8F2-4C10BFB3FA30}.Production|Mixed Platforms.ActiveCfg = Release|Any CPU
		{195F075D-D381-4ABC-A8F2-4C10BFB3FA30}.Production|Mixed Platforms.Build.0 = Release|Any CPU
		{195F075D-D381-4ABC-A8F2-4C10BFB3FA30}.Release|.NET.ActiveCfg = Release|Any CPU
		{195F075D-D381-4ABC-A8F2-4C10BFB3FA30}.Release|Any CPU.ActiveCfg = Release|Any CPU
		{195F075D-D381-4ABC-A8F2-4C10BFB3FA30}.Release|Any CPU.Build.0 = Release|Any CPU
		{195F075D-D381-4ABC-A8F2-4C10BFB3FA30}.Release|Mixed Platforms.ActiveCfg = Release|Any CPU
		{195F075D-D381-4ABC-A8F2-4C10BFB3FA30}.Release|Mixed Platforms.Build.0 = Release|Any CPU
		{AC45E922-84EF-44A6-BCAD-30309EB184F1}.Debug|.NET.ActiveCfg = Debug|Any CPU
		{AC45E922-84EF-44A6-BCAD-30309EB184F1}.Debug|Any CPU.ActiveCfg = Debug|Any CPU
		{AC45E922-84EF-44A6-BCAD-30309EB184F1}.Debug|Any CPU.Build.0 = Debug|Any CPU
		{AC45E922-84EF-44A6-BCAD-30309EB184F1}.Debug|Mixed Platforms.ActiveCfg = Debug|Any CPU
		{AC45E922-84EF-44A6-BCAD-30309EB184F1}.Debug|Mixed Platforms.Build.0 = Debug|Any CPU
		{AC45E922-84EF-44A6-BCAD-30309EB184F1}.DebugLocal|.NET.ActiveCfg = Debug|Any CPU
		{AC45E922-84EF-44A6-BCAD-30309EB184F1}.DebugLocal|Any CPU.ActiveCfg = Debug|Any CPU
		{AC45E922-84EF-44A6-BCAD-30309EB184F1}.DebugLocal|Any CPU.Build.0 = Debug|Any CPU
		{AC45E922-84EF-44A6-BCAD-30309EB184F1}.DebugLocal|Mixed Platforms.ActiveCfg = Debug|Any CPU
		{AC45E922-84EF-44A6-BCAD-30309EB184F1}.DebugLocal|Mixed Platforms.Build.0 = Debug|Any CPU
		{AC45E922-84EF-44A6-BCAD-30309EB184F1}.Production|.NET.ActiveCfg = Debug|Any CPU
		{AC45E922-84EF-44A6-BCAD-30309EB184F1}.Production|Any CPU.ActiveCfg = Debug|Any CPU
		{AC45E922-84EF-44A6-BCAD-30309EB184F1}.Production|Any CPU.Build.0 = Debug|Any CPU
		{AC45E922-84EF-44A6-BCAD-30309EB184F1}.Production|Mixed Platforms.ActiveCfg = Debug|Any CPU
		{AC45E922-84EF-44A6-BCAD-30309EB184F1}.Production|Mixed Platforms.Build.0 = Debug|Any CPU
		{AC45E922-84EF-44A6-BCAD-30309EB184F1}.Release|.NET.ActiveCfg = Debug|Any CPU
		{AC45E922-84EF-44A6-BCAD-30309EB184F1}.Release|Any CPU.ActiveCfg = Debug|Any CPU
		{AC45E922-84EF-44A6-BCAD-30309EB184F1}.Release|Any CPU.Build.0 = Debug|Any CPU
		{AC45E922-84EF-44A6-BCAD-30309EB184F1}.Release|Mixed Platforms.ActiveCfg = Debug|Any CPU
		{AC45E922-84EF-44A6-BCAD-30309EB184F1}.Release|Mixed Platforms.Build.0 = Debug|Any CPU
	EndGlobalSection
	GlobalSection(SolutionProperties) = preSolution
		HideSolutionNode = FALSE
	EndGlobalSection
EndGlobal
