
Microsoft Visual Studio Solution File, Format Version 10.00
# Visual Studio 2008
Project("{FAE04EC0-301F-11D3-BF4B-00C04F79EFBC}") = "Argix08.BearwareRouteImport.Win", "Argix08.User\Argix08.BearwareRouteImport.Win\Argix08.BearwareRouteImport.Win.csproj", "{7AA72F8E-79A1-4144-9202-04C3E6F3AA3E}"
EndProject
Project("{E24C65DC-7377-472B-9ABA-BC803B73C61A}") = "Argix08.GlobalServices", "Argix08.Services\Argix08.GlobalServices", "{99DA70AD-923D-49DB-A7AC-CC4FAB6EE996}"
	ProjectSection(WebsiteProperties) = preProject
		SccProjectName = ""$/Argix08/Argix08.Services/Argix08.GlobalServices", KUCBAAAA"
		SccAuxPath = ""
		SccLocalPath = "."
		SccProvider = "MSSCCI:Microsoft Visual SourceSafe"
		TargetFramework = "3.5"
		Debug.AspNetCompiler.VirtualPath = "/Argix08.GlobalServices"
		Debug.AspNetCompiler.PhysicalPath = "Argix08.Services\Argix08.GlobalServices\"
		Debug.AspNetCompiler.TargetPath = "PrecompiledWeb\Argix08.GlobalServices\"
		Debug.AspNetCompiler.Updateable = "true"
		Debug.AspNetCompiler.ForceOverwrite = "true"
		Debug.AspNetCompiler.FixedNames = "false"
		Debug.AspNetCompiler.Debug = "True"
		Release.AspNetCompiler.VirtualPath = "/Argix08.GlobalServices"
		Release.AspNetCompiler.PhysicalPath = "Argix08.Services\Argix08.GlobalServices\"
		Release.AspNetCompiler.TargetPath = "PrecompiledWeb\Argix08.GlobalServices\"
		Release.AspNetCompiler.Updateable = "true"
		Release.AspNetCompiler.ForceOverwrite = "true"
		Release.AspNetCompiler.FixedNames = "false"
		Release.AspNetCompiler.Debug = "False"
		VWDPort = "61352"
	EndProjectSection
EndProject
Project("{FAE04EC0-301F-11D3-BF4B-00C04F79EFBC}") = "Argix08.PCSFileSvc", "Argix08.Services\Argix08.PCSFileSvc\Argix08.PCSFileSvc.csproj", "{930A17F1-37EC-48C7-A001-DB30EC9932A5}"
EndProject
Project("{FAE04EC0-301F-11D3-BF4B-00C04F79EFBC}") = "Argix08.ISDExport.Win", "Argix08.User\Argix08.ISDExport.Win\Argix08.ISDExport.Win.csproj", "{9A8960C6-A3D4-40D0-A3EE-679DD41C808F}"
EndProject
Project("{FAE04EC0-301F-11D3-BF4B-00C04F79EFBC}") = "Argix08.ShipScheduleTemplates.Win", "Argix08.User\Argix08.ShipScheduleTemplates.Win\Argix08.ShipScheduleTemplates.Win.csproj", "{AC3AF181-4185-405E-8D65-6C20473BC3AE}"
	ProjectSection(ProjectDependencies) = postProject
		{99DA70AD-923D-49DB-A7AC-CC4FAB6EE996} = {99DA70AD-923D-49DB-A7AC-CC4FAB6EE996}
	EndProjectSection
EndProject
Project("{FAE04EC0-301F-11D3-BF4B-00C04F79EFBC}") = "Argix08.ShipSchedule.Win", "Argix08.User\Argix08.ShipSchedule.Win\Argix08.ShipSchedule.Win.csproj", "{7C52BCF9-9039-4584-A72E-AF6087B300E5}"
	ProjectSection(ProjectDependencies) = postProject
		{99DA70AD-923D-49DB-A7AC-CC4FAB6EE996} = {99DA70AD-923D-49DB-A7AC-CC4FAB6EE996}
	EndProjectSection
EndProject
Project("{F14B399A-7131-4C87-9E4B-1186C45EF12D}") = "Argix08.AgentLineHaul.Rpts", "Argix08.Reports\Argix08.AgentLineHaul.Rpts\Argix08.AgentLineHaul.Rpts.rptproj", "{E19091DD-A8D4-46B6-AC73-4BE29FEFF7D4}"
EndProject
Global
	GlobalSection(SourceCodeControl) = preSolution
		SccNumberOfProjects = 7
		SccProjectUniqueName0 = Argix08.User\\Argix08.BearwareRouteImport.Win\\Argix08.BearwareRouteImport.Win.csproj
		SccProjectName0 = \u0022$/Argix08/Argix08.User/Argix08.BearwareRouteImport.Win\u0022,\u0020JHCBAAAA
		SccLocalPath0 = Argix08.User\\Argix08.BearwareRouteImport.Win
		SccProvider0 = MSSCCI:Microsoft\u0020Visual\u0020SourceSafe
		SccProjectUniqueName1 = Argix08.User\\Argix08.ISDExport.Win\\Argix08.ISDExport.Win.csproj
		SccProjectName1 = \u0022$/Argix08/Argix08.User/Argix08.ISDExport.Win\u0022,\u0020TDVAAAAA
		SccLocalPath1 = Argix08.User\\Argix08.ISDExport.Win
		SccProvider1 = MSSCCI:Microsoft\u0020Visual\u0020SourceSafe
		SccProjectUniqueName2 = Argix08.Services\\Argix08.PCSFileSvc\\Argix08.PCSFileSvc.csproj
		SccProjectName2 = \u0022$/Argix08/Argix08.Services/Argix08.PCSFileSvc\u0022,\u0020UJFBAAAA
		SccLocalPath2 = Argix08.Services\\Argix08.PCSFileSvc
		SccProvider2 = MSSCCI:Microsoft\u0020Visual\u0020SourceSafe
		SccProjectUniqueName3 = Argix08.User\\Argix08.ShipScheduleTemplates.Win\\Argix08.ShipScheduleTemplates.Win.csproj
		SccProjectName3 = \u0022$/Argix08/Argix08.User/Argix08.ShipScheduleTemplates.Win\u0022,\u0020SPVAAAAA
		SccLocalPath3 = Argix08.User\\Argix08.ShipScheduleTemplates.Win
		SccProvider3 = MSSCCI:Microsoft\u0020Visual\u0020SourceSafe
		SccProjectUniqueName4 = Argix08.User\\Argix08.ShipSchedule.Win\\Argix08.ShipSchedule.Win.csproj
		SccProjectName4 = \u0022$/Argix08/Argix08.User/Argix08.ShipSchedule.Win\u0022,\u0020ZKVAAAAA
		SccLocalPath4 = Argix08.User\\Argix08.ShipSchedule.Win
		SccProvider4 = MSSCCI:Microsoft\u0020Visual\u0020SourceSafe
		SccWebProject5 = true
		SccProjectUniqueName5 = Argix08.Services\\Argix08.GlobalServices
		SccProjectName5 = \u0022$/Argix08/Argix08.Services/Argix08.GlobalServices\u0022,\u0020KUCBAAAA
		SccLocalPath5 = C:\\Data\\Projects\\Argix08\\Argix08.Services\\Argix08.GlobalServices
		SccProvider5 = MSSCCI:Microsoft\u0020Visual\u0020SourceSafe
		SccProjectEnlistmentChoice5 = 2
		SccProjectUniqueName6 = Argix08.Reports\\Argix08.AgentLineHaul.Rpts\\Argix08.AgentLineHaul.Rpts.rptproj
		SccProjectName6 = \u0022$/Argix08/Argix08.Reports/Argix08.AgentLineHaul.Rpts\u0022,\u0020AXFBAAAA
		SccLocalPath6 = Argix08.Reports\\Argix08.AgentLineHaul.Rpts
		SccProvider6 = MSSCCI:Microsoft\u0020Visual\u0020SourceSafe
	EndGlobalSection
	GlobalSection(SolutionConfigurationPlatforms) = preSolution
		Debug|.NET = Debug|.NET
		Debug|Any CPU = Debug|Any CPU
		Debug|Mixed Platforms = Debug|Mixed Platforms
		DebugLocal|.NET = DebugLocal|.NET
		DebugLocal|Any CPU = DebugLocal|Any CPU
		DebugLocal|Mixed Platforms = DebugLocal|Mixed Platforms
		Production|.NET = Production|.NET
		Production|Any CPU = Production|Any CPU
		Production|Mixed Platforms = Production|Mixed Platforms
		Release|.NET = Release|.NET
		Release|Any CPU = Release|Any CPU
		Release|Mixed Platforms = Release|Mixed Platforms
	EndGlobalSection
	GlobalSection(ProjectConfigurationPlatforms) = postSolution
		{7AA72F8E-79A1-4144-9202-04C3E6F3AA3E}.Debug|.NET.ActiveCfg = Debug|Any CPU
		{7AA72F8E-79A1-4144-9202-04C3E6F3AA3E}.Debug|Any CPU.ActiveCfg = Debug|Any CPU
		{7AA72F8E-79A1-4144-9202-04C3E6F3AA3E}.Debug|Any CPU.Build.0 = Debug|Any CPU
		{7AA72F8E-79A1-4144-9202-04C3E6F3AA3E}.Debug|Mixed Platforms.ActiveCfg = Debug|Any CPU
		{7AA72F8E-79A1-4144-9202-04C3E6F3AA3E}.Debug|Mixed Platforms.Build.0 = Debug|Any CPU
		{7AA72F8E-79A1-4144-9202-04C3E6F3AA3E}.DebugLocal|.NET.ActiveCfg = Debug|Any CPU
		{7AA72F8E-79A1-4144-9202-04C3E6F3AA3E}.DebugLocal|Any CPU.ActiveCfg = Debug|Any CPU
		{7AA72F8E-79A1-4144-9202-04C3E6F3AA3E}.DebugLocal|Any CPU.Build.0 = Debug|Any CPU
		{7AA72F8E-79A1-4144-9202-04C3E6F3AA3E}.DebugLocal|Mixed Platforms.ActiveCfg = Debug|Any CPU
		{7AA72F8E-79A1-4144-9202-04C3E6F3AA3E}.DebugLocal|Mixed Platforms.Build.0 = Debug|Any CPU
		{7AA72F8E-79A1-4144-9202-04C3E6F3AA3E}.Production|.NET.ActiveCfg = Release|Any CPU
		{7AA72F8E-79A1-4144-9202-04C3E6F3AA3E}.Production|Any CPU.ActiveCfg = Release|Any CPU
		{7AA72F8E-79A1-4144-9202-04C3E6F3AA3E}.Production|Any CPU.Build.0 = Release|Any CPU
		{7AA72F8E-79A1-4144-9202-04C3E6F3AA3E}.Production|Mixed Platforms.ActiveCfg = Release|Any CPU
		{7AA72F8E-79A1-4144-9202-04C3E6F3AA3E}.Production|Mixed Platforms.Build.0 = Release|Any CPU
		{7AA72F8E-79A1-4144-9202-04C3E6F3AA3E}.Release|.NET.ActiveCfg = Release|Any CPU
		{7AA72F8E-79A1-4144-9202-04C3E6F3AA3E}.Release|Any CPU.ActiveCfg = Release|Any CPU
		{7AA72F8E-79A1-4144-9202-04C3E6F3AA3E}.Release|Any CPU.Build.0 = Release|Any CPU
		{7AA72F8E-79A1-4144-9202-04C3E6F3AA3E}.Release|Mixed Platforms.ActiveCfg = Release|Any CPU
		{7AA72F8E-79A1-4144-9202-04C3E6F3AA3E}.Release|Mixed Platforms.Build.0 = Release|Any CPU
		{99DA70AD-923D-49DB-A7AC-CC4FAB6EE996}.Debug|.NET.ActiveCfg = Debug|.NET
		{99DA70AD-923D-49DB-A7AC-CC4FAB6EE996}.Debug|.NET.Build.0 = Debug|.NET
		{99DA70AD-923D-49DB-A7AC-CC4FAB6EE996}.Debug|Any CPU.ActiveCfg = Debug|.NET
		{99DA70AD-923D-49DB-A7AC-CC4FAB6EE996}.Debug|Mixed Platforms.ActiveCfg = Debug|Any CPU
		{99DA70AD-923D-49DB-A7AC-CC4FAB6EE996}.Debug|Mixed Platforms.Build.0 = Debug|Any CPU
		{99DA70AD-923D-49DB-A7AC-CC4FAB6EE996}.DebugLocal|.NET.ActiveCfg = Debug|.NET
		{99DA70AD-923D-49DB-A7AC-CC4FAB6EE996}.DebugLocal|.NET.Build.0 = Debug|.NET
		{99DA70AD-923D-49DB-A7AC-CC4FAB6EE996}.DebugLocal|Any CPU.ActiveCfg = Debug|.NET
		{99DA70AD-923D-49DB-A7AC-CC4FAB6EE996}.DebugLocal|Mixed Platforms.ActiveCfg = Debug|.NET
		{99DA70AD-923D-49DB-A7AC-CC4FAB6EE996}.DebugLocal|Mixed Platforms.Build.0 = Debug|.NET
		{99DA70AD-923D-49DB-A7AC-CC4FAB6EE996}.Production|.NET.ActiveCfg = Debug|.NET
		{99DA70AD-923D-49DB-A7AC-CC4FAB6EE996}.Production|.NET.Build.0 = Debug|.NET
		{99DA70AD-923D-49DB-A7AC-CC4FAB6EE996}.Production|Any CPU.ActiveCfg = Debug|.NET
		{99DA70AD-923D-49DB-A7AC-CC4FAB6EE996}.Production|Mixed Platforms.ActiveCfg = Debug|.NET
		{99DA70AD-923D-49DB-A7AC-CC4FAB6EE996}.Production|Mixed Platforms.Build.0 = Debug|.NET
		{99DA70AD-923D-49DB-A7AC-CC4FAB6EE996}.Release|.NET.ActiveCfg = Debug|.NET
		{99DA70AD-923D-49DB-A7AC-CC4FAB6EE996}.Release|.NET.Build.0 = Debug|.NET
		{99DA70AD-923D-49DB-A7AC-CC4FAB6EE996}.Release|Any CPU.ActiveCfg = Debug|.NET
		{99DA70AD-923D-49DB-A7AC-CC4FAB6EE996}.Release|Mixed Platforms.ActiveCfg = Debug|.NET
		{99DA70AD-923D-49DB-A7AC-CC4FAB6EE996}.Release|Mixed Platforms.Build.0 = Debug|.NET
		{930A17F1-37EC-48C7-A001-DB30EC9932A5}.Debug|.NET.ActiveCfg = Debug|Any CPU
		{930A17F1-37EC-48C7-A001-DB30EC9932A5}.Debug|Any CPU.ActiveCfg = Debug|Any CPU
		{930A17F1-37EC-48C7-A001-DB30EC9932A5}.Debug|Any CPU.Build.0 = Debug|Any CPU
		{930A17F1-37EC-48C7-A001-DB30EC9932A5}.Debug|Mixed Platforms.ActiveCfg = Debug|Any CPU
		{930A17F1-37EC-48C7-A001-DB30EC9932A5}.Debug|Mixed Platforms.Build.0 = Debug|Any CPU
		{930A17F1-37EC-48C7-A001-DB30EC9932A5}.DebugLocal|.NET.ActiveCfg = Debug|Any CPU
		{930A17F1-37EC-48C7-A001-DB30EC9932A5}.DebugLocal|Any CPU.ActiveCfg = Debug|Any CPU
		{930A17F1-37EC-48C7-A001-DB30EC9932A5}.DebugLocal|Any CPU.Build.0 = Debug|Any CPU
		{930A17F1-37EC-48C7-A001-DB30EC9932A5}.DebugLocal|Mixed Platforms.ActiveCfg = Debug|Any CPU
		{930A17F1-37EC-48C7-A001-DB30EC9932A5}.DebugLocal|Mixed Platforms.Build.0 = Debug|Any CPU
		{930A17F1-37EC-48C7-A001-DB30EC9932A5}.Production|.NET.ActiveCfg = Release|Any CPU
		{930A17F1-37EC-48C7-A001-DB30EC9932A5}.Production|Any CPU.ActiveCfg = Release|Any CPU
		{930A17F1-37EC-48C7-A001-DB30EC9932A5}.Production|Any CPU.Build.0 = Release|Any CPU
		{930A17F1-37EC-48C7-A001-DB30EC9932A5}.Production|Mixed Platforms.ActiveCfg = Release|Any CPU
		{930A17F1-37EC-48C7-A001-DB30EC9932A5}.Production|Mixed Platforms.Build.0 = Release|Any CPU
		{930A17F1-37EC-48C7-A001-DB30EC9932A5}.Release|.NET.ActiveCfg = Release|Any CPU
		{930A17F1-37EC-48C7-A001-DB30EC9932A5}.Release|Any CPU.ActiveCfg = Release|Any CPU
		{930A17F1-37EC-48C7-A001-DB30EC9932A5}.Release|Any CPU.Build.0 = Release|Any CPU
		{930A17F1-37EC-48C7-A001-DB30EC9932A5}.Release|Mixed Platforms.ActiveCfg = Release|Any CPU
		{9A8960C6-A3D4-40D0-A3EE-679DD41C808F}.Debug|.NET.ActiveCfg = Debug|Any CPU
		{9A8960C6-A3D4-40D0-A3EE-679DD41C808F}.Debug|Any CPU.ActiveCfg = Debug|Any CPU
		{9A8960C6-A3D4-40D0-A3EE-679DD41C808F}.Debug|Any CPU.Build.0 = Debug|Any CPU
		{9A8960C6-A3D4-40D0-A3EE-679DD41C808F}.Debug|Mixed Platforms.ActiveCfg = Debug|Any CPU
		{9A8960C6-A3D4-40D0-A3EE-679DD41C808F}.Debug|Mixed Platforms.Build.0 = Debug|Any CPU
		{9A8960C6-A3D4-40D0-A3EE-679DD41C808F}.DebugLocal|.NET.ActiveCfg = Debug|Any CPU
		{9A8960C6-A3D4-40D0-A3EE-679DD41C808F}.DebugLocal|Any CPU.ActiveCfg = Debug|Any CPU
		{9A8960C6-A3D4-40D0-A3EE-679DD41C808F}.DebugLocal|Any CPU.Build.0 = Debug|Any CPU
		{9A8960C6-A3D4-40D0-A3EE-679DD41C808F}.DebugLocal|Mixed Platforms.ActiveCfg = Debug|Any CPU
		{9A8960C6-A3D4-40D0-A3EE-679DD41C808F}.DebugLocal|Mixed Platforms.Build.0 = Debug|Any CPU
		{9A8960C6-A3D4-40D0-A3EE-679DD41C808F}.Production|.NET.ActiveCfg = Release|Any CPU
		{9A8960C6-A3D4-40D0-A3EE-679DD41C808F}.Production|Any CPU.ActiveCfg = Release|Any CPU
		{9A8960C6-A3D4-40D0-A3EE-679DD41C808F}.Production|Any CPU.Build.0 = Release|Any CPU
		{9A8960C6-A3D4-40D0-A3EE-679DD41C808F}.Production|Mixed Platforms.ActiveCfg = Release|Any CPU
		{9A8960C6-A3D4-40D0-A3EE-679DD41C808F}.Production|Mixed Platforms.Build.0 = Release|Any CPU
		{9A8960C6-A3D4-40D0-A3EE-679DD41C808F}.Release|.NET.ActiveCfg = Release|Any CPU
		{9A8960C6-A3D4-40D0-A3EE-679DD41C808F}.Release|Any CPU.ActiveCfg = Release|Any CPU
		{9A8960C6-A3D4-40D0-A3EE-679DD41C808F}.Release|Any CPU.Build.0 = Release|Any CPU
		{9A8960C6-A3D4-40D0-A3EE-679DD41C808F}.Release|Mixed Platforms.ActiveCfg = Release|Any CPU
		{9A8960C6-A3D4-40D0-A3EE-679DD41C808F}.Release|Mixed Platforms.Build.0 = Release|Any CPU
		{AC3AF181-4185-405E-8D65-6C20473BC3AE}.Debug|.NET.ActiveCfg = Debug|Any CPU
		{AC3AF181-4185-405E-8D65-6C20473BC3AE}.Debug|Any CPU.ActiveCfg = Debug|Any CPU
		{AC3AF181-4185-405E-8D65-6C20473BC3AE}.Debug|Any CPU.Build.0 = Debug|Any CPU
		{AC3AF181-4185-405E-8D65-6C20473BC3AE}.Debug|Mixed Platforms.ActiveCfg = Debug|Any CPU
		{AC3AF181-4185-405E-8D65-6C20473BC3AE}.Debug|Mixed Platforms.Build.0 = Debug|Any CPU
		{AC3AF181-4185-405E-8D65-6C20473BC3AE}.DebugLocal|.NET.ActiveCfg = Debug|Any CPU
		{AC3AF181-4185-405E-8D65-6C20473BC3AE}.DebugLocal|Any CPU.ActiveCfg = Debug|Any CPU
		{AC3AF181-4185-405E-8D65-6C20473BC3AE}.DebugLocal|Any CPU.Build.0 = Debug|Any CPU
		{AC3AF181-4185-405E-8D65-6C20473BC3AE}.DebugLocal|Mixed Platforms.ActiveCfg = Debug|Any CPU
		{AC3AF181-4185-405E-8D65-6C20473BC3AE}.DebugLocal|Mixed Platforms.Build.0 = Debug|Any CPU
		{AC3AF181-4185-405E-8D65-6C20473BC3AE}.Production|.NET.ActiveCfg = Release|Any CPU
		{AC3AF181-4185-405E-8D65-6C20473BC3AE}.Production|Any CPU.ActiveCfg = Release|Any CPU
		{AC3AF181-4185-405E-8D65-6C20473BC3AE}.Production|Any CPU.Build.0 = Release|Any CPU
		{AC3AF181-4185-405E-8D65-6C20473BC3AE}.Production|Mixed Platforms.ActiveCfg = Release|Any CPU
		{AC3AF181-4185-405E-8D65-6C20473BC3AE}.Production|Mixed Platforms.Build.0 = Release|Any CPU
		{AC3AF181-4185-405E-8D65-6C20473BC3AE}.Release|.NET.ActiveCfg = Release|Any CPU
		{AC3AF181-4185-405E-8D65-6C20473BC3AE}.Release|Any CPU.ActiveCfg = Release|Any CPU
		{AC3AF181-4185-405E-8D65-6C20473BC3AE}.Release|Any CPU.Build.0 = Release|Any CPU
		{AC3AF181-4185-405E-8D65-6C20473BC3AE}.Release|Mixed Platforms.ActiveCfg = Release|Any CPU
		{AC3AF181-4185-405E-8D65-6C20473BC3AE}.Release|Mixed Platforms.Build.0 = Release|Any CPU
		{7C52BCF9-9039-4584-A72E-AF6087B300E5}.Debug|.NET.ActiveCfg = Debug|Any CPU
		{7C52BCF9-9039-4584-A72E-AF6087B300E5}.Debug|Any CPU.ActiveCfg = Debug|Any CPU
		{7C52BCF9-9039-4584-A72E-AF6087B300E5}.Debug|Any CPU.Build.0 = Debug|Any CPU
		{7C52BCF9-9039-4584-A72E-AF6087B300E5}.Debug|Mixed Platforms.ActiveCfg = Debug|Any CPU
		{7C52BCF9-9039-4584-A72E-AF6087B300E5}.Debug|Mixed Platforms.Build.0 = Debug|Any CPU
		{7C52BCF9-9039-4584-A72E-AF6087B300E5}.DebugLocal|.NET.ActiveCfg = Debug|Any CPU
		{7C52BCF9-9039-4584-A72E-AF6087B300E5}.DebugLocal|Any CPU.ActiveCfg = Debug|Any CPU
		{7C52BCF9-9039-4584-A72E-AF6087B300E5}.DebugLocal|Any CPU.Build.0 = Debug|Any CPU
		{7C52BCF9-9039-4584-A72E-AF6087B300E5}.DebugLocal|Mixed Platforms.ActiveCfg = Debug|Any CPU
		{7C52BCF9-9039-4584-A72E-AF6087B300E5}.DebugLocal|Mixed Platforms.Build.0 = Debug|Any CPU
		{7C52BCF9-9039-4584-A72E-AF6087B300E5}.Production|.NET.ActiveCfg = Release|Any CPU
		{7C52BCF9-9039-4584-A72E-AF6087B300E5}.Production|Any CPU.ActiveCfg = Release|Any CPU
		{7C52BCF9-9039-4584-A72E-AF6087B300E5}.Production|Any CPU.Build.0 = Release|Any CPU
		{7C52BCF9-9039-4584-A72E-AF6087B300E5}.Production|Mixed Platforms.ActiveCfg = Release|Any CPU
		{7C52BCF9-9039-4584-A72E-AF6087B300E5}.Production|Mixed Platforms.Build.0 = Release|Any CPU
		{7C52BCF9-9039-4584-A72E-AF6087B300E5}.Release|.NET.ActiveCfg = Release|Any CPU
		{7C52BCF9-9039-4584-A72E-AF6087B300E5}.Release|Any CPU.ActiveCfg = Release|Any CPU
		{7C52BCF9-9039-4584-A72E-AF6087B300E5}.Release|Any CPU.Build.0 = Release|Any CPU
		{7C52BCF9-9039-4584-A72E-AF6087B300E5}.Release|Mixed Platforms.ActiveCfg = Release|Any CPU
		{7C52BCF9-9039-4584-A72E-AF6087B300E5}.Release|Mixed Platforms.Build.0 = Release|Any CPU
		{E19091DD-A8D4-46B6-AC73-4BE29FEFF7D4}.Debug|.NET.ActiveCfg = DebugLocal
		{E19091DD-A8D4-46B6-AC73-4BE29FEFF7D4}.Debug|.NET.Build.0 = DebugLocal
		{E19091DD-A8D4-46B6-AC73-4BE29FEFF7D4}.Debug|.NET.Deploy.0 = DebugLocal
		{E19091DD-A8D4-46B6-AC73-4BE29FEFF7D4}.Debug|Any CPU.ActiveCfg = DebugLocal
		{E19091DD-A8D4-46B6-AC73-4BE29FEFF7D4}.Debug|Any CPU.Build.0 = DebugLocal
		{E19091DD-A8D4-46B6-AC73-4BE29FEFF7D4}.Debug|Any CPU.Deploy.0 = DebugLocal
		{E19091DD-A8D4-46B6-AC73-4BE29FEFF7D4}.Debug|Mixed Platforms.ActiveCfg = DebugLocal
		{E19091DD-A8D4-46B6-AC73-4BE29FEFF7D4}.DebugLocal|.NET.ActiveCfg = DebugLocal
		{E19091DD-A8D4-46B6-AC73-4BE29FEFF7D4}.DebugLocal|.NET.Build.0 = DebugLocal
		{E19091DD-A8D4-46B6-AC73-4BE29FEFF7D4}.DebugLocal|.NET.Deploy.0 = DebugLocal
		{E19091DD-A8D4-46B6-AC73-4BE29FEFF7D4}.DebugLocal|Any CPU.ActiveCfg = DebugLocal
		{E19091DD-A8D4-46B6-AC73-4BE29FEFF7D4}.DebugLocal|Any CPU.Build.0 = DebugLocal
		{E19091DD-A8D4-46B6-AC73-4BE29FEFF7D4}.DebugLocal|Any CPU.Deploy.0 = DebugLocal
		{E19091DD-A8D4-46B6-AC73-4BE29FEFF7D4}.DebugLocal|Mixed Platforms.ActiveCfg = DebugLocal
		{E19091DD-A8D4-46B6-AC73-4BE29FEFF7D4}.DebugLocal|Mixed Platforms.Build.0 = DebugLocal
		{E19091DD-A8D4-46B6-AC73-4BE29FEFF7D4}.DebugLocal|Mixed Platforms.Deploy.0 = DebugLocal
		{E19091DD-A8D4-46B6-AC73-4BE29FEFF7D4}.Production|.NET.ActiveCfg = Production
		{E19091DD-A8D4-46B6-AC73-4BE29FEFF7D4}.Production|.NET.Build.0 = Production
		{E19091DD-A8D4-46B6-AC73-4BE29FEFF7D4}.Production|.NET.Deploy.0 = Production
		{E19091DD-A8D4-46B6-AC73-4BE29FEFF7D4}.Production|Any CPU.ActiveCfg = Production
		{E19091DD-A8D4-46B6-AC73-4BE29FEFF7D4}.Production|Any CPU.Build.0 = Production
		{E19091DD-A8D4-46B6-AC73-4BE29FEFF7D4}.Production|Any CPU.Deploy.0 = Production
		{E19091DD-A8D4-46B6-AC73-4BE29FEFF7D4}.Production|Mixed Platforms.ActiveCfg = Production
		{E19091DD-A8D4-46B6-AC73-4BE29FEFF7D4}.Production|Mixed Platforms.Build.0 = Production
		{E19091DD-A8D4-46B6-AC73-4BE29FEFF7D4}.Production|Mixed Platforms.Deploy.0 = Production
		{E19091DD-A8D4-46B6-AC73-4BE29FEFF7D4}.Release|.NET.ActiveCfg = Production
		{E19091DD-A8D4-46B6-AC73-4BE29FEFF7D4}.Release|.NET.Build.0 = Production
		{E19091DD-A8D4-46B6-AC73-4BE29FEFF7D4}.Release|.NET.Deploy.0 = Production
		{E19091DD-A8D4-46B6-AC73-4BE29FEFF7D4}.Release|Any CPU.ActiveCfg = Production
		{E19091DD-A8D4-46B6-AC73-4BE29FEFF7D4}.Release|Any CPU.Build.0 = Production
		{E19091DD-A8D4-46B6-AC73-4BE29FEFF7D4}.Release|Any CPU.Deploy.0 = Production
		{E19091DD-A8D4-46B6-AC73-4BE29FEFF7D4}.Release|Mixed Platforms.ActiveCfg = Production
		{E19091DD-A8D4-46B6-AC73-4BE29FEFF7D4}.Release|Mixed Platforms.Build.0 = Production
	EndGlobalSection
	GlobalSection(SolutionProperties) = preSolution
		HideSolutionNode = FALSE
	EndGlobalSection
EndGlobal
