
Microsoft Visual Studio Solution File, Format Version 10.00
# Visual Studio 2008
Project("{E24C65DC-7377-472B-9ABA-BC803B73C61A}") = "Argix08.GlobalServices", "Argix08.Services\Argix08.GlobalServices", "{3D54AAEF-26D8-41C8-B181-8C1EE5142C0A}"
	ProjectSection(WebsiteProperties) = preProject
		SccProjectName = ""$/Argix08/Argix08.Services/Argix08.GlobalServices", KUCBAAAA"
		SccAuxPath = ""
		SccLocalPath = "."
		SccProvider = "MSSCCI:Microsoft Visual SourceSafe"
		TargetFramework = "3.5"
		Debug.AspNetCompiler.VirtualPath = "/Argix08.GlobalServices"
		Debug.AspNetCompiler.PhysicalPath = "Argix08.Services\Argix08.GlobalServices\"
		Debug.AspNetCompiler.TargetPath = "PrecompiledWeb\Argix08.GlobalServices\"
		Debug.AspNetCompiler.Updateable = "true"
		Debug.AspNetCompiler.ForceOverwrite = "true"
		Debug.AspNetCompiler.FixedNames = "false"
		Debug.AspNetCompiler.Debug = "True"
		Release.AspNetCompiler.VirtualPath = "/Argix08.GlobalServices"
		Release.AspNetCompiler.PhysicalPath = "Argix08.Services\Argix08.GlobalServices\"
		Release.AspNetCompiler.TargetPath = "PrecompiledWeb\Argix08.GlobalServices\"
		Release.AspNetCompiler.Updateable = "true"
		Release.AspNetCompiler.ForceOverwrite = "true"
		Release.AspNetCompiler.FixedNames = "false"
		Release.AspNetCompiler.Debug = "False"
		VWDPort = "60203"
		StartServerOnDebug = "false"
	EndProjectSection
EndProject
Project("{FAE04EC0-301F-11D3-BF4B-00C04F79EFBC}") = "Argix08.Invoicing.Win", "Argix08.User\Argix08.Invoicing.Win\Argix08.Invoicing.Win.csproj", "{4E2A6180-0329-4131-A2D2-4500D89D0730}"
	ProjectSection(ProjectDependencies) = postProject
		{3D54AAEF-26D8-41C8-B181-8C1EE5142C0A} = {3D54AAEF-26D8-41C8-B181-8C1EE5142C0A}
	EndProjectSection
EndProject
Project("{FAE04EC0-301F-11D3-BF4B-00C04F79EFBC}") = "Argix08.Enterprise", "Argix08.Bus\Argix08.Enterprise\Argix08.Enterprise.csproj", "{59F837C2-E9A2-4217-8691-1430B3522D16}"
EndProject
Project("{FAE04EC0-301F-11D3-BF4B-00C04F79EFBC}") = "Argix08.Finance", "Argix08.Bus\Argix08.Finance\Argix08.Finance.csproj", "{AB825BED-6E9D-49DA-849A-AC3EEC3E709D}"
EndProject
Project("{FAE04EC0-301F-11D3-BF4B-00C04F79EFBC}") = "Argix08.DriverComp.Win", "Argix08.User\Argix08.DriverComp.Win\Argix08.DriverComp.Win.csproj", "{C868B8D5-6355-4BE8-BD90-3285AF54E9C1}"
EndProject
Project("{FAE04EC0-301F-11D3-BF4B-00C04F79EFBC}") = "Argix08.RateQuote.Win", "Argix08.User\Argix08.RateQuote.Win\Argix08.RateQuote.Win.csproj", "{D1426447-CAE7-4DCE-BC67-2DB0DE5303E7}"
	ProjectSection(ProjectDependencies) = postProject
		{E4F149D7-D31E-4776-9A05-4C9A7CBCF9B8} = {E4F149D7-D31E-4776-9A05-4C9A7CBCF9B8}
	EndProjectSection
EndProject
Project("{E24C65DC-7377-472B-9ABA-BC803B73C61A}") = "Argix08.RateWareService", "Argix08.Services\Argix08.RateWareService", "{E4F149D7-D31E-4776-9A05-4C9A7CBCF9B8}"
	ProjectSection(WebsiteProperties) = preProject
		SccProjectName = ""$/Argix08/Argix08.Services/Argix08.RateWareService", GNFBAAAA"
		SccAuxPath = ""
		SccLocalPath = "."
		SccProvider = "MSSCCI:Microsoft Visual SourceSafe"
		TargetFramework = "3.5"
		Debug.AspNetCompiler.VirtualPath = "/Argix08.RateWareService"
		Debug.AspNetCompiler.PhysicalPath = "Argix08.Services\Argix08.RateWareService\"
		Debug.AspNetCompiler.TargetPath = "PrecompiledWeb\Argix08.RateWareService\"
		Debug.AspNetCompiler.Updateable = "true"
		Debug.AspNetCompiler.ForceOverwrite = "true"
		Debug.AspNetCompiler.FixedNames = "false"
		Debug.AspNetCompiler.Debug = "True"
		Release.AspNetCompiler.VirtualPath = "/Argix08.RateWareService"
		Release.AspNetCompiler.PhysicalPath = "Argix08.Services\Argix08.RateWareService\"
		Release.AspNetCompiler.TargetPath = "PrecompiledWeb\Argix08.RateWareService\"
		Release.AspNetCompiler.Updateable = "true"
		Release.AspNetCompiler.ForceOverwrite = "true"
		Release.AspNetCompiler.FixedNames = "false"
		Release.AspNetCompiler.Debug = "False"
		VWDPort = "58596"
		VWDDynamicPort = "true"
		DefaultWebSiteLanguage = "Visual C#"
		StartServerOnDebug = "true"
	EndProjectSection
EndProject
Global
	GlobalSection(SourceCodeControl) = preSolution
		SccNumberOfProjects = 7
		SccWebProject0 = true
		SccProjectUniqueName0 = Argix08.Services\\Argix08.GlobalServices
		SccProjectName0 = \u0022$/Argix08/Argix08.Services/Argix08.GlobalServices\u0022,\u0020KUCBAAAA
		SccLocalPath0 = C:\\Data\\Projects\\Argix08\\Argix08.Services\\Argix08.GlobalServices
		SccProvider0 = MSSCCI:Microsoft\u0020Visual\u0020SourceSafe
		SccProjectEnlistmentChoice0 = 2
		SccProjectUniqueName1 = Argix08.User\\Argix08.Invoicing.Win\\Argix08.Invoicing.Win.csproj
		SccProjectName1 = \u0022$/Argix08/Argix08.User/Argix08.Invoicing.Win\u0022,\u0020FKEBAAAA
		SccLocalPath1 = Argix08.User\\Argix08.Invoicing.Win
		SccProvider1 = MSSCCI:Microsoft\u0020Visual\u0020SourceSafe
		SccProjectUniqueName2 = Argix08.User\\Argix08.DriverComp.Win\\Argix08.DriverComp.Win.csproj
		SccProjectName2 = \u0022$/Argix08/Argix08.User/Argix08.DriverComp.Win\u0022,\u0020QVUAAAAA
		SccLocalPath2 = Argix08.User\\Argix08.DriverComp.Win
		SccProvider2 = MSSCCI:Microsoft\u0020Visual\u0020SourceSafe
		SccProjectUniqueName3 = Argix08.User\\Argix08.RateQuote.Win\\Argix08.RateQuote.Win.csproj
		SccProjectName3 = \u0022$/Argix08/Argix08.User/Argix08.RateQuote.Win\u0022,\u0020YBWAAAAA
		SccLocalPath3 = Argix08.User\\Argix08.RateQuote.Win
		SccProvider3 = MSSCCI:Microsoft\u0020Visual\u0020SourceSafe
		SccWebProject4 = true
		SccProjectUniqueName4 = Argix08.Services\\Argix08.RateWareService
		SccProjectName4 = \u0022$/Argix08/Argix08.Services/Argix08.RateWareService\u0022,\u0020GNFBAAAA
		SccLocalPath4 = C:\\Data\\Projects\\Argix08\\Argix08.Services\\Argix08.RateWareService
		SccProvider4 = MSSCCI:Microsoft\u0020Visual\u0020SourceSafe
		SccProjectEnlistmentChoice4 = 2
		SccProjectUniqueName5 = Argix08.Bus\\Argix08.Finance\\Argix08.Finance.csproj
		SccProjectName5 = \u0022$/Argix08/Argix08.Bus/Argix08.Finance\u0022,\u0020IUUAAAAA
		SccLocalPath5 = Argix08.Bus\\Argix08.Finance
		SccProvider5 = MSSCCI:Microsoft\u0020Visual\u0020SourceSafe
		SccProjectUniqueName6 = Argix08.Bus\\Argix08.Enterprise\\Argix08.Enterprise.csproj
		SccProjectName6 = \u0022$/Argix08/Argix08.Bus/Argix08.Enterprise\u0022,\u0020FVUAAAAA
		SccLocalPath6 = Argix08.Bus\\Argix08.Enterprise
		SccProvider6 = MSSCCI:Microsoft\u0020Visual\u0020SourceSafe
	EndGlobalSection
	GlobalSection(SolutionConfigurationPlatforms) = preSolution
		Debug|.NET = Debug|.NET
		Debug|Any CPU = Debug|Any CPU
		Debug|Mixed Platforms = Debug|Mixed Platforms
		DebugLocal|.NET = DebugLocal|.NET
		DebugLocal|Any CPU = DebugLocal|Any CPU
		DebugLocal|Mixed Platforms = DebugLocal|Mixed Platforms
		Production|.NET = Production|.NET
		Production|Any CPU = Production|Any CPU
		Production|Mixed Platforms = Production|Mixed Platforms
		Release|.NET = Release|.NET
		Release|Any CPU = Release|Any CPU
		Release|Mixed Platforms = Release|Mixed Platforms
	EndGlobalSection
	GlobalSection(ProjectConfigurationPlatforms) = postSolution
		{3D54AAEF-26D8-41C8-B181-8C1EE5142C0A}.Debug|.NET.ActiveCfg = Debug|.NET
		{3D54AAEF-26D8-41C8-B181-8C1EE5142C0A}.Debug|.NET.Build.0 = Debug|.NET
		{3D54AAEF-26D8-41C8-B181-8C1EE5142C0A}.Debug|Any CPU.ActiveCfg = Debug|.NET
		{3D54AAEF-26D8-41C8-B181-8C1EE5142C0A}.Debug|Mixed Platforms.ActiveCfg = Debug|.NET
		{3D54AAEF-26D8-41C8-B181-8C1EE5142C0A}.Debug|Mixed Platforms.Build.0 = Debug|.NET
		{3D54AAEF-26D8-41C8-B181-8C1EE5142C0A}.DebugLocal|.NET.ActiveCfg = Debug|.NET
		{3D54AAEF-26D8-41C8-B181-8C1EE5142C0A}.DebugLocal|.NET.Build.0 = Debug|.NET
		{3D54AAEF-26D8-41C8-B181-8C1EE5142C0A}.DebugLocal|Any CPU.ActiveCfg = Debug|.NET
		{3D54AAEF-26D8-41C8-B181-8C1EE5142C0A}.DebugLocal|Mixed Platforms.ActiveCfg = Debug|.NET
		{3D54AAEF-26D8-41C8-B181-8C1EE5142C0A}.DebugLocal|Mixed Platforms.Build.0 = Debug|.NET
		{3D54AAEF-26D8-41C8-B181-8C1EE5142C0A}.Production|.NET.ActiveCfg = Debug|.NET
		{3D54AAEF-26D8-41C8-B181-8C1EE5142C0A}.Production|.NET.Build.0 = Debug|.NET
		{3D54AAEF-26D8-41C8-B181-8C1EE5142C0A}.Production|Any CPU.ActiveCfg = Debug|.NET
		{3D54AAEF-26D8-41C8-B181-8C1EE5142C0A}.Production|Mixed Platforms.ActiveCfg = Debug|.NET
		{3D54AAEF-26D8-41C8-B181-8C1EE5142C0A}.Production|Mixed Platforms.Build.0 = Debug|.NET
		{3D54AAEF-26D8-41C8-B181-8C1EE5142C0A}.Release|.NET.ActiveCfg = Debug|.NET
		{3D54AAEF-26D8-41C8-B181-8C1EE5142C0A}.Release|.NET.Build.0 = Debug|.NET
		{3D54AAEF-26D8-41C8-B181-8C1EE5142C0A}.Release|Any CPU.ActiveCfg = Debug|.NET
		{3D54AAEF-26D8-41C8-B181-8C1EE5142C0A}.Release|Mixed Platforms.ActiveCfg = Debug|.NET
		{3D54AAEF-26D8-41C8-B181-8C1EE5142C0A}.Release|Mixed Platforms.Build.0 = Debug|.NET
		{4E2A6180-0329-4131-A2D2-4500D89D0730}.Debug|.NET.ActiveCfg = Debug|Any CPU
		{4E2A6180-0329-4131-A2D2-4500D89D0730}.Debug|Any CPU.ActiveCfg = Debug|Any CPU
		{4E2A6180-0329-4131-A2D2-4500D89D0730}.Debug|Any CPU.Build.0 = Debug|Any CPU
		{4E2A6180-0329-4131-A2D2-4500D89D0730}.Debug|Mixed Platforms.ActiveCfg = Debug|Any CPU
		{4E2A6180-0329-4131-A2D2-4500D89D0730}.Debug|Mixed Platforms.Build.0 = Debug|Any CPU
		{4E2A6180-0329-4131-A2D2-4500D89D0730}.DebugLocal|.NET.ActiveCfg = Debug|Any CPU
		{4E2A6180-0329-4131-A2D2-4500D89D0730}.DebugLocal|Any CPU.ActiveCfg = Debug|Any CPU
		{4E2A6180-0329-4131-A2D2-4500D89D0730}.DebugLocal|Any CPU.Build.0 = Debug|Any CPU
		{4E2A6180-0329-4131-A2D2-4500D89D0730}.DebugLocal|Mixed Platforms.ActiveCfg = Debug|Any CPU
		{4E2A6180-0329-4131-A2D2-4500D89D0730}.DebugLocal|Mixed Platforms.Build.0 = Debug|Any CPU
		{4E2A6180-0329-4131-A2D2-4500D89D0730}.Production|.NET.ActiveCfg = Release|Any CPU
		{4E2A6180-0329-4131-A2D2-4500D89D0730}.Production|Any CPU.ActiveCfg = Release|Any CPU
		{4E2A6180-0329-4131-A2D2-4500D89D0730}.Production|Any CPU.Build.0 = Release|Any CPU
		{4E2A6180-0329-4131-A2D2-4500D89D0730}.Production|Mixed Platforms.ActiveCfg = Release|Any CPU
		{4E2A6180-0329-4131-A2D2-4500D89D0730}.Production|Mixed Platforms.Build.0 = Release|Any CPU
		{4E2A6180-0329-4131-A2D2-4500D89D0730}.Release|.NET.ActiveCfg = Release|Any CPU
		{4E2A6180-0329-4131-A2D2-4500D89D0730}.Release|Any CPU.ActiveCfg = Release|Any CPU
		{4E2A6180-0329-4131-A2D2-4500D89D0730}.Release|Any CPU.Build.0 = Release|Any CPU
		{4E2A6180-0329-4131-A2D2-4500D89D0730}.Release|Mixed Platforms.ActiveCfg = Release|Any CPU
		{4E2A6180-0329-4131-A2D2-4500D89D0730}.Release|Mixed Platforms.Build.0 = Release|Any CPU
		{59F837C2-E9A2-4217-8691-1430B3522D16}.Debug|.NET.ActiveCfg = Debug|Any CPU
		{59F837C2-E9A2-4217-8691-1430B3522D16}.Debug|Any CPU.ActiveCfg = Debug|Any CPU
		{59F837C2-E9A2-4217-8691-1430B3522D16}.Debug|Any CPU.Build.0 = Debug|Any CPU
		{59F837C2-E9A2-4217-8691-1430B3522D16}.Debug|Mixed Platforms.ActiveCfg = Debug|Any CPU
		{59F837C2-E9A2-4217-8691-1430B3522D16}.Debug|Mixed Platforms.Build.0 = Debug|Any CPU
		{59F837C2-E9A2-4217-8691-1430B3522D16}.DebugLocal|.NET.ActiveCfg = Debug|Any CPU
		{59F837C2-E9A2-4217-8691-1430B3522D16}.DebugLocal|Any CPU.ActiveCfg = Debug|Any CPU
		{59F837C2-E9A2-4217-8691-1430B3522D16}.DebugLocal|Any CPU.Build.0 = Debug|Any CPU
		{59F837C2-E9A2-4217-8691-1430B3522D16}.DebugLocal|Mixed Platforms.ActiveCfg = Debug|Any CPU
		{59F837C2-E9A2-4217-8691-1430B3522D16}.DebugLocal|Mixed Platforms.Build.0 = Debug|Any CPU
		{59F837C2-E9A2-4217-8691-1430B3522D16}.Production|.NET.ActiveCfg = Release|Any CPU
		{59F837C2-E9A2-4217-8691-1430B3522D16}.Production|Any CPU.ActiveCfg = Release|Any CPU
		{59F837C2-E9A2-4217-8691-1430B3522D16}.Production|Any CPU.Build.0 = Release|Any CPU
		{59F837C2-E9A2-4217-8691-1430B3522D16}.Production|Mixed Platforms.ActiveCfg = Release|Any CPU
		{59F837C2-E9A2-4217-8691-1430B3522D16}.Production|Mixed Platforms.Build.0 = Release|Any CPU
		{59F837C2-E9A2-4217-8691-1430B3522D16}.Release|.NET.ActiveCfg = Release|Any CPU
		{59F837C2-E9A2-4217-8691-1430B3522D16}.Release|Any CPU.ActiveCfg = Release|Any CPU
		{59F837C2-E9A2-4217-8691-1430B3522D16}.Release|Any CPU.Build.0 = Release|Any CPU
		{59F837C2-E9A2-4217-8691-1430B3522D16}.Release|Mixed Platforms.ActiveCfg = Release|Any CPU
		{59F837C2-E9A2-4217-8691-1430B3522D16}.Release|Mixed Platforms.Build.0 = Release|Any CPU
		{AB825BED-6E9D-49DA-849A-AC3EEC3E709D}.Debug|.NET.ActiveCfg = Debug|Any CPU
		{AB825BED-6E9D-49DA-849A-AC3EEC3E709D}.Debug|Any CPU.ActiveCfg = Debug|Any CPU
		{AB825BED-6E9D-49DA-849A-AC3EEC3E709D}.Debug|Any CPU.Build.0 = Debug|Any CPU
		{AB825BED-6E9D-49DA-849A-AC3EEC3E709D}.Debug|Mixed Platforms.ActiveCfg = Debug|Any CPU
		{AB825BED-6E9D-49DA-849A-AC3EEC3E709D}.Debug|Mixed Platforms.Build.0 = Debug|Any CPU
		{AB825BED-6E9D-49DA-849A-AC3EEC3E709D}.DebugLocal|.NET.ActiveCfg = Debug|Any CPU
		{AB825BED-6E9D-49DA-849A-AC3EEC3E709D}.DebugLocal|Any CPU.ActiveCfg = Debug|Any CPU
		{AB825BED-6E9D-49DA-849A-AC3EEC3E709D}.DebugLocal|Any CPU.Build.0 = Debug|Any CPU
		{AB825BED-6E9D-49DA-849A-AC3EEC3E709D}.DebugLocal|Mixed Platforms.ActiveCfg = Debug|Any CPU
		{AB825BED-6E9D-49DA-849A-AC3EEC3E709D}.DebugLocal|Mixed Platforms.Build.0 = Debug|Any CPU
		{AB825BED-6E9D-49DA-849A-AC3EEC3E709D}.Production|.NET.ActiveCfg = Release|Any CPU
		{AB825BED-6E9D-49DA-849A-AC3EEC3E709D}.Production|Any CPU.ActiveCfg = Release|Any CPU
		{AB825BED-6E9D-49DA-849A-AC3EEC3E709D}.Production|Any CPU.Build.0 = Release|Any CPU
		{AB825BED-6E9D-49DA-849A-AC3EEC3E709D}.Production|Mixed Platforms.ActiveCfg = Release|Any CPU
		{AB825BED-6E9D-49DA-849A-AC3EEC3E709D}.Production|Mixed Platforms.Build.0 = Release|Any CPU
		{AB825BED-6E9D-49DA-849A-AC3EEC3E709D}.Release|.NET.ActiveCfg = Release|Any CPU
		{AB825BED-6E9D-49DA-849A-AC3EEC3E709D}.Release|Any CPU.ActiveCfg = Release|Any CPU
		{AB825BED-6E9D-49DA-849A-AC3EEC3E709D}.Release|Any CPU.Build.0 = Release|Any CPU
		{AB825BED-6E9D-49DA-849A-AC3EEC3E709D}.Release|Mixed Platforms.ActiveCfg = Release|Any CPU
		{AB825BED-6E9D-49DA-849A-AC3EEC3E709D}.Release|Mixed Platforms.Build.0 = Release|Any CPU
		{C868B8D5-6355-4BE8-BD90-3285AF54E9C1}.Debug|.NET.ActiveCfg = Debug|Any CPU
		{C868B8D5-6355-4BE8-BD90-3285AF54E9C1}.Debug|Any CPU.ActiveCfg = Debug|Any CPU
		{C868B8D5-6355-4BE8-BD90-3285AF54E9C1}.Debug|Any CPU.Build.0 = Debug|Any CPU
		{C868B8D5-6355-4BE8-BD90-3285AF54E9C1}.Debug|Mixed Platforms.ActiveCfg = Debug|Any CPU
		{C868B8D5-6355-4BE8-BD90-3285AF54E9C1}.Debug|Mixed Platforms.Build.0 = Debug|Any CPU
		{C868B8D5-6355-4BE8-BD90-3285AF54E9C1}.DebugLocal|.NET.ActiveCfg = Debug|Any CPU
		{C868B8D5-6355-4BE8-BD90-3285AF54E9C1}.DebugLocal|Any CPU.ActiveCfg = Debug|Any CPU
		{C868B8D5-6355-4BE8-BD90-3285AF54E9C1}.DebugLocal|Any CPU.Build.0 = Debug|Any CPU
		{C868B8D5-6355-4BE8-BD90-3285AF54E9C1}.DebugLocal|Mixed Platforms.ActiveCfg = Debug|Any CPU
		{C868B8D5-6355-4BE8-BD90-3285AF54E9C1}.DebugLocal|Mixed Platforms.Build.0 = Debug|Any CPU
		{C868B8D5-6355-4BE8-BD90-3285AF54E9C1}.Production|.NET.ActiveCfg = Release|Any CPU
		{C868B8D5-6355-4BE8-BD90-3285AF54E9C1}.Production|Any CPU.ActiveCfg = Release|Any CPU
		{C868B8D5-6355-4BE8-BD90-3285AF54E9C1}.Production|Any CPU.Build.0 = Release|Any CPU
		{C868B8D5-6355-4BE8-BD90-3285AF54E9C1}.Production|Mixed Platforms.ActiveCfg = Release|Any CPU
		{C868B8D5-6355-4BE8-BD90-3285AF54E9C1}.Production|Mixed Platforms.Build.0 = Release|Any CPU
		{C868B8D5-6355-4BE8-BD90-3285AF54E9C1}.Release|.NET.ActiveCfg = Release|Any CPU
		{C868B8D5-6355-4BE8-BD90-3285AF54E9C1}.Release|Any CPU.ActiveCfg = Release|Any CPU
		{C868B8D5-6355-4BE8-BD90-3285AF54E9C1}.Release|Any CPU.Build.0 = Release|Any CPU
		{C868B8D5-6355-4BE8-BD90-3285AF54E9C1}.Release|Mixed Platforms.ActiveCfg = Release|Any CPU
		{C868B8D5-6355-4BE8-BD90-3285AF54E9C1}.Release|Mixed Platforms.Build.0 = Release|Any CPU
		{D1426447-CAE7-4DCE-BC67-2DB0DE5303E7}.Debug|.NET.ActiveCfg = Debug|Any CPU
		{D1426447-CAE7-4DCE-BC67-2DB0DE5303E7}.Debug|Any CPU.ActiveCfg = Debug|Any CPU
		{D1426447-CAE7-4DCE-BC67-2DB0DE5303E7}.Debug|Any CPU.Build.0 = Debug|Any CPU
		{D1426447-CAE7-4DCE-BC67-2DB0DE5303E7}.Debug|Mixed Platforms.ActiveCfg = Debug|Any CPU
		{D1426447-CAE7-4DCE-BC67-2DB0DE5303E7}.Debug|Mixed Platforms.Build.0 = Debug|Any CPU
		{D1426447-CAE7-4DCE-BC67-2DB0DE5303E7}.DebugLocal|.NET.ActiveCfg = Debug|Any CPU
		{D1426447-CAE7-4DCE-BC67-2DB0DE5303E7}.DebugLocal|Any CPU.ActiveCfg = Debug|Any CPU
		{D1426447-CAE7-4DCE-BC67-2DB0DE5303E7}.DebugLocal|Any CPU.Build.0 = Debug|Any CPU
		{D1426447-CAE7-4DCE-BC67-2DB0DE5303E7}.DebugLocal|Mixed Platforms.ActiveCfg = Debug|Any CPU
		{D1426447-CAE7-4DCE-BC67-2DB0DE5303E7}.DebugLocal|Mixed Platforms.Build.0 = Debug|Any CPU
		{D1426447-CAE7-4DCE-BC67-2DB0DE5303E7}.Production|.NET.ActiveCfg = Release|Any CPU
		{D1426447-CAE7-4DCE-BC67-2DB0DE5303E7}.Production|Any CPU.ActiveCfg = Release|Any CPU
		{D1426447-CAE7-4DCE-BC67-2DB0DE5303E7}.Production|Any CPU.Build.0 = Release|Any CPU
		{D1426447-CAE7-4DCE-BC67-2DB0DE5303E7}.Production|Mixed Platforms.ActiveCfg = Release|Any CPU
		{D1426447-CAE7-4DCE-BC67-2DB0DE5303E7}.Production|Mixed Platforms.Build.0 = Release|Any CPU
		{D1426447-CAE7-4DCE-BC67-2DB0DE5303E7}.Release|.NET.ActiveCfg = Release|Any CPU
		{D1426447-CAE7-4DCE-BC67-2DB0DE5303E7}.Release|Any CPU.ActiveCfg = Release|Any CPU
		{D1426447-CAE7-4DCE-BC67-2DB0DE5303E7}.Release|Any CPU.Build.0 = Release|Any CPU
		{D1426447-CAE7-4DCE-BC67-2DB0DE5303E7}.Release|Mixed Platforms.ActiveCfg = Release|Any CPU
		{D1426447-CAE7-4DCE-BC67-2DB0DE5303E7}.Release|Mixed Platforms.Build.0 = Release|Any CPU
		{E4F149D7-D31E-4776-9A05-4C9A7CBCF9B8}.Debug|.NET.ActiveCfg = Debug|.NET
		{E4F149D7-D31E-4776-9A05-4C9A7CBCF9B8}.Debug|.NET.Build.0 = Debug|.NET
		{E4F149D7-D31E-4776-9A05-4C9A7CBCF9B8}.Debug|Any CPU.ActiveCfg = Debug|.NET
		{E4F149D7-D31E-4776-9A05-4C9A7CBCF9B8}.Debug|Mixed Platforms.ActiveCfg = Debug|.NET
		{E4F149D7-D31E-4776-9A05-4C9A7CBCF9B8}.Debug|Mixed Platforms.Build.0 = Debug|.NET
		{E4F149D7-D31E-4776-9A05-4C9A7CBCF9B8}.DebugLocal|.NET.ActiveCfg = Debug|.NET
		{E4F149D7-D31E-4776-9A05-4C9A7CBCF9B8}.DebugLocal|.NET.Build.0 = Debug|.NET
		{E4F149D7-D31E-4776-9A05-4C9A7CBCF9B8}.DebugLocal|Any CPU.ActiveCfg = Debug|.NET
		{E4F149D7-D31E-4776-9A05-4C9A7CBCF9B8}.DebugLocal|Mixed Platforms.ActiveCfg = Debug|.NET
		{E4F149D7-D31E-4776-9A05-4C9A7CBCF9B8}.DebugLocal|Mixed Platforms.Build.0 = Debug|.NET
		{E4F149D7-D31E-4776-9A05-4C9A7CBCF9B8}.Production|.NET.ActiveCfg = Debug|.NET
		{E4F149D7-D31E-4776-9A05-4C9A7CBCF9B8}.Production|.NET.Build.0 = Debug|.NET
		{E4F149D7-D31E-4776-9A05-4C9A7CBCF9B8}.Production|Any CPU.ActiveCfg = Debug|.NET
		{E4F149D7-D31E-4776-9A05-4C9A7CBCF9B8}.Production|Mixed Platforms.ActiveCfg = Debug|.NET
		{E4F149D7-D31E-4776-9A05-4C9A7CBCF9B8}.Production|Mixed Platforms.Build.0 = Debug|.NET
		{E4F149D7-D31E-4776-9A05-4C9A7CBCF9B8}.Release|.NET.ActiveCfg = Debug|.NET
		{E4F149D7-D31E-4776-9A05-4C9A7CBCF9B8}.Release|.NET.Build.0 = Debug|.NET
		{E4F149D7-D31E-4776-9A05-4C9A7CBCF9B8}.Release|Any CPU.ActiveCfg = Debug|.NET
		{E4F149D7-D31E-4776-9A05-4C9A7CBCF9B8}.Release|Mixed Platforms.ActiveCfg = Debug|.NET
		{E4F149D7-D31E-4776-9A05-4C9A7CBCF9B8}.Release|Mixed Platforms.Build.0 = Debug|.NET
	EndGlobalSection
	GlobalSection(SolutionProperties) = preSolution
		HideSolutionNode = FALSE
	EndGlobalSection
EndGlobal
