
Microsoft Visual Studio Solution File, Format Version 10.00
# Visual Studio 2008
Project("{FAE04EC0-301F-11D3-BF4B-00C04F79EFBC}") = "Argix08.Subscriptions.Win", "Argix08.Subscriptions.Win\Argix08.Subscriptions.Win.csproj", "{0C26C383-A3BD-4E6F-8FDC-32A431F9E886}"
EndProject
Global
	GlobalSection(SolutionConfigurationPlatforms) = preSolution
		Debug|Any CPU = Debug|Any CPU
		Release|Any CPU = Release|Any CPU
	EndGlobalSection
	GlobalSection(ProjectConfigurationPlatforms) = postSolution
		{0C26C383-A3BD-4E6F-8FDC-32A431F9E886}.Debug|Any CPU.ActiveCfg = Debug|Any CPU
		{0C26C383-A3BD-4E6F-8FDC-32A431F9E886}.Debug|Any CPU.Build.0 = Debug|Any CPU
		{0C26C383-A3BD-4E6F-8FDC-32A431F9E886}.Release|Any CPU.ActiveCfg = Release|Any CPU
		{0C26C383-A3BD-4E6F-8FDC-32A431F9E886}.Release|Any CPU.Build.0 = Release|Any CPU
	EndGlobalSection
	GlobalSection(SolutionProperties) = preSolution
		HideSolutionNode = FALSE
	EndGlobalSection
EndGlobal
